
Microsoft Visual Studio Solution File, Format Version 12.00
# Visual Studio Version 17
VisualStudioVersion = 17.0.31903.59
MinimumVisualStudioVersion = 10.0.40219.1
Project("{FAE04EC0-301F-11D3-BF4B-00C04F79EFBC}") = "Etch.Abstractions", "src\Etch.Abstractions\Etch.Abstractions.csproj", "{A1B2C3D4-E5F6-7890-ABCD-EF1234567890}"
EndProject
Project("{FAE04EC0-301F-11D3-BF4B-00C04F79EFBC}") = "Etch.Abstractions.Tests", "tests\Etch.Abstractions.Tests\Etch.Abstractions.Tests.csproj", "{B2C3D4E5-F678-90AB-CDEF-123456789012}"
EndProject
Project("{2150E333-8FDC-42A3-9474-1A3956D46DE8}") = "tests", "tests", "{0AB3BF05-4346-4AA6-1389-037BE0695223}"
EndProject
Project("{FAE04EC0-301F-11D3-BF4B-00C04F79EFBC}") = "Etch.Analyzers.Tests", "tests\Etch.Analyzers.Tests\Etch.Analyzers.Tests.csproj", "{58DB8BF7-812B-4EC9-AA55-BE53293D9435}"
EndProject
Project("{2150E333-8FDC-42A3-9474-1A3956D46DE8}") = "src-gen", "src-gen", "{A2DE1C62-6800-1912-8FF3-058E1AB76B91}"
EndProject
Project("{FAE04EC0-301F-11D3-BF4B-00C04F79EFBC}") = "Etch.Analyzers", "src-gen\Etch.Analyzers\Etch.Analyzers.csproj", "{BFD93F52-3359-47CB-B465-90CA318E6F18}"
EndProject
Project("{2150E333-8FDC-42A3-9474-1A3956D46DE8}") = "src", "src", "{827E0CD3-B72D-47B6-A68D-7590B98EB39B}"
EndProject
Project("{FAE04EC0-301F-11D3-BF4B-00C04F79EFBC}") = "Etch.Sourcegen.Logging", "src-gen\Etch.Sourcegen.Logging\Etch.Sourcegen.Logging.csproj", "{B0F05C32-079E-7F95-E847-FBE8B87A166E}"
EndProject
Project("{FAE04EC0-301F-11D3-BF4B-00C04F79EFBC}") = "Etch.Sourcegen.Tests", "tests\Etch.Sourcegen.Tests\Etch.Sourcegen.Tests.csproj", "{E2F3A4B5-C6D8-4901-A234-B5C6D7E8F0A2}"
EndProject
Project("{FAE04EC0-301F-11D3-BF4B-00C04F79EFBC}") = "Etch.Primitives", "src\Etch.Primitives\Etch.Primitives.csproj", "{C599A975-EFE2-46A1-8E7A-86B4488A10EE}"
EndProject
Project("{FAE04EC0-301F-11D3-BF4B-00C04F79EFBC}") = "Etch.Geometry", "src\Etch.Geometry\Etch.Geometry.csproj", "{EB624F51-C414-4977-91AC-0B73A6E0AC26}"
EndProject
Project("{FAE04EC0-301F-11D3-BF4B-00C04F79EFBC}") = "Etch.Geometry.Tests", "tests\Etch.Geometry.Tests\Etch.Geometry.Tests.csproj", "{C28ADF49-FC27-49B1-AA57-323521BBC758}"
EndProject
Project("{FAE04EC0-301F-11D3-BF4B-00C04F79EFBC}") = "Etch.Geometry.Differential", "tests\Etch.Geometry.Differential\Etch.Geometry.Differential.csproj", "{3D7D67F8-B145-42ED-B981-7DE39CE68F6C}"
EndProject
Project("{FAE04EC0-301F-11D3-BF4B-00C04F79EFBC}") = "Etch.Geometry.Oracle", "tests\Etch.Geometry.Oracle\Etch.Geometry.Oracle.csproj", "{AB3F4B3A-3209-4F91-91A0-15247740176C}"
EndProject
Project("{FAE04EC0-301F-11D3-BF4B-00C04F79EFBC}") = "Etch.Shaders", "src\Etch.Shaders\Etch.Shaders.csproj", "{F43CB205-EBC3-4212-9EA6-94D932FDA9CB}"
EndProject
Project("{FAE04EC0-301F-11D3-BF4B-00C04F79EFBC}") = "Etch.Shader.Generator", "src-gen\Etch.Shader.Generator\Etch.Shader.Generator.csproj", "{5C661D1F-E352-4B0A-B0F0-B1FDEB8E676B}"
EndProject
Project("{FAE04EC0-301F-11D3-BF4B-00C04F79EFBC}") = "Etch.Shaders.Tests", "tests\Etch.Shaders.Tests\Etch.Shaders.Tests.csproj", "{E52F5941-6BE6-451F-8334-5DC18425F592}"
EndProject
Project("{FAE04EC0-301F-11D3-BF4B-00C04F79EFBC}") = "Etch.Gpu", "src\Etch.Gpu\Etch.Gpu.csproj", "{DD912C70-F7B7-4F23-A5FE-4E75A5E16732}"
EndProject
Project("{FAE04EC0-301F-11D3-BF4B-00C04F79EFBC}") = "Etch.Gpu.Native", "src\Etch.Gpu.Native\Etch.Gpu.Native.csproj", "{9FA466D6-AFB0-442A-AD4D-D11452CAEB35}"
EndProject
Project("{FAE04EC0-301F-11D3-BF4B-00C04F79EFBC}") = "Etch.Raster.Cpu", "src\Etch.Raster.Cpu\Etch.Raster.Cpu.csproj", "{5B6669DE-EED3-489F-8547-89D4BEEE5911}"
EndProject
Project("{FAE04EC0-301F-11D3-BF4B-00C04F79EFBC}") = "Etch.Raster.Cpu.Tests", "tests\Etch.Raster.Cpu.Tests\Etch.Raster.Cpu.Tests.csproj", "{B4034F19-0ADA-4498-BDB9-141760B90E86}"
EndProject
Project("{FAE04EC0-301F-11D3-BF4B-00C04F79EFBC}") = "Etch.Testing.Tests", "tests\Etch.Testing.Tests\Etch.Testing.Tests.csproj", "{B1924E23-CBF0-420E-B900-F85CDB033BB7}"
EndProject
Project("{FAE04EC0-301F-11D3-BF4B-00C04F79EFBC}") = "Etch.Testing", "src\Etch.Testing\Etch.Testing.csproj", "{2067F054-3127-4B4E-81D0-7970197759BB}"
EndProject
Project("{FAE04EC0-301F-11D3-BF4B-00C04F79EFBC}") = "Etch.Scene", "src\Etch.Scene\Etch.Scene.csproj", "{B6085F06-22B9-41C4-B688-C7F32BDFD54C}"
EndProject
Project("{FAE04EC0-301F-11D3-BF4B-00C04F79EFBC}") = "Etch.Tiling", "src\Etch.Tiling\Etch.Tiling.csproj", "{754FA0FC-FC23-420F-9428-1C6EF4192382}"
EndProject
Project("{FAE04EC0-301F-11D3-BF4B-00C04F79EFBC}") = "Etch.Gpu.Compositor", "src\Etch.Gpu.Compositor\Etch.Gpu.Compositor.csproj", "{B628D80B-668C-4DD7-8877-5AFBA13AECE8}"
EndProject
Project("{FAE04EC0-301F-11D3-BF4B-00C04F79EFBC}") = "Etch.Effects", "src\Etch.Effects\Etch.Effects.csproj", "{BE2B5381-8A07-4BCC-83AD-1402834093DC}"
EndProject
Project("{2150E333-8FDC-42A3-9474-1A3956D46DE8}") = "tools", "tools", "{07C2787E-EAC7-C090-1BA3-A61EC2A24D84}"
EndProject
Project("{2150E333-8FDC-42A3-9474-1A3956D46DE8}") = "etch-ci", "etch-ci", "{D6B81CD8-0532-5B14-2E42-539A02FCA640}"
EndProject
Project("{FAE04EC0-301F-11D3-BF4B-00C04F79EFBC}") = "Etch.Ci", "tools\etch-ci\Etch.Ci.csproj", "{2FFF5691-8E8F-4C8A-B2EB-D54DEB8BF6BE}"
EndProject
Project("{2150E333-8FDC-42A3-9474-1A3956D46DE8}") = "etch-flake-detector", "etch-flake-detector", "{3B46649D-B19F-5978-574B-B10EB273E7DA}"
EndProject
Project("{FAE04EC0-301F-11D3-BF4B-00C04F79EFBC}") = "Etch.FlakeDetector", "tools\etch-flake-detector\Etch.FlakeDetector.csproj", "{787DD035-A8AB-424E-9FF2-CADF3EE763F2}"
EndProject
Project("{FAE04EC0-301F-11D3-BF4B-00C04F79EFBC}") = "Etch.ClipBlendGradient.Tests", "tests\Etch.ClipBlendGradient.Tests\Etch.ClipBlendGradient.Tests.csproj", "{DBABB44B-BC6D-444C-8E27-152BCCF499A6}"
EndProject
Project("{FAE04EC0-301F-11D3-BF4B-00C04F79EFBC}") = "Etch.ClipBlendGradient", "src\Etch.ClipBlendGradient\Etch.ClipBlendGradient.csproj", "{91708DD1-840A-42BA-972D-5206CF60F08D}"
EndProject
Project("{FAE04EC0-301F-11D3-BF4B-00C04F79EFBC}") = "Etch.PixelParity.Tests", "tests\Etch.PixelParity.Tests\Etch.PixelParity.Tests.csproj", "{DB198DC3-BEB8-48CC-8369-21055F70FE0F}"
EndProject
Project("{FAE04EC0-301F-11D3-BF4B-00C04F79EFBC}") = "Etch.Tiling.Tests", "tests\Etch.Tiling.Tests\Etch.Tiling.Tests.csproj", "{DDC3A301-17D3-4EE1-A264-27DE17823C28}"
EndProject
Project("{FAE04EC0-301F-11D3-BF4B-00C04F79EFBC}") = "Etch.Correctness.Tests", "tests\Etch.Correctness.Tests\Etch.Correctness.Tests.csproj", "{20F17580-E5A6-45C0-8CD2-73E0ED88F37A}"
EndProject
Project("{FAE04EC0-301F-11D3-BF4B-00C04F79EFBC}") = "Etch.SkiaRef", "src\Etch.SkiaRef\Etch.SkiaRef.csproj", "{884E3049-084D-4A1F-AFDE-9162BDB1810D}"
EndProject
Project("{2150E333-8FDC-42A3-9474-1A3956D46DE8}") = "svg-translator", "svg-translator", "{726A192F-BB96-8068-A17B-9AFEAC715481}"
EndProject
Project("{FAE04EC0-301F-11D3-BF4B-00C04F79EFBC}") = "Etch.SvgTranslator", "tools\svg-translator\Etch.SvgTranslator.csproj", "{37204607-1F73-44EB-B7EC-21C3C8BC548F}"
EndProject
Project("{FAE04EC0-301F-11D3-BF4B-00C04F79EFBC}") = "Etch.Strokes", "src\Etch.Strokes\Etch.Strokes.csproj", "{E3A8DB0D-1BCA-41A3-A088-E3512C418E51}"
EndProject
Global
	GlobalSection(SolutionConfigurationPlatforms) = preSolution
		Debug|Any CPU = Debug|Any CPU
		Debug|x64 = Debug|x64
		Debug|x86 = Debug|x86
		Release|Any CPU = Release|Any CPU
		Release|x64 = Release|x64
		Release|x86 = Release|x86
	EndGlobalSection
	GlobalSection(ProjectConfigurationPlatforms) = postSolution
		{A1B2C3D4-E5F6-7890-ABCD-EF1234567890}.Debug|Any CPU.ActiveCfg = Debug|Any CPU
		{A1B2C3D4-E5F6-7890-ABCD-EF1234567890}.Debug|Any CPU.Build.0 = Debug|Any CPU
		{A1B2C3D4-E5F6-7890-ABCD-EF1234567890}.Debug|x64.ActiveCfg = Debug|Any CPU
		{A1B2C3D4-E5F6-7890-ABCD-EF1234567890}.Debug|x64.Build.0 = Debug|Any CPU
		{A1B2C3D4-E5F6-7890-ABCD-EF1234567890}.Debug|x86.ActiveCfg = Debug|Any CPU
		{A1B2C3D4-E5F6-7890-ABCD-EF1234567890}.Debug|x86.Build.0 = Debug|Any CPU
		{A1B2C3D4-E5F6-7890-ABCD-EF1234567890}.Release|Any CPU.ActiveCfg = Release|Any CPU
		{A1B2C3D4-E5F6-7890-ABCD-EF1234567890}.Release|Any CPU.Build.0 = Release|Any CPU
		{A1B2C3D4-E5F6-7890-ABCD-EF1234567890}.Release|x64.ActiveCfg = Release|Any CPU
		{A1B2C3D4-E5F6-7890-ABCD-EF1234567890}.Release|x64.Build.0 = Release|Any CPU
		{A1B2C3D4-E5F6-7890-ABCD-EF1234567890}.Release|x86.ActiveCfg = Release|Any CPU
		{A1B2C3D4-E5F6-7890-ABCD-EF1234567890}.Release|x86.Build.0 = Release|Any CPU
		{B2C3D4E5-F678-90AB-CDEF-123456789012}.Debug|Any CPU.ActiveCfg = Debug|Any CPU
		{B2C3D4E5-F678-90AB-CDEF-123456789012}.Debug|Any CPU.Build.0 = Debug|Any CPU
		{B2C3D4E5-F678-90AB-CDEF-123456789012}.Debug|x64.ActiveCfg = Debug|Any CPU
		{B2C3D4E5-F678-90AB-CDEF-123456789012}.Debug|x64.Build.0 = Debug|Any CPU
		{B2C3D4E5-F678-90AB-CDEF-123456789012}.Debug|x86.ActiveCfg = Debug|Any CPU
		{B2C3D4E5-F678-90AB-CDEF-123456789012}.Debug|x86.Build.0 = Debug|Any CPU
		{B2C3D4E5-F678-90AB-CDEF-123456789012}.Release|Any CPU.ActiveCfg = Release|Any CPU
		{B2C3D4E5-F678-90AB-CDEF-123456789012}.Release|Any CPU.Build.0 = Release|Any CPU
		{B2C3D4E5-F678-90AB-CDEF-123456789012}.Release|x64.ActiveCfg = Release|Any CPU
		{B2C3D4E5-F678-90AB-CDEF-123456789012}.Release|x64.Build.0 = Release|Any CPU
		{B2C3D4E5-F678-90AB-CDEF-123456789012}.Release|x86.ActiveCfg = Release|Any CPU
		{B2C3D4E5-F678-90AB-CDEF-123456789012}.Release|x86.Build.0 = Release|Any CPU
		{58DB8BF7-812B-4EC9-AA55-BE53293D9435}.Debug|Any CPU.ActiveCfg = Debug|Any CPU
		{58DB8BF7-812B-4EC9-AA55-BE53293D9435}.Debug|Any CPU.Build.0 = Debug|Any CPU
		{58DB8BF7-812B-4EC9-AA55-BE53293D9435}.Debug|x64.ActiveCfg = Debug|Any CPU
		{58DB8BF7-812B-4EC9-AA55-BE53293D9435}.Debug|x64.Build.0 = Debug|Any CPU
		{58DB8BF7-812B-4EC9-AA55-BE53293D9435}.Debug|x86.ActiveCfg = Debug|Any CPU
		{58DB8BF7-812B-4EC9-AA55-BE53293D9435}.Debug|x86.Build.0 = Debug|Any CPU
		{58DB8BF7-812B-4EC9-AA55-BE53293D9435}.Release|Any CPU.ActiveCfg = Release|Any CPU
		{58DB8BF7-812B-4EC9-AA55-BE53293D9435}.Release|Any CPU.Build.0 = Release|Any CPU
		{58DB8BF7-812B-4EC9-AA55-BE53293D9435}.Release|x64.ActiveCfg = Release|Any CPU
		{58DB8BF7-812B-4EC9-AA55-BE53293D9435}.Release|x64.Build.0 = Release|Any CPU
		{58DB8BF7-812B-4EC9-AA55-BE53293D9435}.Release|x86.ActiveCfg = Release|Any CPU
		{58DB8BF7-812B-4EC9-AA55-BE53293D9435}.Release|x86.Build.0 = Release|Any CPU
		{BFD93F52-3359-47CB-B465-90CA318E6F18}.Debug|Any CPU.ActiveCfg = Debug|Any CPU
		{BFD93F52-3359-47CB-B465-90CA318E6F18}.Debug|Any CPU.Build.0 = Debug|Any CPU
		{BFD93F52-3359-47CB-B465-90CA318E6F18}.Debug|x64.ActiveCfg = Debug|Any CPU
		{BFD93F52-3359-47CB-B465-90CA318E6F18}.Debug|x64.Build.0 = Debug|Any CPU
		{BFD93F52-3359-47CB-B465-90CA318E6F18}.Debug|x86.ActiveCfg = Debug|Any CPU
		{BFD93F52-3359-47CB-B465-90CA318E6F18}.Debug|x86.Build.0 = Debug|Any CPU
		{BFD93F52-3359-47CB-B465-90CA318E6F18}.Release|Any CPU.ActiveCfg = Release|Any CPU
		{BFD93F52-3359-47CB-B465-90CA318E6F18}.Release|Any CPU.Build.0 = Release|Any CPU
		{BFD93F52-3359-47CB-B465-90CA318E6F18}.Release|x64.ActiveCfg = Release|Any CPU
		{BFD93F52-3359-47CB-B465-90CA318E6F18}.Release|x64.Build.0 = Release|Any CPU
		{BFD93F52-3359-47CB-B465-90CA318E6F18}.Release|x86.ActiveCfg = Release|Any CPU
		{BFD93F52-3359-47CB-B465-90CA318E6F18}.Release|x86.Build.0 = Release|Any CPU
		{B0F05C32-079E-7F95-E847-FBE8B87A166E}.Debug|Any CPU.ActiveCfg = Debug|Any CPU
		{B0F05C32-079E-7F95-E847-FBE8B87A166E}.Debug|Any CPU.Build.0 = Debug|Any CPU
		{B0F05C32-079E-7F95-E847-FBE8B87A166E}.Debug|x64.ActiveCfg = Debug|Any CPU
		{B0F05C32-079E-7F95-E847-FBE8B87A166E}.Debug|x64.Build.0 = Debug|Any CPU
		{B0F05C32-079E-7F95-E847-FBE8B87A166E}.Debug|x86.ActiveCfg = Debug|Any CPU
		{B0F05C32-079E-7F95-E847-FBE8B87A166E}.Debug|x86.Build.0 = Debug|Any CPU
		{B0F05C32-079E-7F95-E847-FBE8B87A166E}.Release|Any CPU.ActiveCfg = Release|Any CPU
		{B0F05C32-079E-7F95-E847-FBE8B87A166E}.Release|Any CPU.Build.0 = Release|Any CPU
		{B0F05C32-079E-7F95-E847-FBE8B87A166E}.Release|x64.ActiveCfg = Release|Any CPU
		{B0F05C32-079E-7F95-E847-FBE8B87A166E}.Release|x64.Build.0 = Release|Any CPU
		{B0F05C32-079E-7F95-E847-FBE8B87A166E}.Release|x86.ActiveCfg = Release|Any CPU
		{B0F05C32-079E-7F95-E847-FBE8B87A166E}.Release|x86.Build.0 = Release|Any CPU
		{E2F3A4B5-C6D8-4901-A234-B5C6D7E8F0A2}.Debug|Any CPU.ActiveCfg = Debug|Any CPU
		{E2F3A4B5-C6D8-4901-A234-B5C6D7E8F0A2}.Debug|Any CPU.Build.0 = Debug|Any CPU
		{E2F3A4B5-C6D8-4901-A234-B5C6D7E8F0A2}.Debug|x64.ActiveCfg = Debug|Any CPU
		{E2F3A4B5-C6D8-4901-A234-B5C6D7E8F0A2}.Debug|x64.Build.0 = Debug|Any CPU
		{E2F3A4B5-C6D8-4901-A234-B5C6D7E8F0A2}.Debug|x86.ActiveCfg = Debug|Any CPU
		{E2F3A4B5-C6D8-4901-A234-B5C6D7E8F0A2}.Debug|x86.Build.0 = Debug|Any CPU
		{E2F3A4B5-C6D8-4901-A234-B5C6D7E8F0A2}.Release|Any CPU.ActiveCfg = Release|Any CPU
		{E2F3A4B5-C6D8-4901-A234-B5C6D7E8F0A2}.Release|Any CPU.Build.0 = Release|Any CPU
		{E2F3A4B5-C6D8-4901-A234-B5C6D7E8F0A2}.Release|x64.ActiveCfg = Release|Any CPU
		{E2F3A4B5-C6D8-4901-A234-B5C6D7E8F0A2}.Release|x64.Build.0 = Release|Any CPU
		{E2F3A4B5-C6D8-4901-A234-B5C6D7E8F0A2}.Release|x86.ActiveCfg = Release|Any CPU
		{E2F3A4B5-C6D8-4901-A234-B5C6D7E8F0A2}.Release|x86.Build.0 = Release|Any CPU
		{C599A975-EFE2-46A1-8E7A-86B4488A10EE}.Debug|Any CPU.ActiveCfg = Debug|Any CPU
		{C599A975-EFE2-46A1-8E7A-86B4488A10EE}.Debug|Any CPU.Build.0 = Debug|Any CPU
		{C599A975-EFE2-46A1-8E7A-86B4488A10EE}.Debug|x64.ActiveCfg = Debug|Any CPU
		{C599A975-EFE2-46A1-8E7A-86B4488A10EE}.Debug|x64.Build.0 = Debug|Any CPU
		{C599A975-EFE2-46A1-8E7A-86B4488A10EE}.Debug|x86.ActiveCfg = Debug|Any CPU
		{C599A975-EFE2-46A1-8E7A-86B4488A10EE}.Debug|x86.Build.0 = Debug|Any CPU
		{C599A975-EFE2-46A1-8E7A-86B4488A10EE}.Release|Any CPU.ActiveCfg = Release|Any CPU
		{C599A975-EFE2-46A1-8E7A-86B4488A10EE}.Release|Any CPU.Build.0 = Release|Any CPU
		{C599A975-EFE2-46A1-8E7A-86B4488A10EE}.Release|x64.ActiveCfg = Release|Any CPU
		{C599A975-EFE2-46A1-8E7A-86B4488A10EE}.Release|x64.Build.0 = Release|Any CPU
		{C599A975-EFE2-46A1-8E7A-86B4488A10EE}.Release|x86.ActiveCfg = Release|Any CPU
		{C599A975-EFE2-46A1-8E7A-86B4488A10EE}.Release|x86.Build.0 = Release|Any CPU
		{EB624F51-C414-4977-91AC-0B73A6E0AC26}.Debug|Any CPU.ActiveCfg = Debug|Any CPU
		{EB624F51-C414-4977-91AC-0B73A6E0AC26}.Debug|Any CPU.Build.0 = Debug|Any CPU
		{EB624F51-C414-4977-91AC-0B73A6E0AC26}.Debug|x64.ActiveCfg = Debug|Any CPU
		{EB624F51-C414-4977-91AC-0B73A6E0AC26}.Debug|x64.Build.0 = Debug|Any CPU
		{EB624F51-C414-4977-91AC-0B73A6E0AC26}.Debug|x86.ActiveCfg = Debug|Any CPU
		{EB624F51-C414-4977-91AC-0B73A6E0AC26}.Debug|x86.Build.0 = Debug|Any CPU
		{EB624F51-C414-4977-91AC-0B73A6E0AC26}.Release|Any CPU.ActiveCfg = Release|Any CPU
		{EB624F51-C414-4977-91AC-0B73A6E0AC26}.Release|Any CPU.Build.0 = Release|Any CPU
		{EB624F51-C414-4977-91AC-0B73A6E0AC26}.Release|x64.ActiveCfg = Release|Any CPU
		{EB624F51-C414-4977-91AC-0B73A6E0AC26}.Release|x64.Build.0 = Release|Any CPU
		{EB624F51-C414-4977-91AC-0B73A6E0AC26}.Release|x86.ActiveCfg = Release|Any CPU
		{EB624F51-C414-4977-91AC-0B73A6E0AC26}.Release|x86.Build.0 = Release|Any CPU
		{C28ADF49-FC27-49B1-AA57-323521BBC758}.Debug|Any CPU.ActiveCfg = Debug|Any CPU
		{C28ADF49-FC27-49B1-AA57-323521BBC758}.Debug|Any CPU.Build.0 = Debug|Any CPU
		{C28ADF49-FC27-49B1-AA57-323521BBC758}.Debug|x64.ActiveCfg = Debug|Any CPU
		{C28ADF49-FC27-49B1-AA57-323521BBC758}.Debug|x64.Build.0 = Debug|Any CPU
		{C28ADF49-FC27-49B1-AA57-323521BBC758}.Debug|x86.ActiveCfg = Debug|Any CPU
		{C28ADF49-FC27-49B1-AA57-323521BBC758}.Debug|x86.Build.0 = Debug|Any CPU
		{C28ADF49-FC27-49B1-AA57-323521BBC758}.Release|Any CPU.ActiveCfg = Release|Any CPU
		{C28ADF49-FC27-49B1-AA57-323521BBC758}.Release|Any CPU.Build.0 = Release|Any CPU
		{C28ADF49-FC27-49B1-AA57-323521BBC758}.Release|x64.ActiveCfg = Release|Any CPU
		{C28ADF49-FC27-49B1-AA57-323521BBC758}.Release|x64.Build.0 = Release|Any CPU
		{C28ADF49-FC27-49B1-AA57-323521BBC758}.Release|x86.ActiveCfg = Release|Any CPU
		{C28ADF49-FC27-49B1-AA57-323521BBC758}.Release|x86.Build.0 = Release|Any CPU
		{3D7D67F8-B145-42ED-B981-7DE39CE68F6C}.Debug|Any CPU.ActiveCfg = Debug|Any CPU
		{3D7D67F8-B145-42ED-B981-7DE39CE68F6C}.Debug|Any CPU.Build.0 = Debug|Any CPU
		{3D7D67F8-B145-42ED-B981-7DE39CE68F6C}.Debug|x64.ActiveCfg = Debug|Any CPU
		{3D7D67F8-B145-42ED-B981-7DE39CE68F6C}.Debug|x64.Build.0 = Debug|Any CPU
		{3D7D67F8-B145-42ED-B981-7DE39CE68F6C}.Debug|x86.ActiveCfg = Debug|Any CPU
		{3D7D67F8-B145-42ED-B981-7DE39CE68F6C}.Debug|x86.Build.0 = Debug|Any CPU
		{3D7D67F8-B145-42ED-B981-7DE39CE68F6C}.Release|Any CPU.ActiveCfg = Release|Any CPU
		{3D7D67F8-B145-42ED-B981-7DE39CE68F6C}.Release|Any CPU.Build.0 = Release|Any CPU
		{3D7D67F8-B145-42ED-B981-7DE39CE68F6C}.Release|x64.ActiveCfg = Release|Any CPU
		{3D7D67F8-B145-42ED-B981-7DE39CE68F6C}.Release|x64.Build.0 = Release|Any CPU
		{3D7D67F8-B145-42ED-B981-7DE39CE68F6C}.Release|x86.ActiveCfg = Release|Any CPU
		{3D7D67F8-B145-42ED-B981-7DE39CE68F6C}.Release|x86.Build.0 = Release|Any CPU
		{AB3F4B3A-3209-4F91-91A0-15247740176C}.Debug|Any CPU.ActiveCfg = Debug|Any CPU
		{AB3F4B3A-3209-4F91-91A0-15247740176C}.Debug|Any CPU.Build.0 = Debug|Any CPU
		{AB3F4B3A-3209-4F91-91A0-15247740176C}.Debug|x64.ActiveCfg = Debug|Any CPU
		{AB3F4B3A-3209-4F91-91A0-15247740176C}.Debug|x64.Build.0 = Debug|Any CPU
		{AB3F4B3A-3209-4F91-91A0-15247740176C}.Debug|x86.ActiveCfg = Debug|Any CPU
		{AB3F4B3A-3209-4F91-91A0-15247740176C}.Debug|x86.Build.0 = Debug|Any CPU
		{AB3F4B3A-3209-4F91-91A0-15247740176C}.Release|Any CPU.ActiveCfg = Release|Any CPU
		{AB3F4B3A-3209-4F91-91A0-15247740176C}.Release|Any CPU.Build.0 = Release|Any CPU
		{AB3F4B3A-3209-4F91-91A0-15247740176C}.Release|x64.ActiveCfg = Release|Any CPU
		{AB3F4B3A-3209-4F91-91A0-15247740176C}.Release|x64.Build.0 = Release|Any CPU
		{AB3F4B3A-3209-4F91-91A0-15247740176C}.Release|x86.ActiveCfg = Release|Any CPU
		{AB3F4B3A-3209-4F91-91A0-15247740176C}.Release|x86.Build.0 = Release|Any CPU
		{F43CB205-EBC3-4212-9EA6-94D932FDA9CB}.Debug|Any CPU.ActiveCfg = Debug|Any CPU
		{F43CB205-EBC3-4212-9EA6-94D932FDA9CB}.Debug|Any CPU.Build.0 = Debug|Any CPU
		{F43CB205-EBC3-4212-9EA6-94D932FDA9CB}.Debug|x64.ActiveCfg = Debug|Any CPU
		{F43CB205-EBC3-4212-9EA6-94D932FDA9CB}.Debug|x64.Build.0 = Debug|Any CPU
		{F43CB205-EBC3-4212-9EA6-94D932FDA9CB}.Debug|x86.ActiveCfg = Debug|Any CPU
		{F43CB205-EBC3-4212-9EA6-94D932FDA9CB}.Debug|x86.Build.0 = Debug|Any CPU
		{F43CB205-EBC3-4212-9EA6-94D932FDA9CB}.Release|Any CPU.ActiveCfg = Release|Any CPU
		{F43CB205-EBC3-4212-9EA6-94D932FDA9CB}.Release|Any CPU.Build.0 = Release|Any CPU
		{F43CB205-EBC3-4212-9EA6-94D932FDA9CB}.Release|x64.ActiveCfg = Release|Any CPU
		{F43CB205-EBC3-4212-9EA6-94D932FDA9CB}.Release|x64.Build.0 = Release|Any CPU
		{F43CB205-EBC3-4212-9EA6-94D932FDA9CB}.Release|x86.ActiveCfg = Release|Any CPU
		{F43CB205-EBC3-4212-9EA6-94D932FDA9CB}.Release|x86.Build.0 = Release|Any CPU
		{5C661D1F-E352-4B0A-B0F0-B1FDEB8E676B}.Debug|Any CPU.ActiveCfg = Debug|Any CPU
		{5C661D1F-E352-4B0A-B0F0-B1FDEB8E676B}.Debug|Any CPU.Build.0 = Debug|Any CPU
		{5C661D1F-E352-4B0A-B0F0-B1FDEB8E676B}.Debug|x64.ActiveCfg = Debug|Any CPU
		{5C661D1F-E352-4B0A-B0F0-B1FDEB8E676B}.Debug|x64.Build.0 = Debug|Any CPU
		{5C661D1F-E352-4B0A-B0F0-B1FDEB8E676B}.Debug|x86.ActiveCfg = Debug|Any CPU
		{5C661D1F-E352-4B0A-B0F0-B1FDEB8E676B}.Debug|x86.Build.0 = Debug|Any CPU
		{5C661D1F-E352-4B0A-B0F0-B1FDEB8E676B}.Release|Any CPU.ActiveCfg = Release|Any CPU
		{5C661D1F-E352-4B0A-B0F0-B1FDEB8E676B}.Release|Any CPU.Build.0 = Release|Any CPU
		{5C661D1F-E352-4B0A-B0F0-B1FDEB8E676B}.Release|x64.ActiveCfg = Release|Any CPU
		{5C661D1F-E352-4B0A-B0F0-B1FDEB8E676B}.Release|x64.Build.0 = Release|Any CPU
		{5C661D1F-E352-4B0A-B0F0-B1FDEB8E676B}.Release|x86.ActiveCfg = Release|Any CPU
		{5C661D1F-E352-4B0A-B0F0-B1FDEB8E676B}.Release|x86.Build.0 = Release|Any CPU
		{E52F5941-6BE6-451F-8334-5DC18425F592}.Debug|Any CPU.ActiveCfg = Debug|Any CPU
		{E52F5941-6BE6-451F-8334-5DC18425F592}.Debug|Any CPU.Build.0 = Debug|Any CPU
		{E52F5941-6BE6-451F-8334-5DC18425F592}.Debug|x64.ActiveCfg = Debug|Any CPU
		{E52F5941-6BE6-451F-8334-5DC18425F592}.Debug|x64.Build.0 = Debug|Any CPU
		{E52F5941-6BE6-451F-8334-5DC18425F592}.Debug|x86.ActiveCfg = Debug|Any CPU
		{E52F5941-6BE6-451F-8334-5DC18425F592}.Debug|x86.Build.0 = Debug|Any CPU
		{E52F5941-6BE6-451F-8334-5DC18425F592}.Release|Any CPU.ActiveCfg = Release|Any CPU
		{E52F5941-6BE6-451F-8334-5DC18425F592}.Release|Any CPU.Build.0 = Release|Any CPU
		{E52F5941-6BE6-451F-8334-5DC18425F592}.Release|x64.ActiveCfg = Release|Any CPU
		{E52F5941-6BE6-451F-8334-5DC18425F592}.Release|x64.Build.0 = Release|Any CPU
		{E52F5941-6BE6-451F-8334-5DC18425F592}.Release|x86.ActiveCfg = Release|Any CPU
		{E52F5941-6BE6-451F-8334-5DC18425F592}.Release|x86.Build.0 = Release|Any CPU
		{DD912C70-F7B7-4F23-A5FE-4E75A5E16732}.Debug|Any CPU.ActiveCfg = Debug|Any CPU
		{DD912C70-F7B7-4F23-A5FE-4E75A5E16732}.Debug|Any CPU.Build.0 = Debug|Any CPU
		{DD912C70-F7B7-4F23-A5FE-4E75A5E16732}.Debug|x64.ActiveCfg = Debug|Any CPU
		{DD912C70-F7B7-4F23-A5FE-4E75A5E16732}.Debug|x64.Build.0 = Debug|Any CPU
		{DD912C70-F7B7-4F23-A5FE-4E75A5E16732}.Debug|x86.ActiveCfg = Debug|Any CPU
		{DD912C70-F7B7-4F23-A5FE-4E75A5E16732}.Debug|x86.Build.0 = Debug|Any CPU
		{DD912C70-F7B7-4F23-A5FE-4E75A5E16732}.Release|Any CPU.ActiveCfg = Release|Any CPU
		{DD912C70-F7B7-4F23-A5FE-4E75A5E16732}.Release|Any CPU.Build.0 = Release|Any CPU
		{DD912C70-F7B7-4F23-A5FE-4E75A5E16732}.Release|x64.ActiveCfg = Release|Any CPU
		{DD912C70-F7B7-4F23-A5FE-4E75A5E16732}.Release|x64.Build.0 = Release|Any CPU
		{DD912C70-F7B7-4F23-A5FE-4E75A5E16732}.Release|x86.ActiveCfg = Release|Any CPU
		{DD912C70-F7B7-4F23-A5FE-4E75A5E16732}.Release|x86.Build.0 = Release|Any CPU
		{9FA466D6-AFB0-442A-AD4D-D11452CAEB35}.Debug|Any CPU.ActiveCfg = Debug|Any CPU
		{9FA466D6-AFB0-442A-AD4D-D11452CAEB35}.Debug|Any CPU.Build.0 = Debug|Any CPU
		{9FA466D6-AFB0-442A-AD4D-D11452CAEB35}.Debug|x64.ActiveCfg = Debug|Any CPU
		{9FA466D6-AFB0-442A-AD4D-D11452CAEB35}.Debug|x64.Build.0 = Debug|Any CPU
		{9FA466D6-AFB0-442A-AD4D-D11452CAEB35}.Debug|x86.ActiveCfg = Debug|Any CPU
		{9FA466D6-AFB0-442A-AD4D-D11452CAEB35}.Debug|x86.Build.0 = Debug|Any CPU
		{9FA466D6-AFB0-442A-AD4D-D11452CAEB35}.Release|Any CPU.ActiveCfg = Release|Any CPU
		{9FA466D6-AFB0-442A-AD4D-D11452CAEB35}.Release|Any CPU.Build.0 = Release|Any CPU
		{9FA466D6-AFB0-442A-AD4D-D11452CAEB35}.Release|x64.ActiveCfg = Release|Any CPU
		{9FA466D6-AFB0-442A-AD4D-D11452CAEB35}.Release|x64.Build.0 = Release|Any CPU
		{9FA466D6-AFB0-442A-AD4D-D11452CAEB35}.Release|x86.ActiveCfg = Release|Any CPU
		{9FA466D6-AFB0-442A-AD4D-D11452CAEB35}.Release|x86.Build.0 = Release|Any CPU
		{5B6669DE-EED3-489F-8547-89D4BEEE5911}.Debug|Any CPU.ActiveCfg = Debug|Any CPU
		{5B6669DE-EED3-489F-8547-89D4BEEE5911}.Debug|Any CPU.Build.0 = Debug|Any CPU
		{5B6669DE-EED3-489F-8547-89D4BEEE5911}.Debug|x64.ActiveCfg = Debug|Any CPU
		{5B6669DE-EED3-489F-8547-89D4BEEE5911}.Debug|x64.Build.0 = Debug|Any CPU
		{5B6669DE-EED3-489F-8547-89D4BEEE5911}.Debug|x86.ActiveCfg = Debug|Any CPU
		{5B6669DE-EED3-489F-8547-89D4BEEE5911}.Debug|x86.Build.0 = Debug|Any CPU
		{5B6669DE-EED3-489F-8547-89D4BEEE5911}.Release|Any CPU.ActiveCfg = Release|Any CPU
		{5B6669DE-EED3-489F-8547-89D4BEEE5911}.Release|Any CPU.Build.0 = Release|Any CPU
		{5B6669DE-EED3-489F-8547-89D4BEEE5911}.Release|x64.ActiveCfg = Release|Any CPU
		{5B6669DE-EED3-489F-8547-89D4BEEE5911}.Release|x64.Build.0 = Release|Any CPU
		{5B6669DE-EED3-489F-8547-89D4BEEE5911}.Release|x86.ActiveCfg = Release|Any CPU
		{5B6669DE-EED3-489F-8547-89D4BEEE5911}.Release|x86.Build.0 = Release|Any CPU
		{B4034F19-0ADA-4498-BDB9-141760B90E86}.Debug|Any CPU.ActiveCfg = Debug|Any CPU
		{B4034F19-0ADA-4498-BDB9-141760B90E86}.Debug|Any CPU.Build.0 = Debug|Any CPU
		{B4034F19-0ADA-4498-BDB9-141760B90E86}.Debug|x64.ActiveCfg = Debug|Any CPU
		{B4034F19-0ADA-4498-BDB9-141760B90E86}.Debug|x64.Build.0 = Debug|Any CPU
		{B4034F19-0ADA-4498-BDB9-141760B90E86}.Debug|x86.ActiveCfg = Debug|Any CPU
		{B4034F19-0ADA-4498-BDB9-141760B90E86}.Debug|x86.Build.0 = Debug|Any CPU
		{B4034F19-0ADA-4498-BDB9-141760B90E86}.Release|Any CPU.ActiveCfg = Release|Any CPU
		{B4034F19-0ADA-4498-BDB9-141760B90E86}.Release|Any CPU.Build.0 = Release|Any CPU
		{B4034F19-0ADA-4498-BDB9-141760B90E86}.Release|x64.ActiveCfg = Release|Any CPU
		{B4034F19-0ADA-4498-BDB9-141760B90E86}.Release|x64.Build.0 = Release|Any CPU
		{B4034F19-0ADA-4498-BDB9-141760B90E86}.Release|x86.ActiveCfg = Release|Any CPU
		{B4034F19-0ADA-4498-BDB9-141760B90E86}.Release|x86.Build.0 = Release|Any CPU
		{B1924E23-CBF0-420E-B900-F85CDB033BB7}.Debug|Any CPU.ActiveCfg = Debug|Any CPU
		{B1924E23-CBF0-420E-B900-F85CDB033BB7}.Debug|Any CPU.Build.0 = Debug|Any CPU
		{B1924E23-CBF0-420E-B900-F85CDB033BB7}.Debug|x64.ActiveCfg = Debug|Any CPU
		{B1924E23-CBF0-420E-B900-F85CDB033BB7}.Debug|x64.Build.0 = Debug|Any CPU
		{B1924E23-CBF0-420E-B900-F85CDB033BB7}.Debug|x86.ActiveCfg = Debug|Any CPU
		{B1924E23-CBF0-420E-B900-F85CDB033BB7}.Debug|x86.Build.0 = Debug|Any CPU
		{B1924E23-CBF0-420E-B900-F85CDB033BB7}.Release|Any CPU.ActiveCfg = Release|Any CPU
		{B1924E23-CBF0-420E-B900-F85CDB033BB7}.Release|Any CPU.Build.0 = Release|Any CPU
		{B1924E23-CBF0-420E-B900-F85CDB033BB7}.Release|x64.ActiveCfg = Release|Any CPU
		{B1924E23-CBF0-420E-B900-F85CDB033BB7}.Release|x64.Build.0 = Release|Any CPU
		{B1924E23-CBF0-420E-B900-F85CDB033BB7}.Release|x86.ActiveCfg = Release|Any CPU
		{B1924E23-CBF0-420E-B900-F85CDB033BB7}.Release|x86.Build.0 = Release|Any CPU
		{2067F054-3127-4B4E-81D0-7970197759BB}.Debug|Any CPU.ActiveCfg = Debug|Any CPU
		{2067F054-3127-4B4E-81D0-7970197759BB}.Debug|Any CPU.Build.0 = Debug|Any CPU
		{2067F054-3127-4B4E-81D0-7970197759BB}.Debug|x64.ActiveCfg = Debug|Any CPU
		{2067F054-3127-4B4E-81D0-7970197759BB}.Debug|x64.Build.0 = Debug|Any CPU
		{2067F054-3127-4B4E-81D0-7970197759BB}.Debug|x86.ActiveCfg = Debug|Any CPU
		{2067F054-3127-4B4E-81D0-7970197759BB}.Debug|x86.Build.0 = Debug|Any CPU
		{2067F054-3127-4B4E-81D0-7970197759BB}.Release|Any CPU.ActiveCfg = Release|Any CPU
		{2067F054-3127-4B4E-81D0-7970197759BB}.Release|Any CPU.Build.0 = Release|Any CPU
		{2067F054-3127-4B4E-81D0-7970197759BB}.Release|x64.ActiveCfg = Release|Any CPU
		{2067F054-3127-4B4E-81D0-7970197759BB}.Release|x64.Build.0 = Release|Any CPU
		{2067F054-3127-4B4E-81D0-7970197759BB}.Release|x86.ActiveCfg = Release|Any CPU
		{2067F054-3127-4B4E-81D0-7970197759BB}.Release|x86.Build.0 = Release|Any CPU
		{B6085F06-22B9-41C4-B688-C7F32BDFD54C}.Debug|Any CPU.ActiveCfg = Debug|Any CPU
		{B6085F06-22B9-41C4-B688-C7F32BDFD54C}.Debug|Any CPU.Build.0 = Debug|Any CPU
		{B6085F06-22B9-41C4-B688-C7F32BDFD54C}.Debug|x64.ActiveCfg = Debug|Any CPU
		{B6085F06-22B9-41C4-B688-C7F32BDFD54C}.Debug|x64.Build.0 = Debug|Any CPU
		{B6085F06-22B9-41C4-B688-C7F32BDFD54C}.Debug|x86.ActiveCfg = Debug|Any CPU
		{B6085F06-22B9-41C4-B688-C7F32BDFD54C}.Debug|x86.Build.0 = Debug|Any CPU
		{B6085F06-22B9-41C4-B688-C7F32BDFD54C}.Release|Any CPU.ActiveCfg = Release|Any CPU
		{B6085F06-22B9-41C4-B688-C7F32BDFD54C}.Release|Any CPU.Build.0 = Release|Any CPU
		{B6085F06-22B9-41C4-B688-C7F32BDFD54C}.Release|x64.ActiveCfg = Release|Any CPU
		{B6085F06-22B9-41C4-B688-C7F32BDFD54C}.Release|x64.Build.0 = Release|Any CPU
		{B6085F06-22B9-41C4-B688-C7F32BDFD54C}.Release|x86.ActiveCfg = Release|Any CPU
		{B6085F06-22B9-41C4-B688-C7F32BDFD54C}.Release|x86.Build.0 = Release|Any CPU
		{754FA0FC-FC23-420F-9428-1C6EF4192382}.Debug|Any CPU.ActiveCfg = Debug|Any CPU
		{754FA0FC-FC23-420F-9428-1C6EF4192382}.Debug|Any CPU.Build.0 = Debug|Any CPU
		{754FA0FC-FC23-420F-9428-1C6EF4192382}.Debug|x64.ActiveCfg = Debug|Any CPU
		{754FA0FC-FC23-420F-9428-1C6EF4192382}.Debug|x64.Build.0 = Debug|Any CPU
		{754FA0FC-FC23-420F-9428-1C6EF4192382}.Debug|x86.ActiveCfg = Debug|Any CPU
		{754FA0FC-FC23-420F-9428-1C6EF4192382}.Debug|x86.Build.0 = Debug|Any CPU
		{754FA0FC-FC23-420F-9428-1C6EF4192382}.Release|Any CPU.ActiveCfg = Release|Any CPU
		{754FA0FC-FC23-420F-9428-1C6EF4192382}.Release|Any CPU.Build.0 = Release|Any CPU
		{754FA0FC-FC23-420F-9428-1C6EF4192382}.Release|x64.ActiveCfg = Release|Any CPU
		{754FA0FC-FC23-420F-9428-1C6EF4192382}.Release|x64.Build.0 = Release|Any CPU
		{754FA0FC-FC23-420F-9428-1C6EF4192382}.Release|x86.ActiveCfg = Release|Any CPU
		{754FA0FC-FC23-420F-9428-1C6EF4192382}.Release|x86.Build.0 = Release|Any CPU
		{B628D80B-668C-4DD7-8877-5AFBA13AECE8}.Debug|Any CPU.ActiveCfg = Debug|Any CPU
		{B628D80B-668C-4DD7-8877-5AFBA13AECE8}.Debug|Any CPU.Build.0 = Debug|Any CPU
		{B628D80B-668C-4DD7-8877-5AFBA13AECE8}.Debug|x64.ActiveCfg = Debug|Any CPU
		{B628D80B-668C-4DD7-8877-5AFBA13AECE8}.Debug|x64.Build.0 = Debug|Any CPU
		{B628D80B-668C-4DD7-8877-5AFBA13AECE8}.Debug|x86.ActiveCfg = Debug|Any CPU
		{B628D80B-668C-4DD7-8877-5AFBA13AECE8}.Debug|x86.Build.0 = Debug|Any CPU
		{B628D80B-668C-4DD7-8877-5AFBA13AECE8}.Release|Any CPU.ActiveCfg = Release|Any CPU
		{B628D80B-668C-4DD7-8877-5AFBA13AECE8}.Release|Any CPU.Build.0 = Release|Any CPU
		{B628D80B-668C-4DD7-8877-5AFBA13AECE8}.Release|x64.ActiveCfg = Release|Any CPU
		{B628D80B-668C-4DD7-8877-5AFBA13AECE8}.Release|x64.Build.0 = Release|Any CPU
		{B628D80B-668C-4DD7-8877-5AFBA13AECE8}.Release|x86.ActiveCfg = Release|Any CPU
		{B628D80B-668C-4DD7-8877-5AFBA13AECE8}.Release|x86.Build.0 = Release|Any CPU
		{BE2B5381-8A07-4BCC-83AD-1402834093DC}.Debug|Any CPU.ActiveCfg = Debug|Any CPU
		{BE2B5381-8A07-4BCC-83AD-1402834093DC}.Debug|Any CPU.Build.0 = Debug|Any CPU
		{BE2B5381-8A07-4BCC-83AD-1402834093DC}.Debug|x64.ActiveCfg = Debug|Any CPU
		{BE2B5381-8A07-4BCC-83AD-1402834093DC}.Debug|x64.Build.0 = Debug|Any CPU
		{BE2B5381-8A07-4BCC-83AD-1402834093DC}.Debug|x86.ActiveCfg = Debug|Any CPU
		{BE2B5381-8A07-4BCC-83AD-1402834093DC}.Debug|x86.Build.0 = Debug|Any CPU
		{BE2B5381-8A07-4BCC-83AD-1402834093DC}.Release|Any CPU.ActiveCfg = Release|Any CPU
		{BE2B5381-8A07-4BCC-83AD-1402834093DC}.Release|Any CPU.Build.0 = Release|Any CPU
		{BE2B5381-8A07-4BCC-83AD-1402834093DC}.Release|x64.ActiveCfg = Release|Any CPU
		{BE2B5381-8A07-4BCC-83AD-1402834093DC}.Release|x64.Build.0 = Release|Any CPU
		{BE2B5381-8A07-4BCC-83AD-1402834093DC}.Release|x86.ActiveCfg = Release|Any CPU
		{BE2B5381-8A07-4BCC-83AD-1402834093DC}.Release|x86.Build.0 = Release|Any CPU
		{2FFF5691-8E8F-4C8A-B2EB-D54DEB8BF6BE}.Debug|Any CPU.ActiveCfg = Debug|Any CPU
		{2FFF5691-8E8F-4C8A-B2EB-D54DEB8BF6BE}.Debug|Any CPU.Build.0 = Debug|Any CPU
		{2FFF5691-8E8F-4C8A-B2EB-D54DEB8BF6BE}.Debug|x64.ActiveCfg = Debug|Any CPU
		{2FFF5691-8E8F-4C8A-B2EB-D54DEB8BF6BE}.Debug|x64.Build.0 = Debug|Any CPU
		{2FFF5691-8E8F-4C8A-B2EB-D54DEB8BF6BE}.Debug|x86.ActiveCfg = Debug|Any CPU
		{2FFF5691-8E8F-4C8A-B2EB-D54DEB8BF6BE}.Debug|x86.Build.0 = Debug|Any CPU
		{2FFF5691-8E8F-4C8A-B2EB-D54DEB8BF6BE}.Release|Any CPU.ActiveCfg = Release|Any CPU
		{2FFF5691-8E8F-4C8A-B2EB-D54DEB8BF6BE}.Release|Any CPU.Build.0 = Release|Any CPU
		{2FFF5691-8E8F-4C8A-B2EB-D54DEB8BF6BE}.Release|x64.ActiveCfg = Release|Any CPU
		{2FFF5691-8E8F-4C8A-B2EB-D54DEB8BF6BE}.Release|x64.Build.0 = Release|Any CPU
		{2FFF5691-8E8F-4C8A-B2EB-D54DEB8BF6BE}.Release|x86.ActiveCfg = Release|Any CPU
		{2FFF5691-8E8F-4C8A-B2EB-D54DEB8BF6BE}.Release|x86.Build.0 = Release|Any CPU
		{787DD035-A8AB-424E-9FF2-CADF3EE763F2}.Debug|Any CPU.ActiveCfg = Debug|Any CPU
		{787DD035-A8AB-424E-9FF2-CADF3EE763F2}.Debug|Any CPU.Build.0 = Debug|Any CPU
		{787DD035-A8AB-424E-9FF2-CADF3EE763F2}.Debug|x64.ActiveCfg = Debug|Any CPU
		{787DD035-A8AB-424E-9FF2-CADF3EE763F2}.Debug|x64.Build.0 = Debug|Any CPU
		{787DD035-A8AB-424E-9FF2-CADF3EE763F2}.Debug|x86.ActiveCfg = Debug|Any CPU
		{787DD035-A8AB-424E-9FF2-CADF3EE763F2}.Debug|x86.Build.0 = Debug|Any CPU
		{787DD035-A8AB-424E-9FF2-CADF3EE763F2}.Release|Any CPU.ActiveCfg = Release|Any CPU
		{787DD035-A8AB-424E-9FF2-CADF3EE763F2}.Release|Any CPU.Build.0 = Release|Any CPU
		{787DD035-A8AB-424E-9FF2-CADF3EE763F2}.Release|x64.ActiveCfg = Release|Any CPU
		{787DD035-A8AB-424E-9FF2-CADF3EE763F2}.Release|x64.Build.0 = Release|Any CPU
		{787DD035-A8AB-424E-9FF2-CADF3EE763F2}.Release|x86.ActiveCfg = Release|Any CPU
		{787DD035-A8AB-424E-9FF2-CADF3EE763F2}.Release|x86.Build.0 = Release|Any CPU
		{DBABB44B-BC6D-444C-8E27-152BCCF499A6}.Debug|Any CPU.ActiveCfg = Debug|Any CPU
		{DBABB44B-BC6D-444C-8E27-152BCCF499A6}.Debug|Any CPU.Build.0 = Debug|Any CPU
		{DBABB44B-BC6D-444C-8E27-152BCCF499A6}.Debug|x64.ActiveCfg = Debug|Any CPU
		{DBABB44B-BC6D-444C-8E27-152BCCF499A6}.Debug|x64.Build.0 = Debug|Any CPU
		{DBABB44B-BC6D-444C-8E27-152BCCF499A6}.Debug|x86.ActiveCfg = Debug|Any CPU
		{DBABB44B-BC6D-444C-8E27-152BCCF499A6}.Debug|x86.Build.0 = Debug|Any CPU
		{DBABB44B-BC6D-444C-8E27-152BCCF499A6}.Release|Any CPU.ActiveCfg = Release|Any CPU
		{DBABB44B-BC6D-444C-8E27-152BCCF499A6}.Release|Any CPU.Build.0 = Release|Any CPU
		{DBABB44B-BC6D-444C-8E27-152BCCF499A6}.Release|x64.ActiveCfg = Release|Any CPU
		{DBABB44B-BC6D-444C-8E27-152BCCF499A6}.Release|x64.Build.0 = Release|Any CPU
		{DBABB44B-BC6D-444C-8E27-152BCCF499A6}.Release|x86.ActiveCfg = Release|Any CPU
		{DBABB44B-BC6D-444C-8E27-152BCCF499A6}.Release|x86.Build.0 = Release|Any CPU
		{91708DD1-840A-42BA-972D-5206CF60F08D}.Debug|Any CPU.ActiveCfg = Debug|Any CPU
		{91708DD1-840A-42BA-972D-5206CF60F08D}.Debug|Any CPU.Build.0 = Debug|Any CPU
		{91708DD1-840A-42BA-972D-5206CF60F08D}.Debug|x64.ActiveCfg = Debug|Any CPU
		{91708DD1-840A-42BA-972D-5206CF60F08D}.Debug|x64.Build.0 = Debug|Any CPU
		{91708DD1-840A-42BA-972D-5206CF60F08D}.Debug|x86.ActiveCfg = Debug|Any CPU
		{91708DD1-840A-42BA-972D-5206CF60F08D}.Debug|x86.Build.0 = Debug|Any CPU
		{91708DD1-840A-42BA-972D-5206CF60F08D}.Release|Any CPU.ActiveCfg = Release|Any CPU
		{91708DD1-840A-42BA-972D-5206CF60F08D}.Release|Any CPU.Build.0 = Release|Any CPU
		{91708DD1-840A-42BA-972D-5206CF60F08D}.Release|x64.ActiveCfg = Release|Any CPU
		{91708DD1-840A-42BA-972D-5206CF60F08D}.Release|x64.Build.0 = Release|Any CPU
		{91708DD1-840A-42BA-972D-5206CF60F08D}.Release|x86.ActiveCfg = Release|Any CPU
		{91708DD1-840A-42BA-972D-5206CF60F08D}.Release|x86.Build.0 = Release|Any CPU
		{DB198DC3-BEB8-48CC-8369-21055F70FE0F}.Debug|Any CPU.ActiveCfg = Debug|Any CPU
		{DB198DC3-BEB8-48CC-8369-21055F70FE0F}.Debug|Any CPU.Build.0 = Debug|Any CPU
		{DB198DC3-BEB8-48CC-8369-21055F70FE0F}.Debug|x64.ActiveCfg = Debug|Any CPU
		{DB198DC3-BEB8-48CC-8369-21055F70FE0F}.Debug|x64.Build.0 = Debug|Any CPU
		{DB198DC3-BEB8-48CC-8369-21055F70FE0F}.Debug|x86.ActiveCfg = Debug|Any CPU
		{DB198DC3-BEB8-48CC-8369-21055F70FE0F}.Debug|x86.Build.0 = Debug|Any CPU
		{DB198DC3-BEB8-48CC-8369-21055F70FE0F}.Release|Any CPU.ActiveCfg = Release|Any CPU
		{DB198DC3-BEB8-48CC-8369-21055F70FE0F}.Release|Any CPU.Build.0 = Release|Any CPU
		{DB198DC3-BEB8-48CC-8369-21055F70FE0F}.Release|x64.ActiveCfg = Release|Any CPU
		{DB198DC3-BEB8-48CC-8369-21055F70FE0F}.Release|x64.Build.0 = Release|Any CPU
		{DB198DC3-BEB8-48CC-8369-21055F70FE0F}.Release|x86.ActiveCfg = Release|Any CPU
		{DB198DC3-BEB8-48CC-8369-21055F70FE0F}.Release|x86.Build.0 = Release|Any CPU
		{DDC3A301-17D3-4EE1-A264-27DE17823C28}.Debug|Any CPU.ActiveCfg = Debug|Any CPU
		{DDC3A301-17D3-4EE1-A264-27DE17823C28}.Debug|Any CPU.Build.0 = Debug|Any CPU
		{DDC3A301-17D3-4EE1-A264-27DE17823C28}.Debug|x64.ActiveCfg = Debug|Any CPU
		{DDC3A301-17D3-4EE1-A264-27DE17823C28}.Debug|x64.Build.0 = Debug|Any CPU
		{DDC3A301-17D3-4EE1-A264-27DE17823C28}.Debug|x86.ActiveCfg = Debug|Any CPU
		{DDC3A301-17D3-4EE1-A264-27DE17823C28}.Debug|x86.Build.0 = Debug|Any CPU
		{DDC3A301-17D3-4EE1-A264-27DE17823C28}.Release|Any CPU.ActiveCfg = Release|Any CPU
		{DDC3A301-17D3-4EE1-A264-27DE17823C28}.Release|Any CPU.Build.0 = Release|Any CPU
		{DDC3A301-17D3-4EE1-A264-27DE17823C28}.Release|x64.ActiveCfg = Release|Any CPU
		{DDC3A301-17D3-4EE1-A264-27DE17823C28}.Release|x64.Build.0 = Release|Any CPU
		{DDC3A301-17D3-4EE1-A264-27DE17823C28}.Release|x86.ActiveCfg = Release|Any CPU
		{DDC3A301-17D3-4EE1-A264-27DE17823C28}.Release|x86.Build.0 = Release|Any CPU
		{20F17580-E5A6-45C0-8CD2-73E0ED88F37A}.Debug|Any CPU.ActiveCfg = Debug|Any CPU
		{20F17580-E5A6-45C0-8CD2-73E0ED88F37A}.Debug|Any CPU.Build.0 = Debug|Any CPU
		{20F17580-E5A6-45C0-8CD2-73E0ED88F37A}.Debug|x64.ActiveCfg = Debug|Any CPU
		{20F17580-E5A6-45C0-8CD2-73E0ED88F37A}.Debug|x64.Build.0 = Debug|Any CPU
		{20F17580-E5A6-45C0-8CD2-73E0ED88F37A}.Debug|x86.ActiveCfg = Debug|Any CPU
		{20F17580-E5A6-45C0-8CD2-73E0ED88F37A}.Debug|x86.Build.0 = Debug|Any CPU
		{20F17580-E5A6-45C0-8CD2-73E0ED88F37A}.Release|Any CPU.ActiveCfg = Release|Any CPU
		{20F17580-E5A6-45C0-8CD2-73E0ED88F37A}.Release|Any CPU.Build.0 = Release|Any CPU
		{20F17580-E5A6-45C0-8CD2-73E0ED88F37A}.Release|x64.ActiveCfg = Release|Any CPU
		{20F17580-E5A6-45C0-8CD2-73E0ED88F37A}.Release|x64.Build.0 = Release|Any CPU
		{20F17580-E5A6-45C0-8CD2-73E0ED88F37A}.Release|x86.ActiveCfg = Release|Any CPU
		{20F17580-E5A6-45C0-8CD2-73E0ED88F37A}.Release|x86.Build.0 = Release|Any CPU
		{884E3049-084D-4A1F-AFDE-9162BDB1810D}.Debug|Any CPU.ActiveCfg = Debug|Any CPU
		{884E3049-084D-4A1F-AFDE-9162BDB1810D}.Debug|Any CPU.Build.0 = Debug|Any CPU
		{884E3049-084D-4A1F-AFDE-9162BDB1810D}.Debug|x64.ActiveCfg = Debug|Any CPU
		{884E3049-084D-4A1F-AFDE-9162BDB1810D}.Debug|x64.Build.0 = Debug|Any CPU
		{884E3049-084D-4A1F-AFDE-9162BDB1810D}.Debug|x86.ActiveCfg = Debug|Any CPU
		{884E3049-084D-4A1F-AFDE-9162BDB1810D}.Debug|x86.Build.0 = Debug|Any CPU
		{884E3049-084D-4A1F-AFDE-9162BDB1810D}.Release|Any CPU.ActiveCfg = Release|Any CPU
		{884E3049-084D-4A1F-AFDE-9162BDB1810D}.Release|Any CPU.Build.0 = Release|Any CPU
		{884E3049-084D-4A1F-AFDE-9162BDB1810D}.Release|x64.ActiveCfg = Release|Any CPU
		{884E3049-084D-4A1F-AFDE-9162BDB1810D}.Release|x64.Build.0 = Release|Any CPU
		{884E3049-084D-4A1F-AFDE-9162BDB1810D}.Release|x86.ActiveCfg = Release|Any CPU
		{884E3049-084D-4A1F-AFDE-9162BDB1810D}.Release|x86.Build.0 = Release|Any CPU
		{37204607-1F73-44EB-B7EC-21C3C8BC548F}.Debug|Any CPU.ActiveCfg = Debug|Any CPU
		{37204607-1F73-44EB-B7EC-21C3C8BC548F}.Debug|Any CPU.Build.0 = Debug|Any CPU
		{37204607-1F73-44EB-B7EC-21C3C8BC548F}.Debug|x64.ActiveCfg = Debug|Any CPU
		{37204607-1F73-44EB-B7EC-21C3C8BC548F}.Debug|x64.Build.0 = Debug|Any CPU
		{37204607-1F73-44EB-B7EC-21C3C8BC548F}.Debug|x86.ActiveCfg = Debug|Any CPU
		{37204607-1F73-44EB-B7EC-21C3C8BC548F}.Debug|x86.Build.0 = Debug|Any CPU
		{37204607-1F73-44EB-B7EC-21C3C8BC548F}.Release|Any CPU.ActiveCfg = Release|Any CPU
		{37204607-1F73-44EB-B7EC-21C3C8BC548F}.Release|Any CPU.Build.0 = Release|Any CPU
		{37204607-1F73-44EB-B7EC-21C3C8BC548F}.Release|x64.ActiveCfg = Release|Any CPU
		{37204607-1F73-44EB-B7EC-21C3C8BC548F}.Release|x64.Build.0 = Release|Any CPU
		{37204607-1F73-44EB-B7EC-21C3C8BC548F}.Release|x86.ActiveCfg = Release|Any CPU
		{37204607-1F73-44EB-B7EC-21C3C8BC548F}.Release|x86.Build.0 = Release|Any CPU
		{E3A8DB0D-1BCA-41A3-A088-E3512C418E51}.Debug|Any CPU.ActiveCfg = Debug|Any CPU
		{E3A8DB0D-1BCA-41A3-A088-E3512C418E51}.Debug|Any CPU.Build.0 = Debug|Any CPU
		{E3A8DB0D-1BCA-41A3-A088-E3512C418E51}.Debug|x64.ActiveCfg = Debug|Any CPU
		{E3A8DB0D-1BCA-41A3-A088-E3512C418E51}.Debug|x64.Build.0 = Debug|Any CPU
		{E3A8DB0D-1BCA-41A3-A088-E3512C418E51}.Debug|x86.ActiveCfg = Debug|Any CPU
		{E3A8DB0D-1BCA-41A3-A088-E3512C418E51}.Debug|x86.Build.0 = Debug|Any CPU
		{E3A8DB0D-1BCA-41A3-A088-E3512C418E51}.Release|Any CPU.ActiveCfg = Release|Any CPU
		{E3A8DB0D-1BCA-41A3-A088-E3512C418E51}.Release|Any CPU.Build.0 = Release|Any CPU
		{E3A8DB0D-1BCA-41A3-A088-E3512C418E51}.Release|x64.ActiveCfg = Release|Any CPU
		{E3A8DB0D-1BCA-41A3-A088-E3512C418E51}.Release|x64.Build.0 = Release|Any CPU
		{E3A8DB0D-1BCA-41A3-A088-E3512C418E51}.Release|x86.ActiveCfg = Release|Any CPU
		{E3A8DB0D-1BCA-41A3-A088-E3512C418E51}.Release|x86.Build.0 = Release|Any CPU
	EndGlobalSection
	GlobalSection(SolutionProperties) = preSolution
		HideSolutionNode = FALSE
	EndGlobalSection
	GlobalSection(NestedProjects) = preSolution
		{A1B2C3D4-E5F6-7890-ABCD-EF1234567890} = {827E0CD3-B72D-47B6-A68D-7590B98EB39B}
		{B2C3D4E5-F678-90AB-CDEF-123456789012} = {0AB3BF05-4346-4AA6-1389-037BE0695223}
		{58DB8BF7-812B-4EC9-AA55-BE53293D9435} = {0AB3BF05-4346-4AA6-1389-037BE0695223}
		{BFD93F52-3359-47CB-B465-90CA318E6F18} = {A2DE1C62-6800-1912-8FF3-058E1AB76B91}
		{C599A975-EFE2-46A1-8E7A-86B4488A10EE} = {827E0CD3-B72D-47B6-A68D-7590B98EB39B}
		{EB624F51-C414-4977-91AC-0B73A6E0AC26} = {827E0CD3-B72D-47B6-A68D-7590B98EB39B}
		{C28ADF49-FC27-49B1-AA57-323521BBC758} = {0AB3BF05-4346-4AA6-1389-037BE0695223}
		{3D7D67F8-B145-42ED-B981-7DE39CE68F6C} = {0AB3BF05-4346-4AA6-1389-037BE0695223}
		{AB3F4B3A-3209-4F91-91A0-15247740176C} = {0AB3BF05-4346-4AA6-1389-037BE0695223}
		{F43CB205-EBC3-4212-9EA6-94D932FDA9CB} = {827E0CD3-B72D-47B6-A68D-7590B98EB39B}
		{5C661D1F-E352-4B0A-B0F0-B1FDEB8E676B} = {A2DE1C62-6800-1912-8FF3-058E1AB76B91}
		{E52F5941-6BE6-451F-8334-5DC18425F592} = {0AB3BF05-4346-4AA6-1389-037BE0695223}
		{DD912C70-F7B7-4F23-A5FE-4E75A5E16732} = {827E0CD3-B72D-47B6-A68D-7590B98EB39B}
		{9FA466D6-AFB0-442A-AD4D-D11452CAEB35} = {827E0CD3-B72D-47B6-A68D-7590B98EB39B}
		{5B6669DE-EED3-489F-8547-89D4BEEE5911} = {827E0CD3-B72D-47B6-A68D-7590B98EB39B}
		{B4034F19-0ADA-4498-BDB9-141760B90E86} = {0AB3BF05-4346-4AA6-1389-037BE0695223}
		{B1924E23-CBF0-420E-B900-F85CDB033BB7} = {0AB3BF05-4346-4AA6-1389-037BE0695223}
		{2067F054-3127-4B4E-81D0-7970197759BB} = {827E0CD3-B72D-47B6-A68D-7590B98EB39B}
		{B6085F06-22B9-41C4-B688-C7F32BDFD54C} = {827E0CD3-B72D-47B6-A68D-7590B98EB39B}
		{754FA0FC-FC23-420F-9428-1C6EF4192382} = {827E0CD3-B72D-47B6-A68D-7590B98EB39B}
		{B628D80B-668C-4DD7-8877-5AFBA13AECE8} = {827E0CD3-B72D-47B6-A68D-7590B98EB39B}
		{BE2B5381-8A07-4BCC-83AD-1402834093DC} = {827E0CD3-B72D-47B6-A68D-7590B98EB39B}
		{D6B81CD8-0532-5B14-2E42-539A02FCA640} = {07C2787E-EAC7-C090-1BA3-A61EC2A24D84}
		{2FFF5691-8E8F-4C8A-B2EB-D54DEB8BF6BE} = {D6B81CD8-0532-5B14-2E42-539A02FCA640}
		{3B46649D-B19F-5978-574B-B10EB273E7DA} = {07C2787E-EAC7-C090-1BA3-A61EC2A24D84}
		{787DD035-A8AB-424E-9FF2-CADF3EE763F2} = {3B46649D-B19F-5978-574B-B10EB273E7DA}
		{DBABB44B-BC6D-444C-8E27-152BCCF499A6} = {0AB3BF05-4346-4AA6-1389-037BE0695223}
		{91708DD1-840A-42BA-972D-5206CF60F08D} = {827E0CD3-B72D-47B6-A68D-7590B98EB39B}
		{DB198DC3-BEB8-48CC-8369-21055F70FE0F} = {0AB3BF05-4346-4AA6-1389-037BE0695223}
		{DDC3A301-17D3-4EE1-A264-27DE17823C28} = {0AB3BF05-4346-4AA6-1389-037BE0695223}
		{20F17580-E5A6-45C0-8CD2-73E0ED88F37A} = {0AB3BF05-4346-4AA6-1389-037BE0695223}
		{884E3049-084D-4A1F-AFDE-9162BDB1810D} = {827E0CD3-B72D-47B6-A68D-7590B98EB39B}
		{726A192F-BB96-8068-A17B-9AFEAC715481} = {07C2787E-EAC7-C090-1BA3-A61EC2A24D84}
		{37204607-1F73-44EB-B7EC-21C3C8BC548F} = {726A192F-BB96-8068-A17B-9AFEAC715481}
		{E3A8DB0D-1BCA-41A3-A088-E3512C418E51} = {827E0CD3-B72D-47B6-A68D-7590B98EB39B}
	EndGlobalSection
EndGlobal
