
Microsoft Visual Studio Solution File, Format Version 12.00
# Visual Studio Version 17
VisualStudioVersion = 17.0.31903.59
MinimumVisualStudioVersion = 10.0.40219.1
Project("{FAE04EC0-301F-11D3-BF4B-00C04F79EFBC}") = "Etch.Abstractions", "src\Etch.Abstractions\Etch.Abstractions.csproj", "{A1B2C3D4-E5F6-7890-ABCD-EF1234567890}"
EndProject
Project("{FAE04EC0-301F-11D3-BF4B-00C04F79EFBC}") = "Etch.Abstractions.Tests", "tests\Etch.Abstractions.Tests\Etch.Abstractions.Tests.csproj", "{B2C3D4E5-F678-90AB-CDEF-123456789012}"
EndProject
Project("{2150E333-8FDC-42A3-9474-1A3956D46DE8}") = "tests", "tests", "{0AB3BF05-4346-4AA6-1389-037BE0695223}"
EndProject
Project("{FAE04EC0-301F-11D3-BF4B-00C04F79EFBC}") = "Etch.Analyzers.Tests", "tests\Etch.Analyzers.Tests\Etch.Analyzers.Tests.csproj", "{58DB8BF7-812B-4EC9-AA55-BE53293D9435}"
EndProject
Project("{2150E333-8FDC-42A3-9474-1A3956D46DE8}") = "src-gen", "src-gen", "{A2DE1C62-6800-1912-8FF3-058E1AB76B91}"
EndProject
Project("{FAE04EC0-301F-11D3-BF4B-00C04F79EFBC}") = "Etch.Analyzers", "src-gen\Etch.Analyzers\Etch.Analyzers.csproj", "{BFD93F52-3359-47CB-B465-90CA318E6F18}"
EndProject
Project("{2150E333-8FDC-42A3-9474-1A3956D46DE8}") = "src", "src", "{827E0CD3-B72D-47B6-A68D-7590B98EB39B}"
EndProject
Project("{FAE04EC0-301F-11D3-BF4B-00C04F79EFBC}") = "Etch.Sourcegen.Logging", "src-gen\Etch.Sourcegen.Logging\Etch.Sourcegen.Logging.csproj", "{B0F05C32-079E-7F95-E847-FBE8B87A166E}"
EndProject
Project("{FAE04EC0-301F-11D3-BF4B-00C04F79EFBC}") = "Etch.Sourcegen.Tests", "tests\Etch.Sourcegen.Tests\Etch.Sourcegen.Tests.csproj", "{E2F3A4B5-C6D8-4901-A234-B5C6D7E8F0A2}"
EndProject
Project("{FAE04EC0-301F-11D3-BF4B-00C04F79EFBC}") = "Etch.Primitives", "src\Etch.Primitives\Etch.Primitives.csproj", "{C599A975-EFE2-46A1-8E7A-86B4488A10EE}"
EndProject
Project("{FAE04EC0-301F-11D3-BF4B-00C04F79EFBC}") = "Etch.Geometry", "src\Etch.Geometry\Etch.Geometry.csproj", "{EB624F51-C414-4977-91AC-0B73A6E0AC26}"
EndProject
Project("{FAE04EC0-301F-11D3-BF4B-00C04F79EFBC}") = "Etch.Geometry.Tests", "tests\Etch.Geometry.Tests\Etch.Geometry.Tests.csproj", "{C28ADF49-FC27-49B1-AA57-323521BBC758}"
EndProject
Project("{FAE04EC0-301F-11D3-BF4B-00C04F79EFBC}") = "Etch.Geometry.Differential", "tests\Etch.Geometry.Differential\Etch.Geometry.Differential.csproj", "{3D7D67F8-B145-42ED-B981-7DE39CE68F6C}"
EndProject
Project("{FAE04EC0-301F-11D3-BF4B-00C04F79EFBC}") = "Etch.Geometry.Oracle", "tests\Etch.Geometry.Oracle\Etch.Geometry.Oracle.csproj", "{AB3F4B3A-3209-4F91-91A0-15247740176C}"
EndProject
Project("{FAE04EC0-301F-11D3-BF4B-00C04F79EFBC}") = "Etch.Shaders", "src\Etch.Shaders\Etch.Shaders.csproj", "{F43CB205-EBC3-4212-9EA6-94D932FDA9CB}"
EndProject
Project("{FAE04EC0-301F-11D3-BF4B-00C04F79EFBC}") = "Etch.Shader.Generator", "src-gen\Etch.Shader.Generator\Etch.Shader.Generator.csproj", "{5C661D1F-E352-4B0A-B0F0-B1FDEB8E676B}"
EndProject
Project("{FAE04EC0-301F-11D3-BF4B-00C04F79EFBC}") = "Etch.Shaders.Tests", "tests\Etch.Shaders.Tests\Etch.Shaders.Tests.csproj", "{E52F5941-6BE6-451F-8334-5DC18425F592}"
EndProject
Project("{FAE04EC0-301F-11D3-BF4B-00C04F79EFBC}") = "Etch.Gpu", "src\Etch.Gpu\Etch.Gpu.csproj", "{DD912C70-F7B7-4F23-A5FE-4E75A5E16732}"
EndProject
Project("{FAE04EC0-301F-11D3-BF4B-00C04F79EFBC}") = "Etch.Gpu.Native", "src\Etch.Gpu.Native\Etch.Gpu.Native.csproj", "{9FA466D6-AFB0-442A-AD4D-D11452CAEB35}"
EndProject
Project("{FAE04EC0-301F-11D3-BF4B-00C04F79EFBC}") = "Etch.Raster.Cpu", "src\Etch.Raster.Cpu\Etch.Raster.Cpu.csproj", "{5B6669DE-EED3-489F-8547-89D4BEEE5911}"
EndProject
Project("{FAE04EC0-301F-11D3-BF4B-00C04F79EFBC}") = "Etch.Raster.Cpu.Tests", "tests\Etch.Raster.Cpu.Tests\Etch.Raster.Cpu.Tests.csproj", "{B4034F19-0ADA-4498-BDB9-141760B90E86}"
EndProject
Project("{FAE04EC0-301F-11D3-BF4B-00C04F79EFBC}") = "Etch.Testing.Tests", "tests\Etch.Testing.Tests\Etch.Testing.Tests.csproj", "{B1924E23-CBF0-420E-B900-F85CDB033BB7}"
EndProject
Project("{FAE04EC0-301F-11D3-BF4B-00C04F79EFBC}") = "Etch.Testing", "src\Etch.Testing\Etch.Testing.csproj", "{2067F054-3127-4B4E-81D0-7970197759BB}"
EndProject
Project("{FAE04EC0-301F-11D3-BF4B-00C04F79EFBC}") = "Etch.Scene", "src\Etch.Scene\Etch.Scene.csproj", "{B6085F06-22B9-41C4-B688-C7F32BDFD54C}"
EndProject
Project("{FAE04EC0-301F-11D3-BF4B-00C04F79EFBC}") = "Etch.Tiling", "src\Etch.Tiling\Etch.Tiling.csproj", "{754FA0FC-FC23-420F-9428-1C6EF4192382}"
EndProject
Project("{FAE04EC0-301F-11D3-BF4B-00C04F79EFBC}") = "Etch.Gpu.Compositor", "src\Etch.Gpu.Compositor\Etch.Gpu.Compositor.csproj", "{B628D80B-668C-4DD7-8877-5AFBA13AECE8}"
EndProject
Project("{FAE04EC0-301F-11D3-BF4B-00C04F79EFBC}") = "Etch.Effects", "src\Etch.Effects\Etch.Effects.csproj", "{BE2B5381-8A07-4BCC-83AD-1402834093DC}"
EndProject
Project("{2150E333-8FDC-42A3-9474-1A3956D46DE8}") = "tools", "tools", "{07C2787E-EAC7-C090-1BA3-A61EC2A24D84}"
EndProject
Project("{2150E333-8FDC-42A3-9474-1A3956D46DE8}") = "etch-ci", "etch-ci", "{D6B81CD8-0532-5B14-2E42-539A02FCA640}"
EndProject
Project("{FAE04EC0-301F-11D3-BF4B-00C04F79EFBC}") = "Etch.Ci", "tools\etch-ci\Etch.Ci.csproj", "{2FFF5691-8E8F-4C8A-B2EB-D54DEB8BF6BE}"
EndProject
Project("{2150E333-8FDC-42A3-9474-1A3956D46DE8}") = "etch-flake-detector", "etch-flake-detector", "{3B46649D-B19F-5978-574B-B10EB273E7DA}"
EndProject
Project("{FAE04EC0-301F-11D3-BF4B-00C04F79EFBC}") = "Etch.FlakeDetector", "tools\etch-flake-detector\Etch.FlakeDetector.csproj", "{787DD035-A8AB-424E-9FF2-CADF3EE763F2}"
EndProject
Project("{FAE04EC0-301F-11D3-BF4B-00C04F79EFBC}") = "Etch.ClipBlendGradient.Tests", "tests\Etch.ClipBlendGradient.Tests\Etch.ClipBlendGradient.Tests.csproj", "{DBABB44B-BC6D-444C-8E27-152BCCF499A6}"
EndProject
Project("{FAE04EC0-301F-11D3-BF4B-00C04F79EFBC}") = "Etch.ClipBlendGradient", "src\Etch.ClipBlendGradient\Etch.ClipBlendGradient.csproj", "{91708DD1-840A-42BA-972D-5206CF60F08D}"
EndProject
Project("{FAE04EC0-301F-11D3-BF4B-00C04F79EFBC}") = "Etch.PixelParity.Tests", "tests\Etch.PixelParity.Tests\Etch.PixelParity.Tests.csproj", "{DB198DC3-BEB8-48CC-8369-21055F70FE0F}"
EndProject
Project("{FAE04EC0-301F-11D3-BF4B-00C04F79EFBC}") = "Etch.Tiling.Tests", "tests\Etch.Tiling.Tests\Etch.Tiling.Tests.csproj", "{DDC3A301-17D3-4EE1-A264-27DE17823C28}"
EndProject
Project("{FAE04EC0-301F-11D3-BF4B-00C04F79EFBC}") = "Etch.Correctness.Tests", "tests\Etch.Correctness.Tests\Etch.Correctness.Tests.csproj", "{20F17580-E5A6-45C0-8CD2-73E0ED88F37A}"
EndProject
Project("{FAE04EC0-301F-11D3-BF4B-00C04F79EFBC}") = "Etch.SkiaRef", "src\Etch.SkiaRef\Etch.SkiaRef.csproj", "{884E3049-084D-4A1F-AFDE-9162BDB1810D}"
EndProject
Project("{2150E333-8FDC-42A3-9474-1A3956D46DE8}") = "svg-translator", "svg-translator", "{726A192F-BB96-8068-A17B-9AFEAC715481}"
EndProject
Project("{FAE04EC0-301F-11D3-BF4B-00C04F79EFBC}") = "Etch.SvgTranslator", "tools\svg-translator\Etch.SvgTranslator.csproj", "{37204607-1F73-44EB-B7EC-21C3C8BC548F}"
EndProject
Project("{FAE04EC0-301F-11D3-BF4B-00C04F79EFBC}") = "Etch.Strokes", "src\Etch.Strokes\Etch.Strokes.csproj", "{E3A8DB0D-1BCA-41A3-A088-E3512C418E51}"
EndProject
Project("{FAE04EC0-301F-11D3-BF4B-00C04F79EFBC}") = "Etch.Text", "src\Etch.Text\Etch.Text.csproj", "{2F51D75B-ED98-4CFE-8399-529587E4B41C}"
EndProject
Project("{FAE04EC0-301F-11D3-BF4B-00C04F79EFBC}") = "Etch.Sourcegen.Pooled", "src-gen\Etch.Sourcegen.Pooled\Etch.Sourcegen.Pooled.csproj", "{83592E93-7DA5-48A4-856A-D093F0A4AC58}"
EndProject
Project("{FAE04EC0-301F-11D3-BF4B-00C04F79EFBC}") = "Etch.Sourcegen.Pooled.Samples", "src-gen\Etch.Sourcegen.Pooled.Samples\Etch.Sourcegen.Pooled.Samples.csproj", "{D6B95E1C-379F-42AB-A4EB-ECE8AE65DB1D}"
EndProject
Project("{FAE04EC0-301F-11D3-BF4B-00C04F79EFBC}") = "Etch.Build.Tests", "tests\Etch.Build.Tests\Etch.Build.Tests.csproj", "{F59BFF9A-5457-4580-A92C-468500D8B199}"
EndProject
Project("{FAE04EC0-301F-11D3-BF4B-00C04F79EFBC}") = "Etch.Effects.Tests", "tests\Etch.Effects.Tests\Etch.Effects.Tests.csproj", "{70321B83-F18B-4E17-A92B-D10580162D00}"
EndProject
Project("{FAE04EC0-301F-11D3-BF4B-00C04F79EFBC}") = "Etch.Gpu.Compositor.Tests", "tests\Etch.Gpu.Compositor.Tests\Etch.Gpu.Compositor.Tests.csproj", "{DEAE4FF3-97EE-4A80-967F-E2D378876DBD}"
EndProject
Project("{FAE04EC0-301F-11D3-BF4B-00C04F79EFBC}") = "Etch.Gpu.Native.Tests", "tests\Etch.Gpu.Native.Tests\Etch.Gpu.Native.Tests.csproj", "{83CCEB8A-1B5E-4C28-9157-A5FF66132A7E}"
EndProject
Project("{FAE04EC0-301F-11D3-BF4B-00C04F79EFBC}") = "Etch.Gpu.Tests", "tests\Etch.Gpu.Tests\Etch.Gpu.Tests.csproj", "{38A48806-49FE-4A40-B7B8-CAD41A2E2E42}"
EndProject
Project("{FAE04EC0-301F-11D3-BF4B-00C04F79EFBC}") = "Etch.Primitives.Tests", "tests\Etch.Primitives.Tests\Etch.Primitives.Tests.csproj", "{981CFCDF-22B2-4179-9054-6A672A8ACD0A}"
EndProject
Project("{FAE04EC0-301F-11D3-BF4B-00C04F79EFBC}") = "Etch.Samples.Tests", "tests\Etch.Samples.Tests\Etch.Samples.Tests.csproj", "{BEE8F69F-CCB4-427B-A2B2-A5985111C43A}"
EndProject
Project("{2150E333-8FDC-42A3-9474-1A3956D46DE8}") = "samples", "samples", "{5D20AA90-6969-D8BD-9DCD-8634F4692FDA}"
EndProject
Project("{FAE04EC0-301F-11D3-BF4B-00C04F79EFBC}") = "HelloEtch", "samples\HelloEtch\HelloEtch.csproj", "{B9793522-F6D0-4FCB-B353-4530334D68A3}"
EndProject
Project("{FAE04EC0-301F-11D3-BF4B-00C04F79EFBC}") = "SimpleCascade", "samples\SimpleCascade\SimpleCascade.csproj", "{F244DF08-52DB-4FAE-AF48-69349CB854B8}"
EndProject
Project("{FAE04EC0-301F-11D3-BF4B-00C04F79EFBC}") = "FilledCircle", "samples\FilledCircle\FilledCircle.csproj", "{F30FE5D6-F951-43B5-8266-67AED61DB4FD}"
EndProject
Project("{FAE04EC0-301F-11D3-BF4B-00C04F79EFBC}") = "Etch.Scene.Tests", "tests\Etch.Scene.Tests\Etch.Scene.Tests.csproj", "{55DA4069-8AB8-438E-A15F-91245619C267}"
EndProject
Project("{FAE04EC0-301F-11D3-BF4B-00C04F79EFBC}") = "Etch.Shader.Generator.Tests", "tests\Etch.Shader.Generator.Tests\Etch.Shader.Generator.Tests.csproj", "{D01374DA-DE0E-488F-B3C6-74F2ACAF1F6B}"
EndProject
Project("{FAE04EC0-301F-11D3-BF4B-00C04F79EFBC}") = "Etch.Strokes.Tests", "tests\Etch.Strokes.Tests\Etch.Strokes.Tests.csproj", "{D2D6E2AD-E156-4197-A290-DCB3C560B471}"
EndProject
Project("{FAE04EC0-301F-11D3-BF4B-00C04F79EFBC}") = "Etch.TaskVerifier.Tests", "tests\Etch.TaskVerifier.Tests\Etch.TaskVerifier.Tests.csproj", "{CFF15999-A334-49D4-996A-904381537E19}"
EndProject
Project("{FAE04EC0-301F-11D3-BF4B-00C04F79EFBC}") = "Etch.TaskVerifier", "tools\Etch.TaskVerifier\Etch.TaskVerifier.csproj", "{D0EC236E-8BAF-4DDA-A0C6-29EB7B2CD131}"
EndProject
Project("{FAE04EC0-301F-11D3-BF4B-00C04F79EFBC}") = "Etch.Text.Tests", "tests\Etch.Text.Tests\Etch.Text.Tests.csproj", "{2BA3FD58-88E1-4E15-9374-674ACF8C17AD}"
EndProject
Project("{2150E333-8FDC-42A3-9474-1A3956D46DE8}") = "etch-golden-regen", "etch-golden-regen", "{94530CAA-8B18-6EF1-8730-BE5B30970E4D}"
EndProject
Project("{FAE04EC0-301F-11D3-BF4B-00C04F79EFBC}") = "Etch.GoldenRegen", "tools\etch-golden-regen\Etch.GoldenRegen.csproj", "{C60818EA-07D8-4E85-AD86-BF8F8A59590D}"
EndProject
Project("{2150E333-8FDC-42A3-9474-1A3956D46DE8}") = "etch-soak-report", "etch-soak-report", "{C6705FE3-F3A3-645D-7CAD-2FBEE25A7060}"
EndProject
Project("{FAE04EC0-301F-11D3-BF4B-00C04F79EFBC}") = "Etch.SoakReport", "tools\etch-soak-report\Etch.SoakReport.csproj", "{02601A8D-9F8C-4A85-929A-ED9FA5BF29FF}"
EndProject
Project("{FAE04EC0-301F-11D3-BF4B-00C04F79EFBC}") = "Etch.Repro", "tools\Etch.Repro\Etch.Repro.csproj", "{226AFA3B-706B-4FEB-8EF5-AEB94A6D9EFD}"
EndProject
Project("{FAE04EC0-301F-11D3-BF4B-00C04F79EFBC}") = "Etch.SceneReplayer", "tools\Etch.SceneReplayer\Etch.SceneReplayer.csproj", "{2F562358-8A02-4DB7-85EE-3FF879A009EA}"
EndProject
Project("{2150E333-8FDC-42A3-9474-1A3956D46DE8}") = "gen-wgpu-bindings", "gen-wgpu-bindings", "{00F4D15B-4640-F6F3-EE79-9DC5A12BE52F}"
EndProject
Project("{FAE04EC0-301F-11D3-BF4B-00C04F79EFBC}") = "Etch.BindingsGen", "tools\gen-wgpu-bindings\Etch.BindingsGen.csproj", "{BA4C8851-24D1-4E04-8BA9-7B5568E9FD78}"
EndProject
Project("{FAE04EC0-301F-11D3-BF4B-00C04F79EFBC}") = "GlyphRepro", "tools\GlyphRepro\GlyphRepro.csproj", "{292282C4-D4F8-4A63-BA93-17DC70C45941}"
EndProject
Project("{2150E333-8FDC-42A3-9474-1A3956D46DE8}") = "text-test-translator", "text-test-translator", "{061042B2-6724-10A4-E1E3-181C99AD5338}"
EndProject
Project("{FAE04EC0-301F-11D3-BF4B-00C04F79EFBC}") = "Etch.TextTestTranslator", "tools\text-test-translator\Etch.TextTestTranslator.csproj", "{45BA7779-D20F-4361-99B3-472ECF09A908}"
EndProject
Project("{2150E333-8FDC-42A3-9474-1A3956D46DE8}") = "bench", "bench", "{760AB15A-8938-8D9B-BEDE-5CE1484B84C3}"
EndProject
Project("{FAE04EC0-301F-11D3-BF4B-00C04F79EFBC}") = "Etch.Bench.Blend", "bench\Etch.Bench.Blend\Etch.Bench.Blend.csproj", "{13AB389E-8520-4DDC-A9C8-DDA03868B9BE}"
EndProject
Project("{FAE04EC0-301F-11D3-BF4B-00C04F79EFBC}") = "Etch.Bench.Shared", "bench\Etch.Bench.Shared\Etch.Bench.Shared.csproj", "{45F53838-ABB7-4C5E-9612-60F81680B6E8}"
EndProject
Project("{FAE04EC0-301F-11D3-BF4B-00C04F79EFBC}") = "Etch.Bench.Cpu", "bench\Etch.Bench.Cpu\Etch.Bench.Cpu.csproj", "{F0CC3431-1C40-45E1-97E4-7B4C741E26FB}"
EndProject
Project("{FAE04EC0-301F-11D3-BF4B-00C04F79EFBC}") = "Etch.Bench.Tiling", "bench\Etch.Bench.Tiling\Etch.Bench.Tiling.csproj", "{B4FBE9C0-2906-44A2-94E1-ECD13581530C}"
EndProject
Project("{FAE04EC0-301F-11D3-BF4B-00C04F79EFBC}") = "Etch.Primitives.Bench", "bench\Etch.Primitives.Bench\Etch.Primitives.Bench.csproj", "{A6B61CCA-63E4-4188-9703-47886057E28C}"
EndProject
Project("{FAE04EC0-301F-11D3-BF4B-00C04F79EFBC}") = "Etch.Scene.Bench", "bench\Etch.Scene.Bench\Etch.Scene.Bench.csproj", "{9EA0205C-BF31-453E-ABC3-4E0CE7D5F7F8}"
EndProject
Project("{FAE04EC0-301F-11D3-BF4B-00C04F79EFBC}") = "Etch.Text.Bench", "bench\Etch.Text.Bench\Etch.Text.Bench.csproj", "{AFF0012F-01CC-49FE-AA23-0B9877AD3F6B}"
EndProject
Project("{2150E333-8FDC-42A3-9474-1A3956D46DE8}") = "benches", "benches", "{A0C999E4-D4D5-A357-D053-95D43A9F45C8}"
EndProject
Project("{FAE04EC0-301F-11D3-BF4B-00C04F79EFBC}") = "Etch.Bench.Gpu", "benches\Etch.Bench.Gpu\Etch.Bench.Gpu.csproj", "{A4CB8C35-3E8B-42A4-9243-9F202126AD7C}"
EndProject
Project("{FAE04EC0-301F-11D3-BF4B-00C04F79EFBC}") = "Etch.Compose", "src\Etch.Compose\Etch.Compose.csproj", "{91E4AB39-B8AB-4BD4-A4D7-9819B33C60B0}"
EndProject
Project("{FAE04EC0-301F-11D3-BF4B-00C04F79EFBC}") = "Etch.Compose.Tests", "tests\Etch.Compose.Tests\Etch.Compose.Tests.csproj", "{80C7ABB8-BE41-4BA9-8FAA-FF14CDAAE2E6}"
EndProject
Project("{FAE04EC0-301F-11D3-BF4B-00C04F79EFBC}") = "Etch.Bench.Compose", "bench\Etch.Bench.Compose\Etch.Bench.Compose.csproj", "{47CD7C3B-EE72-40BC-8A58-9ACFFAC9C342}"
EndProject
Global
	GlobalSection(SolutionConfigurationPlatforms) = preSolution
		Debug|Any CPU = Debug|Any CPU
		Debug|x64 = Debug|x64
		Debug|x86 = Debug|x86
		Release|Any CPU = Release|Any CPU
		Release|x64 = Release|x64
		Release|x86 = Release|x86
	EndGlobalSection
	GlobalSection(ProjectConfigurationPlatforms) = postSolution
		{A1B2C3D4-E5F6-7890-ABCD-EF1234567890}.Debug|Any CPU.ActiveCfg = Debug|Any CPU
		{A1B2C3D4-E5F6-7890-ABCD-EF1234567890}.Debug|Any CPU.Build.0 = Debug|Any CPU
		{A1B2C3D4-E5F6-7890-ABCD-EF1234567890}.Debug|x64.ActiveCfg = Debug|Any CPU
		{A1B2C3D4-E5F6-7890-ABCD-EF1234567890}.Debug|x64.Build.0 = Debug|Any CPU
		{A1B2C3D4-E5F6-7890-ABCD-EF1234567890}.Debug|x86.ActiveCfg = Debug|Any CPU
		{A1B2C3D4-E5F6-7890-ABCD-EF1234567890}.Debug|x86.Build.0 = Debug|Any CPU
		{A1B2C3D4-E5F6-7890-ABCD-EF1234567890}.Release|Any CPU.ActiveCfg = Release|Any CPU
		{A1B2C3D4-E5F6-7890-ABCD-EF1234567890}.Release|Any CPU.Build.0 = Release|Any CPU
		{A1B2C3D4-E5F6-7890-ABCD-EF1234567890}.Release|x64.ActiveCfg = Release|Any CPU
		{A1B2C3D4-E5F6-7890-ABCD-EF1234567890}.Release|x64.Build.0 = Release|Any CPU
		{A1B2C3D4-E5F6-7890-ABCD-EF1234567890}.Release|x86.ActiveCfg = Release|Any CPU
		{A1B2C3D4-E5F6-7890-ABCD-EF1234567890}.Release|x86.Build.0 = Release|Any CPU
		{B2C3D4E5-F678-90AB-CDEF-123456789012}.Debug|Any CPU.ActiveCfg = Debug|Any CPU
		{B2C3D4E5-F678-90AB-CDEF-123456789012}.Debug|Any CPU.Build.0 = Debug|Any CPU
		{B2C3D4E5-F678-90AB-CDEF-123456789012}.Debug|x64.ActiveCfg = Debug|Any CPU
		{B2C3D4E5-F678-90AB-CDEF-123456789012}.Debug|x64.Build.0 = Debug|Any CPU
		{B2C3D4E5-F678-90AB-CDEF-123456789012}.Debug|x86.ActiveCfg = Debug|Any CPU
		{B2C3D4E5-F678-90AB-CDEF-123456789012}.Debug|x86.Build.0 = Debug|Any CPU
		{B2C3D4E5-F678-90AB-CDEF-123456789012}.Release|Any CPU.ActiveCfg = Release|Any CPU
		{B2C3D4E5-F678-90AB-CDEF-123456789012}.Release|Any CPU.Build.0 = Release|Any CPU
		{B2C3D4E5-F678-90AB-CDEF-123456789012}.Release|x64.ActiveCfg = Release|Any CPU
		{B2C3D4E5-F678-90AB-CDEF-123456789012}.Release|x64.Build.0 = Release|Any CPU
		{B2C3D4E5-F678-90AB-CDEF-123456789012}.Release|x86.ActiveCfg = Release|Any CPU
		{B2C3D4E5-F678-90AB-CDEF-123456789012}.Release|x86.Build.0 = Release|Any CPU
		{58DB8BF7-812B-4EC9-AA55-BE53293D9435}.Debug|Any CPU.ActiveCfg = Debug|Any CPU
		{58DB8BF7-812B-4EC9-AA55-BE53293D9435}.Debug|Any CPU.Build.0 = Debug|Any CPU
		{58DB8BF7-812B-4EC9-AA55-BE53293D9435}.Debug|x64.ActiveCfg = Debug|Any CPU
		{58DB8BF7-812B-4EC9-AA55-BE53293D9435}.Debug|x64.Build.0 = Debug|Any CPU
		{58DB8BF7-812B-4EC9-AA55-BE53293D9435}.Debug|x86.ActiveCfg = Debug|Any CPU
		{58DB8BF7-812B-4EC9-AA55-BE53293D9435}.Debug|x86.Build.0 = Debug|Any CPU
		{58DB8BF7-812B-4EC9-AA55-BE53293D9435}.Release|Any CPU.ActiveCfg = Release|Any CPU
		{58DB8BF7-812B-4EC9-AA55-BE53293D9435}.Release|Any CPU.Build.0 = Release|Any CPU
		{58DB8BF7-812B-4EC9-AA55-BE53293D9435}.Release|x64.ActiveCfg = Release|Any CPU
		{58DB8BF7-812B-4EC9-AA55-BE53293D9435}.Release|x64.Build.0 = Release|Any CPU
		{58DB8BF7-812B-4EC9-AA55-BE53293D9435}.Release|x86.ActiveCfg = Release|Any CPU
		{58DB8BF7-812B-4EC9-AA55-BE53293D9435}.Release|x86.Build.0 = Release|Any CPU
		{BFD93F52-3359-47CB-B465-90CA318E6F18}.Debug|Any CPU.ActiveCfg = Debug|Any CPU
		{BFD93F52-3359-47CB-B465-90CA318E6F18}.Debug|Any CPU.Build.0 = Debug|Any CPU
		{BFD93F52-3359-47CB-B465-90CA318E6F18}.Debug|x64.ActiveCfg = Debug|Any CPU
		{BFD93F52-3359-47CB-B465-90CA318E6F18}.Debug|x64.Build.0 = Debug|Any CPU
		{BFD93F52-3359-47CB-B465-90CA318E6F18}.Debug|x86.ActiveCfg = Debug|Any CPU
		{BFD93F52-3359-47CB-B465-90CA318E6F18}.Debug|x86.Build.0 = Debug|Any CPU
		{BFD93F52-3359-47CB-B465-90CA318E6F18}.Release|Any CPU.ActiveCfg = Release|Any CPU
		{BFD93F52-3359-47CB-B465-90CA318E6F18}.Release|Any CPU.Build.0 = Release|Any CPU
		{BFD93F52-3359-47CB-B465-90CA318E6F18}.Release|x64.ActiveCfg = Release|Any CPU
		{BFD93F52-3359-47CB-B465-90CA318E6F18}.Release|x64.Build.0 = Release|Any CPU
		{BFD93F52-3359-47CB-B465-90CA318E6F18}.Release|x86.ActiveCfg = Release|Any CPU
		{BFD93F52-3359-47CB-B465-90CA318E6F18}.Release|x86.Build.0 = Release|Any CPU
		{B0F05C32-079E-7F95-E847-FBE8B87A166E}.Debug|Any CPU.ActiveCfg = Debug|Any CPU
		{B0F05C32-079E-7F95-E847-FBE8B87A166E}.Debug|Any CPU.Build.0 = Debug|Any CPU
		{B0F05C32-079E-7F95-E847-FBE8B87A166E}.Debug|x64.ActiveCfg = Debug|Any CPU
		{B0F05C32-079E-7F95-E847-FBE8B87A166E}.Debug|x64.Build.0 = Debug|Any CPU
		{B0F05C32-079E-7F95-E847-FBE8B87A166E}.Debug|x86.ActiveCfg = Debug|Any CPU
		{B0F05C32-079E-7F95-E847-FBE8B87A166E}.Debug|x86.Build.0 = Debug|Any CPU
		{B0F05C32-079E-7F95-E847-FBE8B87A166E}.Release|Any CPU.ActiveCfg = Release|Any CPU
		{B0F05C32-079E-7F95-E847-FBE8B87A166E}.Release|Any CPU.Build.0 = Release|Any CPU
		{B0F05C32-079E-7F95-E847-FBE8B87A166E}.Release|x64.ActiveCfg = Release|Any CPU
		{B0F05C32-079E-7F95-E847-FBE8B87A166E}.Release|x64.Build.0 = Release|Any CPU
		{B0F05C32-079E-7F95-E847-FBE8B87A166E}.Release|x86.ActiveCfg = Release|Any CPU
		{B0F05C32-079E-7F95-E847-FBE8B87A166E}.Release|x86.Build.0 = Release|Any CPU
		{E2F3A4B5-C6D8-4901-A234-B5C6D7E8F0A2}.Debug|Any CPU.ActiveCfg = Debug|Any CPU
		{E2F3A4B5-C6D8-4901-A234-B5C6D7E8F0A2}.Debug|Any CPU.Build.0 = Debug|Any CPU
		{E2F3A4B5-C6D8-4901-A234-B5C6D7E8F0A2}.Debug|x64.ActiveCfg = Debug|Any CPU
		{E2F3A4B5-C6D8-4901-A234-B5C6D7E8F0A2}.Debug|x64.Build.0 = Debug|Any CPU
		{E2F3A4B5-C6D8-4901-A234-B5C6D7E8F0A2}.Debug|x86.ActiveCfg = Debug|Any CPU
		{E2F3A4B5-C6D8-4901-A234-B5C6D7E8F0A2}.Debug|x86.Build.0 = Debug|Any CPU
		{E2F3A4B5-C6D8-4901-A234-B5C6D7E8F0A2}.Release|Any CPU.ActiveCfg = Release|Any CPU
		{E2F3A4B5-C6D8-4901-A234-B5C6D7E8F0A2}.Release|Any CPU.Build.0 = Release|Any CPU
		{E2F3A4B5-C6D8-4901-A234-B5C6D7E8F0A2}.Release|x64.ActiveCfg = Release|Any CPU
		{E2F3A4B5-C6D8-4901-A234-B5C6D7E8F0A2}.Release|x64.Build.0 = Release|Any CPU
		{E2F3A4B5-C6D8-4901-A234-B5C6D7E8F0A2}.Release|x86.ActiveCfg = Release|Any CPU
		{E2F3A4B5-C6D8-4901-A234-B5C6D7E8F0A2}.Release|x86.Build.0 = Release|Any CPU
		{C599A975-EFE2-46A1-8E7A-86B4488A10EE}.Debug|Any CPU.ActiveCfg = Debug|Any CPU
		{C599A975-EFE2-46A1-8E7A-86B4488A10EE}.Debug|Any CPU.Build.0 = Debug|Any CPU
		{C599A975-EFE2-46A1-8E7A-86B4488A10EE}.Debug|x64.ActiveCfg = Debug|Any CPU
		{C599A975-EFE2-46A1-8E7A-86B4488A10EE}.Debug|x64.Build.0 = Debug|Any CPU
		{C599A975-EFE2-46A1-8E7A-86B4488A10EE}.Debug|x86.ActiveCfg = Debug|Any CPU
		{C599A975-EFE2-46A1-8E7A-86B4488A10EE}.Debug|x86.Build.0 = Debug|Any CPU
		{C599A975-EFE2-46A1-8E7A-86B4488A10EE}.Release|Any CPU.ActiveCfg = Release|Any CPU
		{C599A975-EFE2-46A1-8E7A-86B4488A10EE}.Release|Any CPU.Build.0 = Release|Any CPU
		{C599A975-EFE2-46A1-8E7A-86B4488A10EE}.Release|x64.ActiveCfg = Release|Any CPU
		{C599A975-EFE2-46A1-8E7A-86B4488A10EE}.Release|x64.Build.0 = Release|Any CPU
		{C599A975-EFE2-46A1-8E7A-86B4488A10EE}.Release|x86.ActiveCfg = Release|Any CPU
		{C599A975-EFE2-46A1-8E7A-86B4488A10EE}.Release|x86.Build.0 = Release|Any CPU
		{EB624F51-C414-4977-91AC-0B73A6E0AC26}.Debug|Any CPU.ActiveCfg = Debug|Any CPU
		{EB624F51-C414-4977-91AC-0B73A6E0AC26}.Debug|Any CPU.Build.0 = Debug|Any CPU
		{EB624F51-C414-4977-91AC-0B73A6E0AC26}.Debug|x64.ActiveCfg = Debug|Any CPU
		{EB624F51-C414-4977-91AC-0B73A6E0AC26}.Debug|x64.Build.0 = Debug|Any CPU
		{EB624F51-C414-4977-91AC-0B73A6E0AC26}.Debug|x86.ActiveCfg = Debug|Any CPU
		{EB624F51-C414-4977-91AC-0B73A6E0AC26}.Debug|x86.Build.0 = Debug|Any CPU
		{EB624F51-C414-4977-91AC-0B73A6E0AC26}.Release|Any CPU.ActiveCfg = Release|Any CPU
		{EB624F51-C414-4977-91AC-0B73A6E0AC26}.Release|Any CPU.Build.0 = Release|Any CPU
		{EB624F51-C414-4977-91AC-0B73A6E0AC26}.Release|x64.ActiveCfg = Release|Any CPU
		{EB624F51-C414-4977-91AC-0B73A6E0AC26}.Release|x64.Build.0 = Release|Any CPU
		{EB624F51-C414-4977-91AC-0B73A6E0AC26}.Release|x86.ActiveCfg = Release|Any CPU
		{EB624F51-C414-4977-91AC-0B73A6E0AC26}.Release|x86.Build.0 = Release|Any CPU
		{C28ADF49-FC27-49B1-AA57-323521BBC758}.Debug|Any CPU.ActiveCfg = Debug|Any CPU
		{C28ADF49-FC27-49B1-AA57-323521BBC758}.Debug|Any CPU.Build.0 = Debug|Any CPU
		{C28ADF49-FC27-49B1-AA57-323521BBC758}.Debug|x64.ActiveCfg = Debug|Any CPU
		{C28ADF49-FC27-49B1-AA57-323521BBC758}.Debug|x64.Build.0 = Debug|Any CPU
		{C28ADF49-FC27-49B1-AA57-323521BBC758}.Debug|x86.ActiveCfg = Debug|Any CPU
		{C28ADF49-FC27-49B1-AA57-323521BBC758}.Debug|x86.Build.0 = Debug|Any CPU
		{C28ADF49-FC27-49B1-AA57-323521BBC758}.Release|Any CPU.ActiveCfg = Release|Any CPU
		{C28ADF49-FC27-49B1-AA57-323521BBC758}.Release|Any CPU.Build.0 = Release|Any CPU
		{C28ADF49-FC27-49B1-AA57-323521BBC758}.Release|x64.ActiveCfg = Release|Any CPU
		{C28ADF49-FC27-49B1-AA57-323521BBC758}.Release|x64.Build.0 = Release|Any CPU
		{C28ADF49-FC27-49B1-AA57-323521BBC758}.Release|x86.ActiveCfg = Release|Any CPU
		{C28ADF49-FC27-49B1-AA57-323521BBC758}.Release|x86.Build.0 = Release|Any CPU
		{3D7D67F8-B145-42ED-B981-7DE39CE68F6C}.Debug|Any CPU.ActiveCfg = Debug|Any CPU
		{3D7D67F8-B145-42ED-B981-7DE39CE68F6C}.Debug|Any CPU.Build.0 = Debug|Any CPU
		{3D7D67F8-B145-42ED-B981-7DE39CE68F6C}.Debug|x64.ActiveCfg = Debug|Any CPU
		{3D7D67F8-B145-42ED-B981-7DE39CE68F6C}.Debug|x64.Build.0 = Debug|Any CPU
		{3D7D67F8-B145-42ED-B981-7DE39CE68F6C}.Debug|x86.ActiveCfg = Debug|Any CPU
		{3D7D67F8-B145-42ED-B981-7DE39CE68F6C}.Debug|x86.Build.0 = Debug|Any CPU
		{3D7D67F8-B145-42ED-B981-7DE39CE68F6C}.Release|Any CPU.ActiveCfg = Release|Any CPU
		{3D7D67F8-B145-42ED-B981-7DE39CE68F6C}.Release|Any CPU.Build.0 = Release|Any CPU
		{3D7D67F8-B145-42ED-B981-7DE39CE68F6C}.Release|x64.ActiveCfg = Release|Any CPU
		{3D7D67F8-B145-42ED-B981-7DE39CE68F6C}.Release|x64.Build.0 = Release|Any CPU
		{3D7D67F8-B145-42ED-B981-7DE39CE68F6C}.Release|x86.ActiveCfg = Release|Any CPU
		{3D7D67F8-B145-42ED-B981-7DE39CE68F6C}.Release|x86.Build.0 = Release|Any CPU
		{AB3F4B3A-3209-4F91-91A0-15247740176C}.Debug|Any CPU.ActiveCfg = Debug|Any CPU
		{AB3F4B3A-3209-4F91-91A0-15247740176C}.Debug|Any CPU.Build.0 = Debug|Any CPU
		{AB3F4B3A-3209-4F91-91A0-15247740176C}.Debug|x64.ActiveCfg = Debug|Any CPU
		{AB3F4B3A-3209-4F91-91A0-15247740176C}.Debug|x64.Build.0 = Debug|Any CPU
		{AB3F4B3A-3209-4F91-91A0-15247740176C}.Debug|x86.ActiveCfg = Debug|Any CPU
		{AB3F4B3A-3209-4F91-91A0-15247740176C}.Debug|x86.Build.0 = Debug|Any CPU
		{AB3F4B3A-3209-4F91-91A0-15247740176C}.Release|Any CPU.ActiveCfg = Release|Any CPU
		{AB3F4B3A-3209-4F91-91A0-15247740176C}.Release|Any CPU.Build.0 = Release|Any CPU
		{AB3F4B3A-3209-4F91-91A0-15247740176C}.Release|x64.ActiveCfg = Release|Any CPU
		{AB3F4B3A-3209-4F91-91A0-15247740176C}.Release|x64.Build.0 = Release|Any CPU
		{AB3F4B3A-3209-4F91-91A0-15247740176C}.Release|x86.ActiveCfg = Release|Any CPU
		{AB3F4B3A-3209-4F91-91A0-15247740176C}.Release|x86.Build.0 = Release|Any CPU
		{F43CB205-EBC3-4212-9EA6-94D932FDA9CB}.Debug|Any CPU.ActiveCfg = Debug|Any CPU
		{F43CB205-EBC3-4212-9EA6-94D932FDA9CB}.Debug|Any CPU.Build.0 = Debug|Any CPU
		{F43CB205-EBC3-4212-9EA6-94D932FDA9CB}.Debug|x64.ActiveCfg = Debug|Any CPU
		{F43CB205-EBC3-4212-9EA6-94D932FDA9CB}.Debug|x64.Build.0 = Debug|Any CPU
		{F43CB205-EBC3-4212-9EA6-94D932FDA9CB}.Debug|x86.ActiveCfg = Debug|Any CPU
		{F43CB205-EBC3-4212-9EA6-94D932FDA9CB}.Debug|x86.Build.0 = Debug|Any CPU
		{F43CB205-EBC3-4212-9EA6-94D932FDA9CB}.Release|Any CPU.ActiveCfg = Release|Any CPU
		{F43CB205-EBC3-4212-9EA6-94D932FDA9CB}.Release|Any CPU.Build.0 = Release|Any CPU
		{F43CB205-EBC3-4212-9EA6-94D932FDA9CB}.Release|x64.ActiveCfg = Release|Any CPU
		{F43CB205-EBC3-4212-9EA6-94D932FDA9CB}.Release|x64.Build.0 = Release|Any CPU
		{F43CB205-EBC3-4212-9EA6-94D932FDA9CB}.Release|x86.ActiveCfg = Release|Any CPU
		{F43CB205-EBC3-4212-9EA6-94D932FDA9CB}.Release|x86.Build.0 = Release|Any CPU
		{5C661D1F-E352-4B0A-B0F0-B1FDEB8E676B}.Debug|Any CPU.ActiveCfg = Debug|Any CPU
		{5C661D1F-E352-4B0A-B0F0-B1FDEB8E676B}.Debug|Any CPU.Build.0 = Debug|Any CPU
		{5C661D1F-E352-4B0A-B0F0-B1FDEB8E676B}.Debug|x64.ActiveCfg = Debug|Any CPU
		{5C661D1F-E352-4B0A-B0F0-B1FDEB8E676B}.Debug|x64.Build.0 = Debug|Any CPU
		{5C661D1F-E352-4B0A-B0F0-B1FDEB8E676B}.Debug|x86.ActiveCfg = Debug|Any CPU
		{5C661D1F-E352-4B0A-B0F0-B1FDEB8E676B}.Debug|x86.Build.0 = Debug|Any CPU
		{5C661D1F-E352-4B0A-B0F0-B1FDEB8E676B}.Release|Any CPU.ActiveCfg = Release|Any CPU
		{5C661D1F-E352-4B0A-B0F0-B1FDEB8E676B}.Release|Any CPU.Build.0 = Release|Any CPU
		{5C661D1F-E352-4B0A-B0F0-B1FDEB8E676B}.Release|x64.ActiveCfg = Release|Any CPU
		{5C661D1F-E352-4B0A-B0F0-B1FDEB8E676B}.Release|x64.Build.0 = Release|Any CPU
		{5C661D1F-E352-4B0A-B0F0-B1FDEB8E676B}.Release|x86.ActiveCfg = Release|Any CPU
		{5C661D1F-E352-4B0A-B0F0-B1FDEB8E676B}.Release|x86.Build.0 = Release|Any CPU
		{E52F5941-6BE6-451F-8334-5DC18425F592}.Debug|Any CPU.ActiveCfg = Debug|Any CPU
		{E52F5941-6BE6-451F-8334-5DC18425F592}.Debug|Any CPU.Build.0 = Debug|Any CPU
		{E52F5941-6BE6-451F-8334-5DC18425F592}.Debug|x64.ActiveCfg = Debug|Any CPU
		{E52F5941-6BE6-451F-8334-5DC18425F592}.Debug|x64.Build.0 = Debug|Any CPU
		{E52F5941-6BE6-451F-8334-5DC18425F592}.Debug|x86.ActiveCfg = Debug|Any CPU
		{E52F5941-6BE6-451F-8334-5DC18425F592}.Debug|x86.Build.0 = Debug|Any CPU
		{E52F5941-6BE6-451F-8334-5DC18425F592}.Release|Any CPU.ActiveCfg = Release|Any CPU
		{E52F5941-6BE6-451F-8334-5DC18425F592}.Release|Any CPU.Build.0 = Release|Any CPU
		{E52F5941-6BE6-451F-8334-5DC18425F592}.Release|x64.ActiveCfg = Release|Any CPU
		{E52F5941-6BE6-451F-8334-5DC18425F592}.Release|x64.Build.0 = Release|Any CPU
		{E52F5941-6BE6-451F-8334-5DC18425F592}.Release|x86.ActiveCfg = Release|Any CPU
		{E52F5941-6BE6-451F-8334-5DC18425F592}.Release|x86.Build.0 = Release|Any CPU
		{DD912C70-F7B7-4F23-A5FE-4E75A5E16732}.Debug|Any CPU.ActiveCfg = Debug|Any CPU
		{DD912C70-F7B7-4F23-A5FE-4E75A5E16732}.Debug|Any CPU.Build.0 = Debug|Any CPU
		{DD912C70-F7B7-4F23-A5FE-4E75A5E16732}.Debug|x64.ActiveCfg = Debug|Any CPU
		{DD912C70-F7B7-4F23-A5FE-4E75A5E16732}.Debug|x64.Build.0 = Debug|Any CPU
		{DD912C70-F7B7-4F23-A5FE-4E75A5E16732}.Debug|x86.ActiveCfg = Debug|Any CPU
		{DD912C70-F7B7-4F23-A5FE-4E75A5E16732}.Debug|x86.Build.0 = Debug|Any CPU
		{DD912C70-F7B7-4F23-A5FE-4E75A5E16732}.Release|Any CPU.ActiveCfg = Release|Any CPU
		{DD912C70-F7B7-4F23-A5FE-4E75A5E16732}.Release|Any CPU.Build.0 = Release|Any CPU
		{DD912C70-F7B7-4F23-A5FE-4E75A5E16732}.Release|x64.ActiveCfg = Release|Any CPU
		{DD912C70-F7B7-4F23-A5FE-4E75A5E16732}.Release|x64.Build.0 = Release|Any CPU
		{DD912C70-F7B7-4F23-A5FE-4E75A5E16732}.Release|x86.ActiveCfg = Release|Any CPU
		{DD912C70-F7B7-4F23-A5FE-4E75A5E16732}.Release|x86.Build.0 = Release|Any CPU
		{9FA466D6-AFB0-442A-AD4D-D11452CAEB35}.Debug|Any CPU.ActiveCfg = Debug|Any CPU
		{9FA466D6-AFB0-442A-AD4D-D11452CAEB35}.Debug|Any CPU.Build.0 = Debug|Any CPU
		{9FA466D6-AFB0-442A-AD4D-D11452CAEB35}.Debug|x64.ActiveCfg = Debug|Any CPU
		{9FA466D6-AFB0-442A-AD4D-D11452CAEB35}.Debug|x64.Build.0 = Debug|Any CPU
		{9FA466D6-AFB0-442A-AD4D-D11452CAEB35}.Debug|x86.ActiveCfg = Debug|Any CPU
		{9FA466D6-AFB0-442A-AD4D-D11452CAEB35}.Debug|x86.Build.0 = Debug|Any CPU
		{9FA466D6-AFB0-442A-AD4D-D11452CAEB35}.Release|Any CPU.ActiveCfg = Release|Any CPU
		{9FA466D6-AFB0-442A-AD4D-D11452CAEB35}.Release|Any CPU.Build.0 = Release|Any CPU
		{9FA466D6-AFB0-442A-AD4D-D11452CAEB35}.Release|x64.ActiveCfg = Release|Any CPU
		{9FA466D6-AFB0-442A-AD4D-D11452CAEB35}.Release|x64.Build.0 = Release|Any CPU
		{9FA466D6-AFB0-442A-AD4D-D11452CAEB35}.Release|x86.ActiveCfg = Release|Any CPU
		{9FA466D6-AFB0-442A-AD4D-D11452CAEB35}.Release|x86.Build.0 = Release|Any CPU
		{5B6669DE-EED3-489F-8547-89D4BEEE5911}.Debug|Any CPU.ActiveCfg = Debug|Any CPU
		{5B6669DE-EED3-489F-8547-89D4BEEE5911}.Debug|Any CPU.Build.0 = Debug|Any CPU
		{5B6669DE-EED3-489F-8547-89D4BEEE5911}.Debug|x64.ActiveCfg = Debug|Any CPU
		{5B6669DE-EED3-489F-8547-89D4BEEE5911}.Debug|x64.Build.0 = Debug|Any CPU
		{5B6669DE-EED3-489F-8547-89D4BEEE5911}.Debug|x86.ActiveCfg = Debug|Any CPU
		{5B6669DE-EED3-489F-8547-89D4BEEE5911}.Debug|x86.Build.0 = Debug|Any CPU
		{5B6669DE-EED3-489F-8547-89D4BEEE5911}.Release|Any CPU.ActiveCfg = Release|Any CPU
		{5B6669DE-EED3-489F-8547-89D4BEEE5911}.Release|Any CPU.Build.0 = Release|Any CPU
		{5B6669DE-EED3-489F-8547-89D4BEEE5911}.Release|x64.ActiveCfg = Release|Any CPU
		{5B6669DE-EED3-489F-8547-89D4BEEE5911}.Release|x64.Build.0 = Release|Any CPU
		{5B6669DE-EED3-489F-8547-89D4BEEE5911}.Release|x86.ActiveCfg = Release|Any CPU
		{5B6669DE-EED3-489F-8547-89D4BEEE5911}.Release|x86.Build.0 = Release|Any CPU
		{B4034F19-0ADA-4498-BDB9-141760B90E86}.Debug|Any CPU.ActiveCfg = Debug|Any CPU
		{B4034F19-0ADA-4498-BDB9-141760B90E86}.Debug|Any CPU.Build.0 = Debug|Any CPU
		{B4034F19-0ADA-4498-BDB9-141760B90E86}.Debug|x64.ActiveCfg = Debug|Any CPU
		{B4034F19-0ADA-4498-BDB9-141760B90E86}.Debug|x64.Build.0 = Debug|Any CPU
		{B4034F19-0ADA-4498-BDB9-141760B90E86}.Debug|x86.ActiveCfg = Debug|Any CPU
		{B4034F19-0ADA-4498-BDB9-141760B90E86}.Debug|x86.Build.0 = Debug|Any CPU
		{B4034F19-0ADA-4498-BDB9-141760B90E86}.Release|Any CPU.ActiveCfg = Release|Any CPU
		{B4034F19-0ADA-4498-BDB9-141760B90E86}.Release|Any CPU.Build.0 = Release|Any CPU
		{B4034F19-0ADA-4498-BDB9-141760B90E86}.Release|x64.ActiveCfg = Release|Any CPU
		{B4034F19-0ADA-4498-BDB9-141760B90E86}.Release|x64.Build.0 = Release|Any CPU
		{B4034F19-0ADA-4498-BDB9-141760B90E86}.Release|x86.ActiveCfg = Release|Any CPU
		{B4034F19-0ADA-4498-BDB9-141760B90E86}.Release|x86.Build.0 = Release|Any CPU
		{B1924E23-CBF0-420E-B900-F85CDB033BB7}.Debug|Any CPU.ActiveCfg = Debug|Any CPU
		{B1924E23-CBF0-420E-B900-F85CDB033BB7}.Debug|Any CPU.Build.0 = Debug|Any CPU
		{B1924E23-CBF0-420E-B900-F85CDB033BB7}.Debug|x64.ActiveCfg = Debug|Any CPU
		{B1924E23-CBF0-420E-B900-F85CDB033BB7}.Debug|x64.Build.0 = Debug|Any CPU
		{B1924E23-CBF0-420E-B900-F85CDB033BB7}.Debug|x86.ActiveCfg = Debug|Any CPU
		{B1924E23-CBF0-420E-B900-F85CDB033BB7}.Debug|x86.Build.0 = Debug|Any CPU
		{B1924E23-CBF0-420E-B900-F85CDB033BB7}.Release|Any CPU.ActiveCfg = Release|Any CPU
		{B1924E23-CBF0-420E-B900-F85CDB033BB7}.Release|Any CPU.Build.0 = Release|Any CPU
		{B1924E23-CBF0-420E-B900-F85CDB033BB7}.Release|x64.ActiveCfg = Release|Any CPU
		{B1924E23-CBF0-420E-B900-F85CDB033BB7}.Release|x64.Build.0 = Release|Any CPU
		{B1924E23-CBF0-420E-B900-F85CDB033BB7}.Release|x86.ActiveCfg = Release|Any CPU
		{B1924E23-CBF0-420E-B900-F85CDB033BB7}.Release|x86.Build.0 = Release|Any CPU
		{2067F054-3127-4B4E-81D0-7970197759BB}.Debug|Any CPU.ActiveCfg = Debug|Any CPU
		{2067F054-3127-4B4E-81D0-7970197759BB}.Debug|Any CPU.Build.0 = Debug|Any CPU
		{2067F054-3127-4B4E-81D0-7970197759BB}.Debug|x64.ActiveCfg = Debug|Any CPU
		{2067F054-3127-4B4E-81D0-7970197759BB}.Debug|x64.Build.0 = Debug|Any CPU
		{2067F054-3127-4B4E-81D0-7970197759BB}.Debug|x86.ActiveCfg = Debug|Any CPU
		{2067F054-3127-4B4E-81D0-7970197759BB}.Debug|x86.Build.0 = Debug|Any CPU
		{2067F054-3127-4B4E-81D0-7970197759BB}.Release|Any CPU.ActiveCfg = Release|Any CPU
		{2067F054-3127-4B4E-81D0-7970197759BB}.Release|Any CPU.Build.0 = Release|Any CPU
		{2067F054-3127-4B4E-81D0-7970197759BB}.Release|x64.ActiveCfg = Release|Any CPU
		{2067F054-3127-4B4E-81D0-7970197759BB}.Release|x64.Build.0 = Release|Any CPU
		{2067F054-3127-4B4E-81D0-7970197759BB}.Release|x86.ActiveCfg = Release|Any CPU
		{2067F054-3127-4B4E-81D0-7970197759BB}.Release|x86.Build.0 = Release|Any CPU
		{B6085F06-22B9-41C4-B688-C7F32BDFD54C}.Debug|Any CPU.ActiveCfg = Debug|Any CPU
		{B6085F06-22B9-41C4-B688-C7F32BDFD54C}.Debug|Any CPU.Build.0 = Debug|Any CPU
		{B6085F06-22B9-41C4-B688-C7F32BDFD54C}.Debug|x64.ActiveCfg = Debug|Any CPU
		{B6085F06-22B9-41C4-B688-C7F32BDFD54C}.Debug|x64.Build.0 = Debug|Any CPU
		{B6085F06-22B9-41C4-B688-C7F32BDFD54C}.Debug|x86.ActiveCfg = Debug|Any CPU
		{B6085F06-22B9-41C4-B688-C7F32BDFD54C}.Debug|x86.Build.0 = Debug|Any CPU
		{B6085F06-22B9-41C4-B688-C7F32BDFD54C}.Release|Any CPU.ActiveCfg = Release|Any CPU
		{B6085F06-22B9-41C4-B688-C7F32BDFD54C}.Release|Any CPU.Build.0 = Release|Any CPU
		{B6085F06-22B9-41C4-B688-C7F32BDFD54C}.Release|x64.ActiveCfg = Release|Any CPU
		{B6085F06-22B9-41C4-B688-C7F32BDFD54C}.Release|x64.Build.0 = Release|Any CPU
		{B6085F06-22B9-41C4-B688-C7F32BDFD54C}.Release|x86.ActiveCfg = Release|Any CPU
		{B6085F06-22B9-41C4-B688-C7F32BDFD54C}.Release|x86.Build.0 = Release|Any CPU
		{754FA0FC-FC23-420F-9428-1C6EF4192382}.Debug|Any CPU.ActiveCfg = Debug|Any CPU
		{754FA0FC-FC23-420F-9428-1C6EF4192382}.Debug|Any CPU.Build.0 = Debug|Any CPU
		{754FA0FC-FC23-420F-9428-1C6EF4192382}.Debug|x64.ActiveCfg = Debug|Any CPU
		{754FA0FC-FC23-420F-9428-1C6EF4192382}.Debug|x64.Build.0 = Debug|Any CPU
		{754FA0FC-FC23-420F-9428-1C6EF4192382}.Debug|x86.ActiveCfg = Debug|Any CPU
		{754FA0FC-FC23-420F-9428-1C6EF4192382}.Debug|x86.Build.0 = Debug|Any CPU
		{754FA0FC-FC23-420F-9428-1C6EF4192382}.Release|Any CPU.ActiveCfg = Release|Any CPU
		{754FA0FC-FC23-420F-9428-1C6EF4192382}.Release|Any CPU.Build.0 = Release|Any CPU
		{754FA0FC-FC23-420F-9428-1C6EF4192382}.Release|x64.ActiveCfg = Release|Any CPU
		{754FA0FC-FC23-420F-9428-1C6EF4192382}.Release|x64.Build.0 = Release|Any CPU
		{754FA0FC-FC23-420F-9428-1C6EF4192382}.Release|x86.ActiveCfg = Release|Any CPU
		{754FA0FC-FC23-420F-9428-1C6EF4192382}.Release|x86.Build.0 = Release|Any CPU
		{B628D80B-668C-4DD7-8877-5AFBA13AECE8}.Debug|Any CPU.ActiveCfg = Debug|Any CPU
		{B628D80B-668C-4DD7-8877-5AFBA13AECE8}.Debug|Any CPU.Build.0 = Debug|Any CPU
		{B628D80B-668C-4DD7-8877-5AFBA13AECE8}.Debug|x64.ActiveCfg = Debug|Any CPU
		{B628D80B-668C-4DD7-8877-5AFBA13AECE8}.Debug|x64.Build.0 = Debug|Any CPU
		{B628D80B-668C-4DD7-8877-5AFBA13AECE8}.Debug|x86.ActiveCfg = Debug|Any CPU
		{B628D80B-668C-4DD7-8877-5AFBA13AECE8}.Debug|x86.Build.0 = Debug|Any CPU
		{B628D80B-668C-4DD7-8877-5AFBA13AECE8}.Release|Any CPU.ActiveCfg = Release|Any CPU
		{B628D80B-668C-4DD7-8877-5AFBA13AECE8}.Release|Any CPU.Build.0 = Release|Any CPU
		{B628D80B-668C-4DD7-8877-5AFBA13AECE8}.Release|x64.ActiveCfg = Release|Any CPU
		{B628D80B-668C-4DD7-8877-5AFBA13AECE8}.Release|x64.Build.0 = Release|Any CPU
		{B628D80B-668C-4DD7-8877-5AFBA13AECE8}.Release|x86.ActiveCfg = Release|Any CPU
		{B628D80B-668C-4DD7-8877-5AFBA13AECE8}.Release|x86.Build.0 = Release|Any CPU
		{BE2B5381-8A07-4BCC-83AD-1402834093DC}.Debug|Any CPU.ActiveCfg = Debug|Any CPU
		{BE2B5381-8A07-4BCC-83AD-1402834093DC}.Debug|Any CPU.Build.0 = Debug|Any CPU
		{BE2B5381-8A07-4BCC-83AD-1402834093DC}.Debug|x64.ActiveCfg = Debug|Any CPU
		{BE2B5381-8A07-4BCC-83AD-1402834093DC}.Debug|x64.Build.0 = Debug|Any CPU
		{BE2B5381-8A07-4BCC-83AD-1402834093DC}.Debug|x86.ActiveCfg = Debug|Any CPU
		{BE2B5381-8A07-4BCC-83AD-1402834093DC}.Debug|x86.Build.0 = Debug|Any CPU
		{BE2B5381-8A07-4BCC-83AD-1402834093DC}.Release|Any CPU.ActiveCfg = Release|Any CPU
		{BE2B5381-8A07-4BCC-83AD-1402834093DC}.Release|Any CPU.Build.0 = Release|Any CPU
		{BE2B5381-8A07-4BCC-83AD-1402834093DC}.Release|x64.ActiveCfg = Release|Any CPU
		{BE2B5381-8A07-4BCC-83AD-1402834093DC}.Release|x64.Build.0 = Release|Any CPU
		{BE2B5381-8A07-4BCC-83AD-1402834093DC}.Release|x86.ActiveCfg = Release|Any CPU
		{BE2B5381-8A07-4BCC-83AD-1402834093DC}.Release|x86.Build.0 = Release|Any CPU
		{2FFF5691-8E8F-4C8A-B2EB-D54DEB8BF6BE}.Debug|Any CPU.ActiveCfg = Debug|Any CPU
		{2FFF5691-8E8F-4C8A-B2EB-D54DEB8BF6BE}.Debug|Any CPU.Build.0 = Debug|Any CPU
		{2FFF5691-8E8F-4C8A-B2EB-D54DEB8BF6BE}.Debug|x64.ActiveCfg = Debug|Any CPU
		{2FFF5691-8E8F-4C8A-B2EB-D54DEB8BF6BE}.Debug|x64.Build.0 = Debug|Any CPU
		{2FFF5691-8E8F-4C8A-B2EB-D54DEB8BF6BE}.Debug|x86.ActiveCfg = Debug|Any CPU
		{2FFF5691-8E8F-4C8A-B2EB-D54DEB8BF6BE}.Debug|x86.Build.0 = Debug|Any CPU
		{2FFF5691-8E8F-4C8A-B2EB-D54DEB8BF6BE}.Release|Any CPU.ActiveCfg = Release|Any CPU
		{2FFF5691-8E8F-4C8A-B2EB-D54DEB8BF6BE}.Release|Any CPU.Build.0 = Release|Any CPU
		{2FFF5691-8E8F-4C8A-B2EB-D54DEB8BF6BE}.Release|x64.ActiveCfg = Release|Any CPU
		{2FFF5691-8E8F-4C8A-B2EB-D54DEB8BF6BE}.Release|x64.Build.0 = Release|Any CPU
		{2FFF5691-8E8F-4C8A-B2EB-D54DEB8BF6BE}.Release|x86.ActiveCfg = Release|Any CPU
		{2FFF5691-8E8F-4C8A-B2EB-D54DEB8BF6BE}.Release|x86.Build.0 = Release|Any CPU
		{787DD035-A8AB-424E-9FF2-CADF3EE763F2}.Debug|Any CPU.ActiveCfg = Debug|Any CPU
		{787DD035-A8AB-424E-9FF2-CADF3EE763F2}.Debug|Any CPU.Build.0 = Debug|Any CPU
		{787DD035-A8AB-424E-9FF2-CADF3EE763F2}.Debug|x64.ActiveCfg = Debug|Any CPU
		{787DD035-A8AB-424E-9FF2-CADF3EE763F2}.Debug|x64.Build.0 = Debug|Any CPU
		{787DD035-A8AB-424E-9FF2-CADF3EE763F2}.Debug|x86.ActiveCfg = Debug|Any CPU
		{787DD035-A8AB-424E-9FF2-CADF3EE763F2}.Debug|x86.Build.0 = Debug|Any CPU
		{787DD035-A8AB-424E-9FF2-CADF3EE763F2}.Release|Any CPU.ActiveCfg = Release|Any CPU
		{787DD035-A8AB-424E-9FF2-CADF3EE763F2}.Release|Any CPU.Build.0 = Release|Any CPU
		{787DD035-A8AB-424E-9FF2-CADF3EE763F2}.Release|x64.ActiveCfg = Release|Any CPU
		{787DD035-A8AB-424E-9FF2-CADF3EE763F2}.Release|x64.Build.0 = Release|Any CPU
		{787DD035-A8AB-424E-9FF2-CADF3EE763F2}.Release|x86.ActiveCfg = Release|Any CPU
		{787DD035-A8AB-424E-9FF2-CADF3EE763F2}.Release|x86.Build.0 = Release|Any CPU
		{DBABB44B-BC6D-444C-8E27-152BCCF499A6}.Debug|Any CPU.ActiveCfg = Debug|Any CPU
		{DBABB44B-BC6D-444C-8E27-152BCCF499A6}.Debug|Any CPU.Build.0 = Debug|Any CPU
		{DBABB44B-BC6D-444C-8E27-152BCCF499A6}.Debug|x64.ActiveCfg = Debug|Any CPU
		{DBABB44B-BC6D-444C-8E27-152BCCF499A6}.Debug|x64.Build.0 = Debug|Any CPU
		{DBABB44B-BC6D-444C-8E27-152BCCF499A6}.Debug|x86.ActiveCfg = Debug|Any CPU
		{DBABB44B-BC6D-444C-8E27-152BCCF499A6}.Debug|x86.Build.0 = Debug|Any CPU
		{DBABB44B-BC6D-444C-8E27-152BCCF499A6}.Release|Any CPU.ActiveCfg = Release|Any CPU
		{DBABB44B-BC6D-444C-8E27-152BCCF499A6}.Release|Any CPU.Build.0 = Release|Any CPU
		{DBABB44B-BC6D-444C-8E27-152BCCF499A6}.Release|x64.ActiveCfg = Release|Any CPU
		{DBABB44B-BC6D-444C-8E27-152BCCF499A6}.Release|x64.Build.0 = Release|Any CPU
		{DBABB44B-BC6D-444C-8E27-152BCCF499A6}.Release|x86.ActiveCfg = Release|Any CPU
		{DBABB44B-BC6D-444C-8E27-152BCCF499A6}.Release|x86.Build.0 = Release|Any CPU
		{91708DD1-840A-42BA-972D-5206CF60F08D}.Debug|Any CPU.ActiveCfg = Debug|Any CPU
		{91708DD1-840A-42BA-972D-5206CF60F08D}.Debug|Any CPU.Build.0 = Debug|Any CPU
		{91708DD1-840A-42BA-972D-5206CF60F08D}.Debug|x64.ActiveCfg = Debug|Any CPU
		{91708DD1-840A-42BA-972D-5206CF60F08D}.Debug|x64.Build.0 = Debug|Any CPU
		{91708DD1-840A-42BA-972D-5206CF60F08D}.Debug|x86.ActiveCfg = Debug|Any CPU
		{91708DD1-840A-42BA-972D-5206CF60F08D}.Debug|x86.Build.0 = Debug|Any CPU
		{91708DD1-840A-42BA-972D-5206CF60F08D}.Release|Any CPU.ActiveCfg = Release|Any CPU
		{91708DD1-840A-42BA-972D-5206CF60F08D}.Release|Any CPU.Build.0 = Release|Any CPU
		{91708DD1-840A-42BA-972D-5206CF60F08D}.Release|x64.ActiveCfg = Release|Any CPU
		{91708DD1-840A-42BA-972D-5206CF60F08D}.Release|x64.Build.0 = Release|Any CPU
		{91708DD1-840A-42BA-972D-5206CF60F08D}.Release|x86.ActiveCfg = Release|Any CPU
		{91708DD1-840A-42BA-972D-5206CF60F08D}.Release|x86.Build.0 = Release|Any CPU
		{DB198DC3-BEB8-48CC-8369-21055F70FE0F}.Debug|Any CPU.ActiveCfg = Debug|Any CPU
		{DB198DC3-BEB8-48CC-8369-21055F70FE0F}.Debug|Any CPU.Build.0 = Debug|Any CPU
		{DB198DC3-BEB8-48CC-8369-21055F70FE0F}.Debug|x64.ActiveCfg = Debug|Any CPU
		{DB198DC3-BEB8-48CC-8369-21055F70FE0F}.Debug|x64.Build.0 = Debug|Any CPU
		{DB198DC3-BEB8-48CC-8369-21055F70FE0F}.Debug|x86.ActiveCfg = Debug|Any CPU
		{DB198DC3-BEB8-48CC-8369-21055F70FE0F}.Debug|x86.Build.0 = Debug|Any CPU
		{DB198DC3-BEB8-48CC-8369-21055F70FE0F}.Release|Any CPU.ActiveCfg = Release|Any CPU
		{DB198DC3-BEB8-48CC-8369-21055F70FE0F}.Release|Any CPU.Build.0 = Release|Any CPU
		{DB198DC3-BEB8-48CC-8369-21055F70FE0F}.Release|x64.ActiveCfg = Release|Any CPU
		{DB198DC3-BEB8-48CC-8369-21055F70FE0F}.Release|x64.Build.0 = Release|Any CPU
		{DB198DC3-BEB8-48CC-8369-21055F70FE0F}.Release|x86.ActiveCfg = Release|Any CPU
		{DB198DC3-BEB8-48CC-8369-21055F70FE0F}.Release|x86.Build.0 = Release|Any CPU
		{DDC3A301-17D3-4EE1-A264-27DE17823C28}.Debug|Any CPU.ActiveCfg = Debug|Any CPU
		{DDC3A301-17D3-4EE1-A264-27DE17823C28}.Debug|Any CPU.Build.0 = Debug|Any CPU
		{DDC3A301-17D3-4EE1-A264-27DE17823C28}.Debug|x64.ActiveCfg = Debug|Any CPU
		{DDC3A301-17D3-4EE1-A264-27DE17823C28}.Debug|x64.Build.0 = Debug|Any CPU
		{DDC3A301-17D3-4EE1-A264-27DE17823C28}.Debug|x86.ActiveCfg = Debug|Any CPU
		{DDC3A301-17D3-4EE1-A264-27DE17823C28}.Debug|x86.Build.0 = Debug|Any CPU
		{DDC3A301-17D3-4EE1-A264-27DE17823C28}.Release|Any CPU.ActiveCfg = Release|Any CPU
		{DDC3A301-17D3-4EE1-A264-27DE17823C28}.Release|Any CPU.Build.0 = Release|Any CPU
		{DDC3A301-17D3-4EE1-A264-27DE17823C28}.Release|x64.ActiveCfg = Release|Any CPU
		{DDC3A301-17D3-4EE1-A264-27DE17823C28}.Release|x64.Build.0 = Release|Any CPU
		{DDC3A301-17D3-4EE1-A264-27DE17823C28}.Release|x86.ActiveCfg = Release|Any CPU
		{DDC3A301-17D3-4EE1-A264-27DE17823C28}.Release|x86.Build.0 = Release|Any CPU
		{20F17580-E5A6-45C0-8CD2-73E0ED88F37A}.Debug|Any CPU.ActiveCfg = Debug|Any CPU
		{20F17580-E5A6-45C0-8CD2-73E0ED88F37A}.Debug|Any CPU.Build.0 = Debug|Any CPU
		{20F17580-E5A6-45C0-8CD2-73E0ED88F37A}.Debug|x64.ActiveCfg = Debug|Any CPU
		{20F17580-E5A6-45C0-8CD2-73E0ED88F37A}.Debug|x64.Build.0 = Debug|Any CPU
		{20F17580-E5A6-45C0-8CD2-73E0ED88F37A}.Debug|x86.ActiveCfg = Debug|Any CPU
		{20F17580-E5A6-45C0-8CD2-73E0ED88F37A}.Debug|x86.Build.0 = Debug|Any CPU
		{20F17580-E5A6-45C0-8CD2-73E0ED88F37A}.Release|Any CPU.ActiveCfg = Release|Any CPU
		{20F17580-E5A6-45C0-8CD2-73E0ED88F37A}.Release|Any CPU.Build.0 = Release|Any CPU
		{20F17580-E5A6-45C0-8CD2-73E0ED88F37A}.Release|x64.ActiveCfg = Release|Any CPU
		{20F17580-E5A6-45C0-8CD2-73E0ED88F37A}.Release|x64.Build.0 = Release|Any CPU
		{20F17580-E5A6-45C0-8CD2-73E0ED88F37A}.Release|x86.ActiveCfg = Release|Any CPU
		{20F17580-E5A6-45C0-8CD2-73E0ED88F37A}.Release|x86.Build.0 = Release|Any CPU
		{884E3049-084D-4A1F-AFDE-9162BDB1810D}.Debug|Any CPU.ActiveCfg = Debug|Any CPU
		{884E3049-084D-4A1F-AFDE-9162BDB1810D}.Debug|Any CPU.Build.0 = Debug|Any CPU
		{884E3049-084D-4A1F-AFDE-9162BDB1810D}.Debug|x64.ActiveCfg = Debug|Any CPU
		{884E3049-084D-4A1F-AFDE-9162BDB1810D}.Debug|x64.Build.0 = Debug|Any CPU
		{884E3049-084D-4A1F-AFDE-9162BDB1810D}.Debug|x86.ActiveCfg = Debug|Any CPU
		{884E3049-084D-4A1F-AFDE-9162BDB1810D}.Debug|x86.Build.0 = Debug|Any CPU
		{884E3049-084D-4A1F-AFDE-9162BDB1810D}.Release|Any CPU.ActiveCfg = Release|Any CPU
		{884E3049-084D-4A1F-AFDE-9162BDB1810D}.Release|Any CPU.Build.0 = Release|Any CPU
		{884E3049-084D-4A1F-AFDE-9162BDB1810D}.Release|x64.ActiveCfg = Release|Any CPU
		{884E3049-084D-4A1F-AFDE-9162BDB1810D}.Release|x64.Build.0 = Release|Any CPU
		{884E3049-084D-4A1F-AFDE-9162BDB1810D}.Release|x86.ActiveCfg = Release|Any CPU
		{884E3049-084D-4A1F-AFDE-9162BDB1810D}.Release|x86.Build.0 = Release|Any CPU
		{37204607-1F73-44EB-B7EC-21C3C8BC548F}.Debug|Any CPU.ActiveCfg = Debug|Any CPU
		{37204607-1F73-44EB-B7EC-21C3C8BC548F}.Debug|Any CPU.Build.0 = Debug|Any CPU
		{37204607-1F73-44EB-B7EC-21C3C8BC548F}.Debug|x64.ActiveCfg = Debug|Any CPU
		{37204607-1F73-44EB-B7EC-21C3C8BC548F}.Debug|x64.Build.0 = Debug|Any CPU
		{37204607-1F73-44EB-B7EC-21C3C8BC548F}.Debug|x86.ActiveCfg = Debug|Any CPU
		{37204607-1F73-44EB-B7EC-21C3C8BC548F}.Debug|x86.Build.0 = Debug|Any CPU
		{37204607-1F73-44EB-B7EC-21C3C8BC548F}.Release|Any CPU.ActiveCfg = Release|Any CPU
		{37204607-1F73-44EB-B7EC-21C3C8BC548F}.Release|Any CPU.Build.0 = Release|Any CPU
		{37204607-1F73-44EB-B7EC-21C3C8BC548F}.Release|x64.ActiveCfg = Release|Any CPU
		{37204607-1F73-44EB-B7EC-21C3C8BC548F}.Release|x64.Build.0 = Release|Any CPU
		{37204607-1F73-44EB-B7EC-21C3C8BC548F}.Release|x86.ActiveCfg = Release|Any CPU
		{37204607-1F73-44EB-B7EC-21C3C8BC548F}.Release|x86.Build.0 = Release|Any CPU
		{E3A8DB0D-1BCA-41A3-A088-E3512C418E51}.Debug|Any CPU.ActiveCfg = Debug|Any CPU
		{E3A8DB0D-1BCA-41A3-A088-E3512C418E51}.Debug|Any CPU.Build.0 = Debug|Any CPU
		{E3A8DB0D-1BCA-41A3-A088-E3512C418E51}.Debug|x64.ActiveCfg = Debug|Any CPU
		{E3A8DB0D-1BCA-41A3-A088-E3512C418E51}.Debug|x64.Build.0 = Debug|Any CPU
		{E3A8DB0D-1BCA-41A3-A088-E3512C418E51}.Debug|x86.ActiveCfg = Debug|Any CPU
		{E3A8DB0D-1BCA-41A3-A088-E3512C418E51}.Debug|x86.Build.0 = Debug|Any CPU
		{E3A8DB0D-1BCA-41A3-A088-E3512C418E51}.Release|Any CPU.ActiveCfg = Release|Any CPU
		{E3A8DB0D-1BCA-41A3-A088-E3512C418E51}.Release|Any CPU.Build.0 = Release|Any CPU
		{E3A8DB0D-1BCA-41A3-A088-E3512C418E51}.Release|x64.ActiveCfg = Release|Any CPU
		{E3A8DB0D-1BCA-41A3-A088-E3512C418E51}.Release|x64.Build.0 = Release|Any CPU
		{E3A8DB0D-1BCA-41A3-A088-E3512C418E51}.Release|x86.ActiveCfg = Release|Any CPU
		{E3A8DB0D-1BCA-41A3-A088-E3512C418E51}.Release|x86.Build.0 = Release|Any CPU
		{2F51D75B-ED98-4CFE-8399-529587E4B41C}.Debug|Any CPU.ActiveCfg = Debug|Any CPU
		{2F51D75B-ED98-4CFE-8399-529587E4B41C}.Debug|Any CPU.Build.0 = Debug|Any CPU
		{2F51D75B-ED98-4CFE-8399-529587E4B41C}.Debug|x64.ActiveCfg = Debug|Any CPU
		{2F51D75B-ED98-4CFE-8399-529587E4B41C}.Debug|x64.Build.0 = Debug|Any CPU
		{2F51D75B-ED98-4CFE-8399-529587E4B41C}.Debug|x86.ActiveCfg = Debug|Any CPU
		{2F51D75B-ED98-4CFE-8399-529587E4B41C}.Debug|x86.Build.0 = Debug|Any CPU
		{2F51D75B-ED98-4CFE-8399-529587E4B41C}.Release|Any CPU.ActiveCfg = Release|Any CPU
		{2F51D75B-ED98-4CFE-8399-529587E4B41C}.Release|Any CPU.Build.0 = Release|Any CPU
		{2F51D75B-ED98-4CFE-8399-529587E4B41C}.Release|x64.ActiveCfg = Release|Any CPU
		{2F51D75B-ED98-4CFE-8399-529587E4B41C}.Release|x64.Build.0 = Release|Any CPU
		{2F51D75B-ED98-4CFE-8399-529587E4B41C}.Release|x86.ActiveCfg = Release|Any CPU
		{2F51D75B-ED98-4CFE-8399-529587E4B41C}.Release|x86.Build.0 = Release|Any CPU
		{83592E93-7DA5-48A4-856A-D093F0A4AC58}.Debug|Any CPU.ActiveCfg = Debug|Any CPU
		{83592E93-7DA5-48A4-856A-D093F0A4AC58}.Debug|Any CPU.Build.0 = Debug|Any CPU
		{83592E93-7DA5-48A4-856A-D093F0A4AC58}.Debug|x64.ActiveCfg = Debug|Any CPU
		{83592E93-7DA5-48A4-856A-D093F0A4AC58}.Debug|x64.Build.0 = Debug|Any CPU
		{83592E93-7DA5-48A4-856A-D093F0A4AC58}.Debug|x86.ActiveCfg = Debug|Any CPU
		{83592E93-7DA5-48A4-856A-D093F0A4AC58}.Debug|x86.Build.0 = Debug|Any CPU
		{83592E93-7DA5-48A4-856A-D093F0A4AC58}.Release|Any CPU.ActiveCfg = Release|Any CPU
		{83592E93-7DA5-48A4-856A-D093F0A4AC58}.Release|Any CPU.Build.0 = Release|Any CPU
		{83592E93-7DA5-48A4-856A-D093F0A4AC58}.Release|x64.ActiveCfg = Release|Any CPU
		{83592E93-7DA5-48A4-856A-D093F0A4AC58}.Release|x64.Build.0 = Release|Any CPU
		{83592E93-7DA5-48A4-856A-D093F0A4AC58}.Release|x86.ActiveCfg = Release|Any CPU
		{83592E93-7DA5-48A4-856A-D093F0A4AC58}.Release|x86.Build.0 = Release|Any CPU
		{D6B95E1C-379F-42AB-A4EB-ECE8AE65DB1D}.Debug|Any CPU.ActiveCfg = Debug|Any CPU
		{D6B95E1C-379F-42AB-A4EB-ECE8AE65DB1D}.Debug|Any CPU.Build.0 = Debug|Any CPU
		{D6B95E1C-379F-42AB-A4EB-ECE8AE65DB1D}.Debug|x64.ActiveCfg = Debug|Any CPU
		{D6B95E1C-379F-42AB-A4EB-ECE8AE65DB1D}.Debug|x64.Build.0 = Debug|Any CPU
		{D6B95E1C-379F-42AB-A4EB-ECE8AE65DB1D}.Debug|x86.ActiveCfg = Debug|Any CPU
		{D6B95E1C-379F-42AB-A4EB-ECE8AE65DB1D}.Debug|x86.Build.0 = Debug|Any CPU
		{D6B95E1C-379F-42AB-A4EB-ECE8AE65DB1D}.Release|Any CPU.ActiveCfg = Release|Any CPU
		{D6B95E1C-379F-42AB-A4EB-ECE8AE65DB1D}.Release|Any CPU.Build.0 = Release|Any CPU
		{D6B95E1C-379F-42AB-A4EB-ECE8AE65DB1D}.Release|x64.ActiveCfg = Release|Any CPU
		{D6B95E1C-379F-42AB-A4EB-ECE8AE65DB1D}.Release|x64.Build.0 = Release|Any CPU
		{D6B95E1C-379F-42AB-A4EB-ECE8AE65DB1D}.Release|x86.ActiveCfg = Release|Any CPU
		{D6B95E1C-379F-42AB-A4EB-ECE8AE65DB1D}.Release|x86.Build.0 = Release|Any CPU
		{F59BFF9A-5457-4580-A92C-468500D8B199}.Debug|Any CPU.ActiveCfg = Debug|Any CPU
		{F59BFF9A-5457-4580-A92C-468500D8B199}.Debug|Any CPU.Build.0 = Debug|Any CPU
		{F59BFF9A-5457-4580-A92C-468500D8B199}.Debug|x64.ActiveCfg = Debug|Any CPU
		{F59BFF9A-5457-4580-A92C-468500D8B199}.Debug|x64.Build.0 = Debug|Any CPU
		{F59BFF9A-5457-4580-A92C-468500D8B199}.Debug|x86.ActiveCfg = Debug|Any CPU
		{F59BFF9A-5457-4580-A92C-468500D8B199}.Debug|x86.Build.0 = Debug|Any CPU
		{F59BFF9A-5457-4580-A92C-468500D8B199}.Release|Any CPU.ActiveCfg = Release|Any CPU
		{F59BFF9A-5457-4580-A92C-468500D8B199}.Release|Any CPU.Build.0 = Release|Any CPU
		{F59BFF9A-5457-4580-A92C-468500D8B199}.Release|x64.ActiveCfg = Release|Any CPU
		{F59BFF9A-5457-4580-A92C-468500D8B199}.Release|x64.Build.0 = Release|Any CPU
		{F59BFF9A-5457-4580-A92C-468500D8B199}.Release|x86.ActiveCfg = Release|Any CPU
		{F59BFF9A-5457-4580-A92C-468500D8B199}.Release|x86.Build.0 = Release|Any CPU
		{70321B83-F18B-4E17-A92B-D10580162D00}.Debug|Any CPU.ActiveCfg = Debug|Any CPU
		{70321B83-F18B-4E17-A92B-D10580162D00}.Debug|Any CPU.Build.0 = Debug|Any CPU
		{70321B83-F18B-4E17-A92B-D10580162D00}.Debug|x64.ActiveCfg = Debug|Any CPU
		{70321B83-F18B-4E17-A92B-D10580162D00}.Debug|x64.Build.0 = Debug|Any CPU
		{70321B83-F18B-4E17-A92B-D10580162D00}.Debug|x86.ActiveCfg = Debug|Any CPU
		{70321B83-F18B-4E17-A92B-D10580162D00}.Debug|x86.Build.0 = Debug|Any CPU
		{70321B83-F18B-4E17-A92B-D10580162D00}.Release|Any CPU.ActiveCfg = Release|Any CPU
		{70321B83-F18B-4E17-A92B-D10580162D00}.Release|Any CPU.Build.0 = Release|Any CPU
		{70321B83-F18B-4E17-A92B-D10580162D00}.Release|x64.ActiveCfg = Release|Any CPU
		{70321B83-F18B-4E17-A92B-D10580162D00}.Release|x64.Build.0 = Release|Any CPU
		{70321B83-F18B-4E17-A92B-D10580162D00}.Release|x86.ActiveCfg = Release|Any CPU
		{70321B83-F18B-4E17-A92B-D10580162D00}.Release|x86.Build.0 = Release|Any CPU
		{DEAE4FF3-97EE-4A80-967F-E2D378876DBD}.Debug|Any CPU.ActiveCfg = Debug|Any CPU
		{DEAE4FF3-97EE-4A80-967F-E2D378876DBD}.Debug|Any CPU.Build.0 = Debug|Any CPU
		{DEAE4FF3-97EE-4A80-967F-E2D378876DBD}.Debug|x64.ActiveCfg = Debug|Any CPU
		{DEAE4FF3-97EE-4A80-967F-E2D378876DBD}.Debug|x64.Build.0 = Debug|Any CPU
		{DEAE4FF3-97EE-4A80-967F-E2D378876DBD}.Debug|x86.ActiveCfg = Debug|Any CPU
		{DEAE4FF3-97EE-4A80-967F-E2D378876DBD}.Debug|x86.Build.0 = Debug|Any CPU
		{DEAE4FF3-97EE-4A80-967F-E2D378876DBD}.Release|Any CPU.ActiveCfg = Release|Any CPU
		{DEAE4FF3-97EE-4A80-967F-E2D378876DBD}.Release|Any CPU.Build.0 = Release|Any CPU
		{DEAE4FF3-97EE-4A80-967F-E2D378876DBD}.Release|x64.ActiveCfg = Release|Any CPU
		{DEAE4FF3-97EE-4A80-967F-E2D378876DBD}.Release|x64.Build.0 = Release|Any CPU
		{DEAE4FF3-97EE-4A80-967F-E2D378876DBD}.Release|x86.ActiveCfg = Release|Any CPU
		{DEAE4FF3-97EE-4A80-967F-E2D378876DBD}.Release|x86.Build.0 = Release|Any CPU
		{83CCEB8A-1B5E-4C28-9157-A5FF66132A7E}.Debug|Any CPU.ActiveCfg = Debug|Any CPU
		{83CCEB8A-1B5E-4C28-9157-A5FF66132A7E}.Debug|Any CPU.Build.0 = Debug|Any CPU
		{83CCEB8A-1B5E-4C28-9157-A5FF66132A7E}.Debug|x64.ActiveCfg = Debug|Any CPU
		{83CCEB8A-1B5E-4C28-9157-A5FF66132A7E}.Debug|x64.Build.0 = Debug|Any CPU
		{83CCEB8A-1B5E-4C28-9157-A5FF66132A7E}.Debug|x86.ActiveCfg = Debug|Any CPU
		{83CCEB8A-1B5E-4C28-9157-A5FF66132A7E}.Debug|x86.Build.0 = Debug|Any CPU
		{83CCEB8A-1B5E-4C28-9157-A5FF66132A7E}.Release|Any CPU.ActiveCfg = Release|Any CPU
		{83CCEB8A-1B5E-4C28-9157-A5FF66132A7E}.Release|Any CPU.Build.0 = Release|Any CPU
		{83CCEB8A-1B5E-4C28-9157-A5FF66132A7E}.Release|x64.ActiveCfg = Release|Any CPU
		{83CCEB8A-1B5E-4C28-9157-A5FF66132A7E}.Release|x64.Build.0 = Release|Any CPU
		{83CCEB8A-1B5E-4C28-9157-A5FF66132A7E}.Release|x86.ActiveCfg = Release|Any CPU
		{83CCEB8A-1B5E-4C28-9157-A5FF66132A7E}.Release|x86.Build.0 = Release|Any CPU
		{38A48806-49FE-4A40-B7B8-CAD41A2E2E42}.Debug|Any CPU.ActiveCfg = Debug|Any CPU
		{38A48806-49FE-4A40-B7B8-CAD41A2E2E42}.Debug|Any CPU.Build.0 = Debug|Any CPU
		{38A48806-49FE-4A40-B7B8-CAD41A2E2E42}.Debug|x64.ActiveCfg = Debug|Any CPU
		{38A48806-49FE-4A40-B7B8-CAD41A2E2E42}.Debug|x64.Build.0 = Debug|Any CPU
		{38A48806-49FE-4A40-B7B8-CAD41A2E2E42}.Debug|x86.ActiveCfg = Debug|Any CPU
		{38A48806-49FE-4A40-B7B8-CAD41A2E2E42}.Debug|x86.Build.0 = Debug|Any CPU
		{38A48806-49FE-4A40-B7B8-CAD41A2E2E42}.Release|Any CPU.ActiveCfg = Release|Any CPU
		{38A48806-49FE-4A40-B7B8-CAD41A2E2E42}.Release|Any CPU.Build.0 = Release|Any CPU
		{38A48806-49FE-4A40-B7B8-CAD41A2E2E42}.Release|x64.ActiveCfg = Release|Any CPU
		{38A48806-49FE-4A40-B7B8-CAD41A2E2E42}.Release|x64.Build.0 = Release|Any CPU
		{38A48806-49FE-4A40-B7B8-CAD41A2E2E42}.Release|x86.ActiveCfg = Release|Any CPU
		{38A48806-49FE-4A40-B7B8-CAD41A2E2E42}.Release|x86.Build.0 = Release|Any CPU
		{981CFCDF-22B2-4179-9054-6A672A8ACD0A}.Debug|Any CPU.ActiveCfg = Debug|Any CPU
		{981CFCDF-22B2-4179-9054-6A672A8ACD0A}.Debug|Any CPU.Build.0 = Debug|Any CPU
		{981CFCDF-22B2-4179-9054-6A672A8ACD0A}.Debug|x64.ActiveCfg = Debug|Any CPU
		{981CFCDF-22B2-4179-9054-6A672A8ACD0A}.Debug|x64.Build.0 = Debug|Any CPU
		{981CFCDF-22B2-4179-9054-6A672A8ACD0A}.Debug|x86.ActiveCfg = Debug|Any CPU
		{981CFCDF-22B2-4179-9054-6A672A8ACD0A}.Debug|x86.Build.0 = Debug|Any CPU
		{981CFCDF-22B2-4179-9054-6A672A8ACD0A}.Release|Any CPU.ActiveCfg = Release|Any CPU
		{981CFCDF-22B2-4179-9054-6A672A8ACD0A}.Release|Any CPU.Build.0 = Release|Any CPU
		{981CFCDF-22B2-4179-9054-6A672A8ACD0A}.Release|x64.ActiveCfg = Release|Any CPU
		{981CFCDF-22B2-4179-9054-6A672A8ACD0A}.Release|x64.Build.0 = Release|Any CPU
		{981CFCDF-22B2-4179-9054-6A672A8ACD0A}.Release|x86.ActiveCfg = Release|Any CPU
		{981CFCDF-22B2-4179-9054-6A672A8ACD0A}.Release|x86.Build.0 = Release|Any CPU
		{BEE8F69F-CCB4-427B-A2B2-A5985111C43A}.Debug|Any CPU.ActiveCfg = Debug|Any CPU
		{BEE8F69F-CCB4-427B-A2B2-A5985111C43A}.Debug|Any CPU.Build.0 = Debug|Any CPU
		{BEE8F69F-CCB4-427B-A2B2-A5985111C43A}.Debug|x64.ActiveCfg = Debug|Any CPU
		{BEE8F69F-CCB4-427B-A2B2-A5985111C43A}.Debug|x64.Build.0 = Debug|Any CPU
		{BEE8F69F-CCB4-427B-A2B2-A5985111C43A}.Debug|x86.ActiveCfg = Debug|Any CPU
		{BEE8F69F-CCB4-427B-A2B2-A5985111C43A}.Debug|x86.Build.0 = Debug|Any CPU
		{BEE8F69F-CCB4-427B-A2B2-A5985111C43A}.Release|Any CPU.ActiveCfg = Release|Any CPU
		{BEE8F69F-CCB4-427B-A2B2-A5985111C43A}.Release|Any CPU.Build.0 = Release|Any CPU
		{BEE8F69F-CCB4-427B-A2B2-A5985111C43A}.Release|x64.ActiveCfg = Release|Any CPU
		{BEE8F69F-CCB4-427B-A2B2-A5985111C43A}.Release|x64.Build.0 = Release|Any CPU
		{BEE8F69F-CCB4-427B-A2B2-A5985111C43A}.Release|x86.ActiveCfg = Release|Any CPU
		{BEE8F69F-CCB4-427B-A2B2-A5985111C43A}.Release|x86.Build.0 = Release|Any CPU
		{B9793522-F6D0-4FCB-B353-4530334D68A3}.Debug|Any CPU.ActiveCfg = Debug|Any CPU
		{B9793522-F6D0-4FCB-B353-4530334D68A3}.Debug|Any CPU.Build.0 = Debug|Any CPU
		{B9793522-F6D0-4FCB-B353-4530334D68A3}.Debug|x64.ActiveCfg = Debug|Any CPU
		{B9793522-F6D0-4FCB-B353-4530334D68A3}.Debug|x64.Build.0 = Debug|Any CPU
		{B9793522-F6D0-4FCB-B353-4530334D68A3}.Debug|x86.ActiveCfg = Debug|Any CPU
		{B9793522-F6D0-4FCB-B353-4530334D68A3}.Debug|x86.Build.0 = Debug|Any CPU
		{B9793522-F6D0-4FCB-B353-4530334D68A3}.Release|Any CPU.ActiveCfg = Release|Any CPU
		{B9793522-F6D0-4FCB-B353-4530334D68A3}.Release|Any CPU.Build.0 = Release|Any CPU
		{B9793522-F6D0-4FCB-B353-4530334D68A3}.Release|x64.ActiveCfg = Release|Any CPU
		{B9793522-F6D0-4FCB-B353-4530334D68A3}.Release|x64.Build.0 = Release|Any CPU
		{B9793522-F6D0-4FCB-B353-4530334D68A3}.Release|x86.ActiveCfg = Release|Any CPU
		{B9793522-F6D0-4FCB-B353-4530334D68A3}.Release|x86.Build.0 = Release|Any CPU
		{F244DF08-52DB-4FAE-AF48-69349CB854B8}.Debug|Any CPU.ActiveCfg = Debug|Any CPU
		{F244DF08-52DB-4FAE-AF48-69349CB854B8}.Debug|Any CPU.Build.0 = Debug|Any CPU
		{F244DF08-52DB-4FAE-AF48-69349CB854B8}.Debug|x64.ActiveCfg = Debug|Any CPU
		{F244DF08-52DB-4FAE-AF48-69349CB854B8}.Debug|x64.Build.0 = Debug|Any CPU
		{F244DF08-52DB-4FAE-AF48-69349CB854B8}.Debug|x86.ActiveCfg = Debug|Any CPU
		{F244DF08-52DB-4FAE-AF48-69349CB854B8}.Debug|x86.Build.0 = Debug|Any CPU
		{F244DF08-52DB-4FAE-AF48-69349CB854B8}.Release|Any CPU.ActiveCfg = Release|Any CPU
		{F244DF08-52DB-4FAE-AF48-69349CB854B8}.Release|Any CPU.Build.0 = Release|Any CPU
		{F244DF08-52DB-4FAE-AF48-69349CB854B8}.Release|x64.ActiveCfg = Release|Any CPU
		{F244DF08-52DB-4FAE-AF48-69349CB854B8}.Release|x64.Build.0 = Release|Any CPU
		{F244DF08-52DB-4FAE-AF48-69349CB854B8}.Release|x86.ActiveCfg = Release|Any CPU
		{F244DF08-52DB-4FAE-AF48-69349CB854B8}.Release|x86.Build.0 = Release|Any CPU
		{F30FE5D6-F951-43B5-8266-67AED61DB4FD}.Debug|Any CPU.ActiveCfg = Debug|Any CPU
		{F30FE5D6-F951-43B5-8266-67AED61DB4FD}.Debug|Any CPU.Build.0 = Debug|Any CPU
		{F30FE5D6-F951-43B5-8266-67AED61DB4FD}.Debug|x64.ActiveCfg = Debug|Any CPU
		{F30FE5D6-F951-43B5-8266-67AED61DB4FD}.Debug|x64.Build.0 = Debug|Any CPU
		{F30FE5D6-F951-43B5-8266-67AED61DB4FD}.Debug|x86.ActiveCfg = Debug|Any CPU
		{F30FE5D6-F951-43B5-8266-67AED61DB4FD}.Debug|x86.Build.0 = Debug|Any CPU
		{F30FE5D6-F951-43B5-8266-67AED61DB4FD}.Release|Any CPU.ActiveCfg = Release|Any CPU
		{F30FE5D6-F951-43B5-8266-67AED61DB4FD}.Release|Any CPU.Build.0 = Release|Any CPU
		{F30FE5D6-F951-43B5-8266-67AED61DB4FD}.Release|x64.ActiveCfg = Release|Any CPU
		{F30FE5D6-F951-43B5-8266-67AED61DB4FD}.Release|x64.Build.0 = Release|Any CPU
		{F30FE5D6-F951-43B5-8266-67AED61DB4FD}.Release|x86.ActiveCfg = Release|Any CPU
		{F30FE5D6-F951-43B5-8266-67AED61DB4FD}.Release|x86.Build.0 = Release|Any CPU
		{55DA4069-8AB8-438E-A15F-91245619C267}.Debug|Any CPU.ActiveCfg = Debug|Any CPU
		{55DA4069-8AB8-438E-A15F-91245619C267}.Debug|Any CPU.Build.0 = Debug|Any CPU
		{55DA4069-8AB8-438E-A15F-91245619C267}.Debug|x64.ActiveCfg = Debug|Any CPU
		{55DA4069-8AB8-438E-A15F-91245619C267}.Debug|x64.Build.0 = Debug|Any CPU
		{55DA4069-8AB8-438E-A15F-91245619C267}.Debug|x86.ActiveCfg = Debug|Any CPU
		{55DA4069-8AB8-438E-A15F-91245619C267}.Debug|x86.Build.0 = Debug|Any CPU
		{55DA4069-8AB8-438E-A15F-91245619C267}.Release|Any CPU.ActiveCfg = Release|Any CPU
		{55DA4069-8AB8-438E-A15F-91245619C267}.Release|Any CPU.Build.0 = Release|Any CPU
		{55DA4069-8AB8-438E-A15F-91245619C267}.Release|x64.ActiveCfg = Release|Any CPU
		{55DA4069-8AB8-438E-A15F-91245619C267}.Release|x64.Build.0 = Release|Any CPU
		{55DA4069-8AB8-438E-A15F-91245619C267}.Release|x86.ActiveCfg = Release|Any CPU
		{55DA4069-8AB8-438E-A15F-91245619C267}.Release|x86.Build.0 = Release|Any CPU
		{D01374DA-DE0E-488F-B3C6-74F2ACAF1F6B}.Debug|Any CPU.ActiveCfg = Debug|Any CPU
		{D01374DA-DE0E-488F-B3C6-74F2ACAF1F6B}.Debug|Any CPU.Build.0 = Debug|Any CPU
		{D01374DA-DE0E-488F-B3C6-74F2ACAF1F6B}.Debug|x64.ActiveCfg = Debug|Any CPU
		{D01374DA-DE0E-488F-B3C6-74F2ACAF1F6B}.Debug|x64.Build.0 = Debug|Any CPU
		{D01374DA-DE0E-488F-B3C6-74F2ACAF1F6B}.Debug|x86.ActiveCfg = Debug|Any CPU
		{D01374DA-DE0E-488F-B3C6-74F2ACAF1F6B}.Debug|x86.Build.0 = Debug|Any CPU
		{D01374DA-DE0E-488F-B3C6-74F2ACAF1F6B}.Release|Any CPU.ActiveCfg = Release|Any CPU
		{D01374DA-DE0E-488F-B3C6-74F2ACAF1F6B}.Release|Any CPU.Build.0 = Release|Any CPU
		{D01374DA-DE0E-488F-B3C6-74F2ACAF1F6B}.Release|x64.ActiveCfg = Release|Any CPU
		{D01374DA-DE0E-488F-B3C6-74F2ACAF1F6B}.Release|x64.Build.0 = Release|Any CPU
		{D01374DA-DE0E-488F-B3C6-74F2ACAF1F6B}.Release|x86.ActiveCfg = Release|Any CPU
		{D01374DA-DE0E-488F-B3C6-74F2ACAF1F6B}.Release|x86.Build.0 = Release|Any CPU
		{D2D6E2AD-E156-4197-A290-DCB3C560B471}.Debug|Any CPU.ActiveCfg = Debug|Any CPU
		{D2D6E2AD-E156-4197-A290-DCB3C560B471}.Debug|Any CPU.Build.0 = Debug|Any CPU
		{D2D6E2AD-E156-4197-A290-DCB3C560B471}.Debug|x64.ActiveCfg = Debug|Any CPU
		{D2D6E2AD-E156-4197-A290-DCB3C560B471}.Debug|x64.Build.0 = Debug|Any CPU
		{D2D6E2AD-E156-4197-A290-DCB3C560B471}.Debug|x86.ActiveCfg = Debug|Any CPU
		{D2D6E2AD-E156-4197-A290-DCB3C560B471}.Debug|x86.Build.0 = Debug|Any CPU
		{D2D6E2AD-E156-4197-A290-DCB3C560B471}.Release|Any CPU.ActiveCfg = Release|Any CPU
		{D2D6E2AD-E156-4197-A290-DCB3C560B471}.Release|Any CPU.Build.0 = Release|Any CPU
		{D2D6E2AD-E156-4197-A290-DCB3C560B471}.Release|x64.ActiveCfg = Release|Any CPU
		{D2D6E2AD-E156-4197-A290-DCB3C560B471}.Release|x64.Build.0 = Release|Any CPU
		{D2D6E2AD-E156-4197-A290-DCB3C560B471}.Release|x86.ActiveCfg = Release|Any CPU
		{D2D6E2AD-E156-4197-A290-DCB3C560B471}.Release|x86.Build.0 = Release|Any CPU
		{CFF15999-A334-49D4-996A-904381537E19}.Debug|Any CPU.ActiveCfg = Debug|Any CPU
		{CFF15999-A334-49D4-996A-904381537E19}.Debug|Any CPU.Build.0 = Debug|Any CPU
		{CFF15999-A334-49D4-996A-904381537E19}.Debug|x64.ActiveCfg = Debug|Any CPU
		{CFF15999-A334-49D4-996A-904381537E19}.Debug|x64.Build.0 = Debug|Any CPU
		{CFF15999-A334-49D4-996A-904381537E19}.Debug|x86.ActiveCfg = Debug|Any CPU
		{CFF15999-A334-49D4-996A-904381537E19}.Debug|x86.Build.0 = Debug|Any CPU
		{CFF15999-A334-49D4-996A-904381537E19}.Release|Any CPU.ActiveCfg = Release|Any CPU
		{CFF15999-A334-49D4-996A-904381537E19}.Release|Any CPU.Build.0 = Release|Any CPU
		{CFF15999-A334-49D4-996A-904381537E19}.Release|x64.ActiveCfg = Release|Any CPU
		{CFF15999-A334-49D4-996A-904381537E19}.Release|x64.Build.0 = Release|Any CPU
		{CFF15999-A334-49D4-996A-904381537E19}.Release|x86.ActiveCfg = Release|Any CPU
		{CFF15999-A334-49D4-996A-904381537E19}.Release|x86.Build.0 = Release|Any CPU
		{D0EC236E-8BAF-4DDA-A0C6-29EB7B2CD131}.Debug|Any CPU.ActiveCfg = Debug|Any CPU
		{D0EC236E-8BAF-4DDA-A0C6-29EB7B2CD131}.Debug|Any CPU.Build.0 = Debug|Any CPU
		{D0EC236E-8BAF-4DDA-A0C6-29EB7B2CD131}.Debug|x64.ActiveCfg = Debug|Any CPU
		{D0EC236E-8BAF-4DDA-A0C6-29EB7B2CD131}.Debug|x64.Build.0 = Debug|Any CPU
		{D0EC236E-8BAF-4DDA-A0C6-29EB7B2CD131}.Debug|x86.ActiveCfg = Debug|Any CPU
		{D0EC236E-8BAF-4DDA-A0C6-29EB7B2CD131}.Debug|x86.Build.0 = Debug|Any CPU
		{D0EC236E-8BAF-4DDA-A0C6-29EB7B2CD131}.Release|Any CPU.ActiveCfg = Release|Any CPU
		{D0EC236E-8BAF-4DDA-A0C6-29EB7B2CD131}.Release|Any CPU.Build.0 = Release|Any CPU
		{D0EC236E-8BAF-4DDA-A0C6-29EB7B2CD131}.Release|x64.ActiveCfg = Release|Any CPU
		{D0EC236E-8BAF-4DDA-A0C6-29EB7B2CD131}.Release|x64.Build.0 = Release|Any CPU
		{D0EC236E-8BAF-4DDA-A0C6-29EB7B2CD131}.Release|x86.ActiveCfg = Release|Any CPU
		{D0EC236E-8BAF-4DDA-A0C6-29EB7B2CD131}.Release|x86.Build.0 = Release|Any CPU
		{2BA3FD58-88E1-4E15-9374-674ACF8C17AD}.Debug|Any CPU.ActiveCfg = Debug|Any CPU
		{2BA3FD58-88E1-4E15-9374-674ACF8C17AD}.Debug|Any CPU.Build.0 = Debug|Any CPU
		{2BA3FD58-88E1-4E15-9374-674ACF8C17AD}.Debug|x64.ActiveCfg = Debug|Any CPU
		{2BA3FD58-88E1-4E15-9374-674ACF8C17AD}.Debug|x64.Build.0 = Debug|Any CPU
		{2BA3FD58-88E1-4E15-9374-674ACF8C17AD}.Debug|x86.ActiveCfg = Debug|Any CPU
		{2BA3FD58-88E1-4E15-9374-674ACF8C17AD}.Debug|x86.Build.0 = Debug|Any CPU
		{2BA3FD58-88E1-4E15-9374-674ACF8C17AD}.Release|Any CPU.ActiveCfg = Release|Any CPU
		{2BA3FD58-88E1-4E15-9374-674ACF8C17AD}.Release|Any CPU.Build.0 = Release|Any CPU
		{2BA3FD58-88E1-4E15-9374-674ACF8C17AD}.Release|x64.ActiveCfg = Release|Any CPU
		{2BA3FD58-88E1-4E15-9374-674ACF8C17AD}.Release|x64.Build.0 = Release|Any CPU
		{2BA3FD58-88E1-4E15-9374-674ACF8C17AD}.Release|x86.ActiveCfg = Release|Any CPU
		{2BA3FD58-88E1-4E15-9374-674ACF8C17AD}.Release|x86.Build.0 = Release|Any CPU
		{C60818EA-07D8-4E85-AD86-BF8F8A59590D}.Debug|Any CPU.ActiveCfg = Debug|Any CPU
		{C60818EA-07D8-4E85-AD86-BF8F8A59590D}.Debug|Any CPU.Build.0 = Debug|Any CPU
		{C60818EA-07D8-4E85-AD86-BF8F8A59590D}.Debug|x64.ActiveCfg = Debug|Any CPU
		{C60818EA-07D8-4E85-AD86-BF8F8A59590D}.Debug|x64.Build.0 = Debug|Any CPU
		{C60818EA-07D8-4E85-AD86-BF8F8A59590D}.Debug|x86.ActiveCfg = Debug|Any CPU
		{C60818EA-07D8-4E85-AD86-BF8F8A59590D}.Debug|x86.Build.0 = Debug|Any CPU
		{C60818EA-07D8-4E85-AD86-BF8F8A59590D}.Release|Any CPU.ActiveCfg = Release|Any CPU
		{C60818EA-07D8-4E85-AD86-BF8F8A59590D}.Release|Any CPU.Build.0 = Release|Any CPU
		{C60818EA-07D8-4E85-AD86-BF8F8A59590D}.Release|x64.ActiveCfg = Release|Any CPU
		{C60818EA-07D8-4E85-AD86-BF8F8A59590D}.Release|x64.Build.0 = Release|Any CPU
		{C60818EA-07D8-4E85-AD86-BF8F8A59590D}.Release|x86.ActiveCfg = Release|Any CPU
		{C60818EA-07D8-4E85-AD86-BF8F8A59590D}.Release|x86.Build.0 = Release|Any CPU
		{02601A8D-9F8C-4A85-929A-ED9FA5BF29FF}.Debug|Any CPU.ActiveCfg = Debug|Any CPU
		{02601A8D-9F8C-4A85-929A-ED9FA5BF29FF}.Debug|Any CPU.Build.0 = Debug|Any CPU
		{02601A8D-9F8C-4A85-929A-ED9FA5BF29FF}.Debug|x64.ActiveCfg = Debug|Any CPU
		{02601A8D-9F8C-4A85-929A-ED9FA5BF29FF}.Debug|x64.Build.0 = Debug|Any CPU
		{02601A8D-9F8C-4A85-929A-ED9FA5BF29FF}.Debug|x86.ActiveCfg = Debug|Any CPU
		{02601A8D-9F8C-4A85-929A-ED9FA5BF29FF}.Debug|x86.Build.0 = Debug|Any CPU
		{02601A8D-9F8C-4A85-929A-ED9FA5BF29FF}.Release|Any CPU.ActiveCfg = Release|Any CPU
		{02601A8D-9F8C-4A85-929A-ED9FA5BF29FF}.Release|Any CPU.Build.0 = Release|Any CPU
		{02601A8D-9F8C-4A85-929A-ED9FA5BF29FF}.Release|x64.ActiveCfg = Release|Any CPU
		{02601A8D-9F8C-4A85-929A-ED9FA5BF29FF}.Release|x64.Build.0 = Release|Any CPU
		{02601A8D-9F8C-4A85-929A-ED9FA5BF29FF}.Release|x86.ActiveCfg = Release|Any CPU
		{02601A8D-9F8C-4A85-929A-ED9FA5BF29FF}.Release|x86.Build.0 = Release|Any CPU
		{226AFA3B-706B-4FEB-8EF5-AEB94A6D9EFD}.Debug|Any CPU.ActiveCfg = Debug|Any CPU
		{226AFA3B-706B-4FEB-8EF5-AEB94A6D9EFD}.Debug|Any CPU.Build.0 = Debug|Any CPU
		{226AFA3B-706B-4FEB-8EF5-AEB94A6D9EFD}.Debug|x64.ActiveCfg = Debug|Any CPU
		{226AFA3B-706B-4FEB-8EF5-AEB94A6D9EFD}.Debug|x64.Build.0 = Debug|Any CPU
		{226AFA3B-706B-4FEB-8EF5-AEB94A6D9EFD}.Debug|x86.ActiveCfg = Debug|Any CPU
		{226AFA3B-706B-4FEB-8EF5-AEB94A6D9EFD}.Debug|x86.Build.0 = Debug|Any CPU
		{226AFA3B-706B-4FEB-8EF5-AEB94A6D9EFD}.Release|Any CPU.ActiveCfg = Release|Any CPU
		{226AFA3B-706B-4FEB-8EF5-AEB94A6D9EFD}.Release|Any CPU.Build.0 = Release|Any CPU
		{226AFA3B-706B-4FEB-8EF5-AEB94A6D9EFD}.Release|x64.ActiveCfg = Release|Any CPU
		{226AFA3B-706B-4FEB-8EF5-AEB94A6D9EFD}.Release|x64.Build.0 = Release|Any CPU
		{226AFA3B-706B-4FEB-8EF5-AEB94A6D9EFD}.Release|x86.ActiveCfg = Release|Any CPU
		{226AFA3B-706B-4FEB-8EF5-AEB94A6D9EFD}.Release|x86.Build.0 = Release|Any CPU
		{2F562358-8A02-4DB7-85EE-3FF879A009EA}.Debug|Any CPU.ActiveCfg = Debug|Any CPU
		{2F562358-8A02-4DB7-85EE-3FF879A009EA}.Debug|Any CPU.Build.0 = Debug|Any CPU
		{2F562358-8A02-4DB7-85EE-3FF879A009EA}.Debug|x64.ActiveCfg = Debug|Any CPU
		{2F562358-8A02-4DB7-85EE-3FF879A009EA}.Debug|x64.Build.0 = Debug|Any CPU
		{2F562358-8A02-4DB7-85EE-3FF879A009EA}.Debug|x86.ActiveCfg = Debug|Any CPU
		{2F562358-8A02-4DB7-85EE-3FF879A009EA}.Debug|x86.Build.0 = Debug|Any CPU
		{2F562358-8A02-4DB7-85EE-3FF879A009EA}.Release|Any CPU.ActiveCfg = Release|Any CPU
		{2F562358-8A02-4DB7-85EE-3FF879A009EA}.Release|Any CPU.Build.0 = Release|Any CPU
		{2F562358-8A02-4DB7-85EE-3FF879A009EA}.Release|x64.ActiveCfg = Release|Any CPU
		{2F562358-8A02-4DB7-85EE-3FF879A009EA}.Release|x64.Build.0 = Release|Any CPU
		{2F562358-8A02-4DB7-85EE-3FF879A009EA}.Release|x86.ActiveCfg = Release|Any CPU
		{2F562358-8A02-4DB7-85EE-3FF879A009EA}.Release|x86.Build.0 = Release|Any CPU
		{BA4C8851-24D1-4E04-8BA9-7B5568E9FD78}.Debug|Any CPU.ActiveCfg = Debug|Any CPU
		{BA4C8851-24D1-4E04-8BA9-7B5568E9FD78}.Debug|Any CPU.Build.0 = Debug|Any CPU
		{BA4C8851-24D1-4E04-8BA9-7B5568E9FD78}.Debug|x64.ActiveCfg = Debug|Any CPU
		{BA4C8851-24D1-4E04-8BA9-7B5568E9FD78}.Debug|x64.Build.0 = Debug|Any CPU
		{BA4C8851-24D1-4E04-8BA9-7B5568E9FD78}.Debug|x86.ActiveCfg = Debug|Any CPU
		{BA4C8851-24D1-4E04-8BA9-7B5568E9FD78}.Debug|x86.Build.0 = Debug|Any CPU
		{BA4C8851-24D1-4E04-8BA9-7B5568E9FD78}.Release|Any CPU.ActiveCfg = Release|Any CPU
		{BA4C8851-24D1-4E04-8BA9-7B5568E9FD78}.Release|Any CPU.Build.0 = Release|Any CPU
		{BA4C8851-24D1-4E04-8BA9-7B5568E9FD78}.Release|x64.ActiveCfg = Release|Any CPU
		{BA4C8851-24D1-4E04-8BA9-7B5568E9FD78}.Release|x64.Build.0 = Release|Any CPU
		{BA4C8851-24D1-4E04-8BA9-7B5568E9FD78}.Release|x86.ActiveCfg = Release|Any CPU
		{BA4C8851-24D1-4E04-8BA9-7B5568E9FD78}.Release|x86.Build.0 = Release|Any CPU
		{292282C4-D4F8-4A63-BA93-17DC70C45941}.Debug|Any CPU.ActiveCfg = Debug|Any CPU
		{292282C4-D4F8-4A63-BA93-17DC70C45941}.Debug|Any CPU.Build.0 = Debug|Any CPU
		{292282C4-D4F8-4A63-BA93-17DC70C45941}.Debug|x64.ActiveCfg = Debug|Any CPU
		{292282C4-D4F8-4A63-BA93-17DC70C45941}.Debug|x64.Build.0 = Debug|Any CPU
		{292282C4-D4F8-4A63-BA93-17DC70C45941}.Debug|x86.ActiveCfg = Debug|Any CPU
		{292282C4-D4F8-4A63-BA93-17DC70C45941}.Debug|x86.Build.0 = Debug|Any CPU
		{292282C4-D4F8-4A63-BA93-17DC70C45941}.Release|Any CPU.ActiveCfg = Release|Any CPU
		{292282C4-D4F8-4A63-BA93-17DC70C45941}.Release|Any CPU.Build.0 = Release|Any CPU
		{292282C4-D4F8-4A63-BA93-17DC70C45941}.Release|x64.ActiveCfg = Release|Any CPU
		{292282C4-D4F8-4A63-BA93-17DC70C45941}.Release|x64.Build.0 = Release|Any CPU
		{292282C4-D4F8-4A63-BA93-17DC70C45941}.Release|x86.ActiveCfg = Release|Any CPU
		{292282C4-D4F8-4A63-BA93-17DC70C45941}.Release|x86.Build.0 = Release|Any CPU
		{45BA7779-D20F-4361-99B3-472ECF09A908}.Debug|Any CPU.ActiveCfg = Debug|Any CPU
		{45BA7779-D20F-4361-99B3-472ECF09A908}.Debug|Any CPU.Build.0 = Debug|Any CPU
		{45BA7779-D20F-4361-99B3-472ECF09A908}.Debug|x64.ActiveCfg = Debug|Any CPU
		{45BA7779-D20F-4361-99B3-472ECF09A908}.Debug|x64.Build.0 = Debug|Any CPU
		{45BA7779-D20F-4361-99B3-472ECF09A908}.Debug|x86.ActiveCfg = Debug|Any CPU
		{45BA7779-D20F-4361-99B3-472ECF09A908}.Debug|x86.Build.0 = Debug|Any CPU
		{45BA7779-D20F-4361-99B3-472ECF09A908}.Release|Any CPU.ActiveCfg = Release|Any CPU
		{45BA7779-D20F-4361-99B3-472ECF09A908}.Release|Any CPU.Build.0 = Release|Any CPU
		{45BA7779-D20F-4361-99B3-472ECF09A908}.Release|x64.ActiveCfg = Release|Any CPU
		{45BA7779-D20F-4361-99B3-472ECF09A908}.Release|x64.Build.0 = Release|Any CPU
		{45BA7779-D20F-4361-99B3-472ECF09A908}.Release|x86.ActiveCfg = Release|Any CPU
		{45BA7779-D20F-4361-99B3-472ECF09A908}.Release|x86.Build.0 = Release|Any CPU
		{13AB389E-8520-4DDC-A9C8-DDA03868B9BE}.Debug|Any CPU.ActiveCfg = Debug|Any CPU
		{13AB389E-8520-4DDC-A9C8-DDA03868B9BE}.Debug|Any CPU.Build.0 = Debug|Any CPU
		{13AB389E-8520-4DDC-A9C8-DDA03868B9BE}.Debug|x64.ActiveCfg = Debug|Any CPU
		{13AB389E-8520-4DDC-A9C8-DDA03868B9BE}.Debug|x64.Build.0 = Debug|Any CPU
		{13AB389E-8520-4DDC-A9C8-DDA03868B9BE}.Debug|x86.ActiveCfg = Debug|Any CPU
		{13AB389E-8520-4DDC-A9C8-DDA03868B9BE}.Debug|x86.Build.0 = Debug|Any CPU
		{13AB389E-8520-4DDC-A9C8-DDA03868B9BE}.Release|Any CPU.ActiveCfg = Release|Any CPU
		{13AB389E-8520-4DDC-A9C8-DDA03868B9BE}.Release|Any CPU.Build.0 = Release|Any CPU
		{13AB389E-8520-4DDC-A9C8-DDA03868B9BE}.Release|x64.ActiveCfg = Release|Any CPU
		{13AB389E-8520-4DDC-A9C8-DDA03868B9BE}.Release|x64.Build.0 = Release|Any CPU
		{13AB389E-8520-4DDC-A9C8-DDA03868B9BE}.Release|x86.ActiveCfg = Release|Any CPU
		{13AB389E-8520-4DDC-A9C8-DDA03868B9BE}.Release|x86.Build.0 = Release|Any CPU
		{45F53838-ABB7-4C5E-9612-60F81680B6E8}.Debug|Any CPU.ActiveCfg = Debug|Any CPU
		{45F53838-ABB7-4C5E-9612-60F81680B6E8}.Debug|Any CPU.Build.0 = Debug|Any CPU
		{45F53838-ABB7-4C5E-9612-60F81680B6E8}.Debug|x64.ActiveCfg = Debug|Any CPU
		{45F53838-ABB7-4C5E-9612-60F81680B6E8}.Debug|x64.Build.0 = Debug|Any CPU
		{45F53838-ABB7-4C5E-9612-60F81680B6E8}.Debug|x86.ActiveCfg = Debug|Any CPU
		{45F53838-ABB7-4C5E-9612-60F81680B6E8}.Debug|x86.Build.0 = Debug|Any CPU
		{45F53838-ABB7-4C5E-9612-60F81680B6E8}.Release|Any CPU.ActiveCfg = Release|Any CPU
		{45F53838-ABB7-4C5E-9612-60F81680B6E8}.Release|Any CPU.Build.0 = Release|Any CPU
		{45F53838-ABB7-4C5E-9612-60F81680B6E8}.Release|x64.ActiveCfg = Release|Any CPU
		{45F53838-ABB7-4C5E-9612-60F81680B6E8}.Release|x64.Build.0 = Release|Any CPU
		{45F53838-ABB7-4C5E-9612-60F81680B6E8}.Release|x86.ActiveCfg = Release|Any CPU
		{45F53838-ABB7-4C5E-9612-60F81680B6E8}.Release|x86.Build.0 = Release|Any CPU
		{F0CC3431-1C40-45E1-97E4-7B4C741E26FB}.Debug|Any CPU.ActiveCfg = Debug|Any CPU
		{F0CC3431-1C40-45E1-97E4-7B4C741E26FB}.Debug|Any CPU.Build.0 = Debug|Any CPU
		{F0CC3431-1C40-45E1-97E4-7B4C741E26FB}.Debug|x64.ActiveCfg = Debug|Any CPU
		{F0CC3431-1C40-45E1-97E4-7B4C741E26FB}.Debug|x64.Build.0 = Debug|Any CPU
		{F0CC3431-1C40-45E1-97E4-7B4C741E26FB}.Debug|x86.ActiveCfg = Debug|Any CPU
		{F0CC3431-1C40-45E1-97E4-7B4C741E26FB}.Debug|x86.Build.0 = Debug|Any CPU
		{F0CC3431-1C40-45E1-97E4-7B4C741E26FB}.Release|Any CPU.ActiveCfg = Release|Any CPU
		{F0CC3431-1C40-45E1-97E4-7B4C741E26FB}.Release|Any CPU.Build.0 = Release|Any CPU
		{F0CC3431-1C40-45E1-97E4-7B4C741E26FB}.Release|x64.ActiveCfg = Release|Any CPU
		{F0CC3431-1C40-45E1-97E4-7B4C741E26FB}.Release|x64.Build.0 = Release|Any CPU
		{F0CC3431-1C40-45E1-97E4-7B4C741E26FB}.Release|x86.ActiveCfg = Release|Any CPU
		{F0CC3431-1C40-45E1-97E4-7B4C741E26FB}.Release|x86.Build.0 = Release|Any CPU
		{B4FBE9C0-2906-44A2-94E1-ECD13581530C}.Debug|Any CPU.ActiveCfg = Debug|Any CPU
		{B4FBE9C0-2906-44A2-94E1-ECD13581530C}.Debug|Any CPU.Build.0 = Debug|Any CPU
		{B4FBE9C0-2906-44A2-94E1-ECD13581530C}.Debug|x64.ActiveCfg = Debug|Any CPU
		{B4FBE9C0-2906-44A2-94E1-ECD13581530C}.Debug|x64.Build.0 = Debug|Any CPU
		{B4FBE9C0-2906-44A2-94E1-ECD13581530C}.Debug|x86.ActiveCfg = Debug|Any CPU
		{B4FBE9C0-2906-44A2-94E1-ECD13581530C}.Debug|x86.Build.0 = Debug|Any CPU
		{B4FBE9C0-2906-44A2-94E1-ECD13581530C}.Release|Any CPU.ActiveCfg = Release|Any CPU
		{B4FBE9C0-2906-44A2-94E1-ECD13581530C}.Release|Any CPU.Build.0 = Release|Any CPU
		{B4FBE9C0-2906-44A2-94E1-ECD13581530C}.Release|x64.ActiveCfg = Release|Any CPU
		{B4FBE9C0-2906-44A2-94E1-ECD13581530C}.Release|x64.Build.0 = Release|Any CPU
		{B4FBE9C0-2906-44A2-94E1-ECD13581530C}.Release|x86.ActiveCfg = Release|Any CPU
		{B4FBE9C0-2906-44A2-94E1-ECD13581530C}.Release|x86.Build.0 = Release|Any CPU
		{A6B61CCA-63E4-4188-9703-47886057E28C}.Debug|Any CPU.ActiveCfg = Debug|Any CPU
		{A6B61CCA-63E4-4188-9703-47886057E28C}.Debug|Any CPU.Build.0 = Debug|Any CPU
		{A6B61CCA-63E4-4188-9703-47886057E28C}.Debug|x64.ActiveCfg = Debug|Any CPU
		{A6B61CCA-63E4-4188-9703-47886057E28C}.Debug|x64.Build.0 = Debug|Any CPU
		{A6B61CCA-63E4-4188-9703-47886057E28C}.Debug|x86.ActiveCfg = Debug|Any CPU
		{A6B61CCA-63E4-4188-9703-47886057E28C}.Debug|x86.Build.0 = Debug|Any CPU
		{A6B61CCA-63E4-4188-9703-47886057E28C}.Release|Any CPU.ActiveCfg = Release|Any CPU
		{A6B61CCA-63E4-4188-9703-47886057E28C}.Release|Any CPU.Build.0 = Release|Any CPU
		{A6B61CCA-63E4-4188-9703-47886057E28C}.Release|x64.ActiveCfg = Release|Any CPU
		{A6B61CCA-63E4-4188-9703-47886057E28C}.Release|x64.Build.0 = Release|Any CPU
		{A6B61CCA-63E4-4188-9703-47886057E28C}.Release|x86.ActiveCfg = Release|Any CPU
		{A6B61CCA-63E4-4188-9703-47886057E28C}.Release|x86.Build.0 = Release|Any CPU
		{9EA0205C-BF31-453E-ABC3-4E0CE7D5F7F8}.Debug|Any CPU.ActiveCfg = Debug|Any CPU
		{9EA0205C-BF31-453E-ABC3-4E0CE7D5F7F8}.Debug|Any CPU.Build.0 = Debug|Any CPU
		{9EA0205C-BF31-453E-ABC3-4E0CE7D5F7F8}.Debug|x64.ActiveCfg = Debug|Any CPU
		{9EA0205C-BF31-453E-ABC3-4E0CE7D5F7F8}.Debug|x64.Build.0 = Debug|Any CPU
		{9EA0205C-BF31-453E-ABC3-4E0CE7D5F7F8}.Debug|x86.ActiveCfg = Debug|Any CPU
		{9EA0205C-BF31-453E-ABC3-4E0CE7D5F7F8}.Debug|x86.Build.0 = Debug|Any CPU
		{9EA0205C-BF31-453E-ABC3-4E0CE7D5F7F8}.Release|Any CPU.ActiveCfg = Release|Any CPU
		{9EA0205C-BF31-453E-ABC3-4E0CE7D5F7F8}.Release|Any CPU.Build.0 = Release|Any CPU
		{9EA0205C-BF31-453E-ABC3-4E0CE7D5F7F8}.Release|x64.ActiveCfg = Release|Any CPU
		{9EA0205C-BF31-453E-ABC3-4E0CE7D5F7F8}.Release|x64.Build.0 = Release|Any CPU
		{9EA0205C-BF31-453E-ABC3-4E0CE7D5F7F8}.Release|x86.ActiveCfg = Release|Any CPU
		{9EA0205C-BF31-453E-ABC3-4E0CE7D5F7F8}.Release|x86.Build.0 = Release|Any CPU
		{AFF0012F-01CC-49FE-AA23-0B9877AD3F6B}.Debug|Any CPU.ActiveCfg = Debug|Any CPU
		{AFF0012F-01CC-49FE-AA23-0B9877AD3F6B}.Debug|Any CPU.Build.0 = Debug|Any CPU
		{AFF0012F-01CC-49FE-AA23-0B9877AD3F6B}.Debug|x64.ActiveCfg = Debug|Any CPU
		{AFF0012F-01CC-49FE-AA23-0B9877AD3F6B}.Debug|x64.Build.0 = Debug|Any CPU
		{AFF0012F-01CC-49FE-AA23-0B9877AD3F6B}.Debug|x86.ActiveCfg = Debug|Any CPU
		{AFF0012F-01CC-49FE-AA23-0B9877AD3F6B}.Debug|x86.Build.0 = Debug|Any CPU
		{AFF0012F-01CC-49FE-AA23-0B9877AD3F6B}.Release|Any CPU.ActiveCfg = Release|Any CPU
		{AFF0012F-01CC-49FE-AA23-0B9877AD3F6B}.Release|Any CPU.Build.0 = Release|Any CPU
		{AFF0012F-01CC-49FE-AA23-0B9877AD3F6B}.Release|x64.ActiveCfg = Release|Any CPU
		{AFF0012F-01CC-49FE-AA23-0B9877AD3F6B}.Release|x64.Build.0 = Release|Any CPU
		{AFF0012F-01CC-49FE-AA23-0B9877AD3F6B}.Release|x86.ActiveCfg = Release|Any CPU
		{AFF0012F-01CC-49FE-AA23-0B9877AD3F6B}.Release|x86.Build.0 = Release|Any CPU
		{A4CB8C35-3E8B-42A4-9243-9F202126AD7C}.Debug|Any CPU.ActiveCfg = Debug|Any CPU
		{A4CB8C35-3E8B-42A4-9243-9F202126AD7C}.Debug|Any CPU.Build.0 = Debug|Any CPU
		{A4CB8C35-3E8B-42A4-9243-9F202126AD7C}.Debug|x64.ActiveCfg = Debug|Any CPU
		{A4CB8C35-3E8B-42A4-9243-9F202126AD7C}.Debug|x64.Build.0 = Debug|Any CPU
		{A4CB8C35-3E8B-42A4-9243-9F202126AD7C}.Debug|x86.ActiveCfg = Debug|Any CPU
		{A4CB8C35-3E8B-42A4-9243-9F202126AD7C}.Debug|x86.Build.0 = Debug|Any CPU
		{A4CB8C35-3E8B-42A4-9243-9F202126AD7C}.Release|Any CPU.ActiveCfg = Release|Any CPU
		{A4CB8C35-3E8B-42A4-9243-9F202126AD7C}.Release|Any CPU.Build.0 = Release|Any CPU
		{A4CB8C35-3E8B-42A4-9243-9F202126AD7C}.Release|x64.ActiveCfg = Release|Any CPU
		{A4CB8C35-3E8B-42A4-9243-9F202126AD7C}.Release|x64.Build.0 = Release|Any CPU
		{A4CB8C35-3E8B-42A4-9243-9F202126AD7C}.Release|x86.ActiveCfg = Release|Any CPU
		{A4CB8C35-3E8B-42A4-9243-9F202126AD7C}.Release|x86.Build.0 = Release|Any CPU
		{91E4AB39-B8AB-4BD4-A4D7-9819B33C60B0}.Debug|Any CPU.ActiveCfg = Debug|Any CPU
		{91E4AB39-B8AB-4BD4-A4D7-9819B33C60B0}.Debug|Any CPU.Build.0 = Debug|Any CPU
		{91E4AB39-B8AB-4BD4-A4D7-9819B33C60B0}.Debug|x64.ActiveCfg = Debug|Any CPU
		{91E4AB39-B8AB-4BD4-A4D7-9819B33C60B0}.Debug|x64.Build.0 = Debug|Any CPU
		{91E4AB39-B8AB-4BD4-A4D7-9819B33C60B0}.Debug|x86.ActiveCfg = Debug|Any CPU
		{91E4AB39-B8AB-4BD4-A4D7-9819B33C60B0}.Debug|x86.Build.0 = Debug|Any CPU
		{91E4AB39-B8AB-4BD4-A4D7-9819B33C60B0}.Release|Any CPU.ActiveCfg = Release|Any CPU
		{91E4AB39-B8AB-4BD4-A4D7-9819B33C60B0}.Release|Any CPU.Build.0 = Release|Any CPU
		{91E4AB39-B8AB-4BD4-A4D7-9819B33C60B0}.Release|x64.ActiveCfg = Release|Any CPU
		{91E4AB39-B8AB-4BD4-A4D7-9819B33C60B0}.Release|x64.Build.0 = Release|Any CPU
		{91E4AB39-B8AB-4BD4-A4D7-9819B33C60B0}.Release|x86.ActiveCfg = Release|Any CPU
		{91E4AB39-B8AB-4BD4-A4D7-9819B33C60B0}.Release|x86.Build.0 = Release|Any CPU
		{80C7ABB8-BE41-4BA9-8FAA-FF14CDAAE2E6}.Debug|Any CPU.ActiveCfg = Debug|Any CPU
		{80C7ABB8-BE41-4BA9-8FAA-FF14CDAAE2E6}.Debug|Any CPU.Build.0 = Debug|Any CPU
		{80C7ABB8-BE41-4BA9-8FAA-FF14CDAAE2E6}.Debug|x64.ActiveCfg = Debug|Any CPU
		{80C7ABB8-BE41-4BA9-8FAA-FF14CDAAE2E6}.Debug|x64.Build.0 = Debug|Any CPU
		{80C7ABB8-BE41-4BA9-8FAA-FF14CDAAE2E6}.Debug|x86.ActiveCfg = Debug|Any CPU
		{80C7ABB8-BE41-4BA9-8FAA-FF14CDAAE2E6}.Debug|x86.Build.0 = Debug|Any CPU
		{80C7ABB8-BE41-4BA9-8FAA-FF14CDAAE2E6}.Release|Any CPU.ActiveCfg = Release|Any CPU
		{80C7ABB8-BE41-4BA9-8FAA-FF14CDAAE2E6}.Release|Any CPU.Build.0 = Release|Any CPU
		{80C7ABB8-BE41-4BA9-8FAA-FF14CDAAE2E6}.Release|x64.ActiveCfg = Release|Any CPU
		{80C7ABB8-BE41-4BA9-8FAA-FF14CDAAE2E6}.Release|x64.Build.0 = Release|Any CPU
		{80C7ABB8-BE41-4BA9-8FAA-FF14CDAAE2E6}.Release|x86.ActiveCfg = Release|Any CPU
		{80C7ABB8-BE41-4BA9-8FAA-FF14CDAAE2E6}.Release|x86.Build.0 = Release|Any CPU
		{47CD7C3B-EE72-40BC-8A58-9ACFFAC9C342}.Debug|Any CPU.ActiveCfg = Debug|Any CPU
		{47CD7C3B-EE72-40BC-8A58-9ACFFAC9C342}.Debug|Any CPU.Build.0 = Debug|Any CPU
		{47CD7C3B-EE72-40BC-8A58-9ACFFAC9C342}.Debug|x64.ActiveCfg = Debug|Any CPU
		{47CD7C3B-EE72-40BC-8A58-9ACFFAC9C342}.Debug|x64.Build.0 = Debug|Any CPU
		{47CD7C3B-EE72-40BC-8A58-9ACFFAC9C342}.Debug|x86.ActiveCfg = Debug|Any CPU
		{47CD7C3B-EE72-40BC-8A58-9ACFFAC9C342}.Debug|x86.Build.0 = Debug|Any CPU
		{47CD7C3B-EE72-40BC-8A58-9ACFFAC9C342}.Release|Any CPU.ActiveCfg = Release|Any CPU
		{47CD7C3B-EE72-40BC-8A58-9ACFFAC9C342}.Release|Any CPU.Build.0 = Release|Any CPU
		{47CD7C3B-EE72-40BC-8A58-9ACFFAC9C342}.Release|x64.ActiveCfg = Release|Any CPU
		{47CD7C3B-EE72-40BC-8A58-9ACFFAC9C342}.Release|x64.Build.0 = Release|Any CPU
		{47CD7C3B-EE72-40BC-8A58-9ACFFAC9C342}.Release|x86.ActiveCfg = Release|Any CPU
		{47CD7C3B-EE72-40BC-8A58-9ACFFAC9C342}.Release|x86.Build.0 = Release|Any CPU
	EndGlobalSection
	GlobalSection(SolutionProperties) = preSolution
		HideSolutionNode = FALSE
	EndGlobalSection
	GlobalSection(NestedProjects) = preSolution
		{A1B2C3D4-E5F6-7890-ABCD-EF1234567890} = {827E0CD3-B72D-47B6-A68D-7590B98EB39B}
		{B2C3D4E5-F678-90AB-CDEF-123456789012} = {0AB3BF05-4346-4AA6-1389-037BE0695223}
		{58DB8BF7-812B-4EC9-AA55-BE53293D9435} = {0AB3BF05-4346-4AA6-1389-037BE0695223}
		{BFD93F52-3359-47CB-B465-90CA318E6F18} = {A2DE1C62-6800-1912-8FF3-058E1AB76B91}
		{C599A975-EFE2-46A1-8E7A-86B4488A10EE} = {827E0CD3-B72D-47B6-A68D-7590B98EB39B}
		{EB624F51-C414-4977-91AC-0B73A6E0AC26} = {827E0CD3-B72D-47B6-A68D-7590B98EB39B}
		{C28ADF49-FC27-49B1-AA57-323521BBC758} = {0AB3BF05-4346-4AA6-1389-037BE0695223}
		{3D7D67F8-B145-42ED-B981-7DE39CE68F6C} = {0AB3BF05-4346-4AA6-1389-037BE0695223}
		{AB3F4B3A-3209-4F91-91A0-15247740176C} = {0AB3BF05-4346-4AA6-1389-037BE0695223}
		{F43CB205-EBC3-4212-9EA6-94D932FDA9CB} = {827E0CD3-B72D-47B6-A68D-7590B98EB39B}
		{5C661D1F-E352-4B0A-B0F0-B1FDEB8E676B} = {A2DE1C62-6800-1912-8FF3-058E1AB76B91}
		{E52F5941-6BE6-451F-8334-5DC18425F592} = {0AB3BF05-4346-4AA6-1389-037BE0695223}
		{DD912C70-F7B7-4F23-A5FE-4E75A5E16732} = {827E0CD3-B72D-47B6-A68D-7590B98EB39B}
		{9FA466D6-AFB0-442A-AD4D-D11452CAEB35} = {827E0CD3-B72D-47B6-A68D-7590B98EB39B}
		{5B6669DE-EED3-489F-8547-89D4BEEE5911} = {827E0CD3-B72D-47B6-A68D-7590B98EB39B}
		{B4034F19-0ADA-4498-BDB9-141760B90E86} = {0AB3BF05-4346-4AA6-1389-037BE0695223}
		{B1924E23-CBF0-420E-B900-F85CDB033BB7} = {0AB3BF05-4346-4AA6-1389-037BE0695223}
		{2067F054-3127-4B4E-81D0-7970197759BB} = {827E0CD3-B72D-47B6-A68D-7590B98EB39B}
		{B6085F06-22B9-41C4-B688-C7F32BDFD54C} = {827E0CD3-B72D-47B6-A68D-7590B98EB39B}
		{754FA0FC-FC23-420F-9428-1C6EF4192382} = {827E0CD3-B72D-47B6-A68D-7590B98EB39B}
		{B628D80B-668C-4DD7-8877-5AFBA13AECE8} = {827E0CD3-B72D-47B6-A68D-7590B98EB39B}
		{BE2B5381-8A07-4BCC-83AD-1402834093DC} = {827E0CD3-B72D-47B6-A68D-7590B98EB39B}
		{D6B81CD8-0532-5B14-2E42-539A02FCA640} = {07C2787E-EAC7-C090-1BA3-A61EC2A24D84}
		{2FFF5691-8E8F-4C8A-B2EB-D54DEB8BF6BE} = {D6B81CD8-0532-5B14-2E42-539A02FCA640}
		{3B46649D-B19F-5978-574B-B10EB273E7DA} = {07C2787E-EAC7-C090-1BA3-A61EC2A24D84}
		{787DD035-A8AB-424E-9FF2-CADF3EE763F2} = {3B46649D-B19F-5978-574B-B10EB273E7DA}
		{DBABB44B-BC6D-444C-8E27-152BCCF499A6} = {0AB3BF05-4346-4AA6-1389-037BE0695223}
		{91708DD1-840A-42BA-972D-5206CF60F08D} = {827E0CD3-B72D-47B6-A68D-7590B98EB39B}
		{DB198DC3-BEB8-48CC-8369-21055F70FE0F} = {0AB3BF05-4346-4AA6-1389-037BE0695223}
		{DDC3A301-17D3-4EE1-A264-27DE17823C28} = {0AB3BF05-4346-4AA6-1389-037BE0695223}
		{20F17580-E5A6-45C0-8CD2-73E0ED88F37A} = {0AB3BF05-4346-4AA6-1389-037BE0695223}
		{884E3049-084D-4A1F-AFDE-9162BDB1810D} = {827E0CD3-B72D-47B6-A68D-7590B98EB39B}
		{726A192F-BB96-8068-A17B-9AFEAC715481} = {07C2787E-EAC7-C090-1BA3-A61EC2A24D84}
		{37204607-1F73-44EB-B7EC-21C3C8BC548F} = {726A192F-BB96-8068-A17B-9AFEAC715481}
		{E3A8DB0D-1BCA-41A3-A088-E3512C418E51} = {827E0CD3-B72D-47B6-A68D-7590B98EB39B}
		{2F51D75B-ED98-4CFE-8399-529587E4B41C} = {827E0CD3-B72D-47B6-A68D-7590B98EB39B}
		{83592E93-7DA5-48A4-856A-D093F0A4AC58} = {A2DE1C62-6800-1912-8FF3-058E1AB76B91}
		{D6B95E1C-379F-42AB-A4EB-ECE8AE65DB1D} = {A2DE1C62-6800-1912-8FF3-058E1AB76B91}
		{F59BFF9A-5457-4580-A92C-468500D8B199} = {0AB3BF05-4346-4AA6-1389-037BE0695223}
		{70321B83-F18B-4E17-A92B-D10580162D00} = {0AB3BF05-4346-4AA6-1389-037BE0695223}
		{DEAE4FF3-97EE-4A80-967F-E2D378876DBD} = {0AB3BF05-4346-4AA6-1389-037BE0695223}
		{83CCEB8A-1B5E-4C28-9157-A5FF66132A7E} = {0AB3BF05-4346-4AA6-1389-037BE0695223}
		{38A48806-49FE-4A40-B7B8-CAD41A2E2E42} = {0AB3BF05-4346-4AA6-1389-037BE0695223}
		{981CFCDF-22B2-4179-9054-6A672A8ACD0A} = {0AB3BF05-4346-4AA6-1389-037BE0695223}
		{BEE8F69F-CCB4-427B-A2B2-A5985111C43A} = {0AB3BF05-4346-4AA6-1389-037BE0695223}
		{B9793522-F6D0-4FCB-B353-4530334D68A3} = {5D20AA90-6969-D8BD-9DCD-8634F4692FDA}
		{F244DF08-52DB-4FAE-AF48-69349CB854B8} = {5D20AA90-6969-D8BD-9DCD-8634F4692FDA}
		{F30FE5D6-F951-43B5-8266-67AED61DB4FD} = {5D20AA90-6969-D8BD-9DCD-8634F4692FDA}
		{55DA4069-8AB8-438E-A15F-91245619C267} = {0AB3BF05-4346-4AA6-1389-037BE0695223}
		{D01374DA-DE0E-488F-B3C6-74F2ACAF1F6B} = {0AB3BF05-4346-4AA6-1389-037BE0695223}
		{D2D6E2AD-E156-4197-A290-DCB3C560B471} = {0AB3BF05-4346-4AA6-1389-037BE0695223}
		{CFF15999-A334-49D4-996A-904381537E19} = {0AB3BF05-4346-4AA6-1389-037BE0695223}
		{D0EC236E-8BAF-4DDA-A0C6-29EB7B2CD131} = {07C2787E-EAC7-C090-1BA3-A61EC2A24D84}
		{2BA3FD58-88E1-4E15-9374-674ACF8C17AD} = {0AB3BF05-4346-4AA6-1389-037BE0695223}
		{94530CAA-8B18-6EF1-8730-BE5B30970E4D} = {07C2787E-EAC7-C090-1BA3-A61EC2A24D84}
		{C60818EA-07D8-4E85-AD86-BF8F8A59590D} = {94530CAA-8B18-6EF1-8730-BE5B30970E4D}
		{C6705FE3-F3A3-645D-7CAD-2FBEE25A7060} = {07C2787E-EAC7-C090-1BA3-A61EC2A24D84}
		{02601A8D-9F8C-4A85-929A-ED9FA5BF29FF} = {C6705FE3-F3A3-645D-7CAD-2FBEE25A7060}
		{226AFA3B-706B-4FEB-8EF5-AEB94A6D9EFD} = {07C2787E-EAC7-C090-1BA3-A61EC2A24D84}
		{2F562358-8A02-4DB7-85EE-3FF879A009EA} = {07C2787E-EAC7-C090-1BA3-A61EC2A24D84}
		{00F4D15B-4640-F6F3-EE79-9DC5A12BE52F} = {07C2787E-EAC7-C090-1BA3-A61EC2A24D84}
		{BA4C8851-24D1-4E04-8BA9-7B5568E9FD78} = {00F4D15B-4640-F6F3-EE79-9DC5A12BE52F}
		{292282C4-D4F8-4A63-BA93-17DC70C45941} = {07C2787E-EAC7-C090-1BA3-A61EC2A24D84}
		{061042B2-6724-10A4-E1E3-181C99AD5338} = {07C2787E-EAC7-C090-1BA3-A61EC2A24D84}
		{45BA7779-D20F-4361-99B3-472ECF09A908} = {061042B2-6724-10A4-E1E3-181C99AD5338}
		{13AB389E-8520-4DDC-A9C8-DDA03868B9BE} = {760AB15A-8938-8D9B-BEDE-5CE1484B84C3}
		{45F53838-ABB7-4C5E-9612-60F81680B6E8} = {760AB15A-8938-8D9B-BEDE-5CE1484B84C3}
		{F0CC3431-1C40-45E1-97E4-7B4C741E26FB} = {760AB15A-8938-8D9B-BEDE-5CE1484B84C3}
		{B4FBE9C0-2906-44A2-94E1-ECD13581530C} = {760AB15A-8938-8D9B-BEDE-5CE1484B84C3}
		{A6B61CCA-63E4-4188-9703-47886057E28C} = {760AB15A-8938-8D9B-BEDE-5CE1484B84C3}
		{9EA0205C-BF31-453E-ABC3-4E0CE7D5F7F8} = {760AB15A-8938-8D9B-BEDE-5CE1484B84C3}
		{AFF0012F-01CC-49FE-AA23-0B9877AD3F6B} = {760AB15A-8938-8D9B-BEDE-5CE1484B84C3}
		{A4CB8C35-3E8B-42A4-9243-9F202126AD7C} = {A0C999E4-D4D5-A357-D053-95D43A9F45C8}
		{91E4AB39-B8AB-4BD4-A4D7-9819B33C60B0} = {827E0CD3-B72D-47B6-A68D-7590B98EB39B}
		{80C7ABB8-BE41-4BA9-8FAA-FF14CDAAE2E6} = {0AB3BF05-4346-4AA6-1389-037BE0695223}
		{47CD7C3B-EE72-40BC-8A58-9ACFFAC9C342} = {760AB15A-8938-8D9B-BEDE-5CE1484B84C3}
	EndGlobalSection
EndGlobal
